// !$*UTF8*$!
{
	archiveVersion = 1;
	classes = {
	};
	objectVersion = 70;
	objects = {

/* Begin PBXBuildFile section */
		2A02EF292C4A386500E21A6E /* TagTestingCell.swift in Sources */ = {isa = PBXBuildFile; fileRef = 2A02EF272C4A386500E21A6E /* TagTestingCell.swift */; };
		2A02EF2A2C4A386500E21A6E /* TagTestingCell.xib in Resources */ = {isa = PBXBuildFile; fileRef = 2A02EF282C4A386500E21A6E /* TagTestingCell.xib */; };
		2A034E832C75879C00668F02 /* Tag.swift in Sources */ = {isa = PBXBuildFile; fileRef = 2A034E822C75879C00668F02 /* Tag.swift */; };
		2A034E852C75902D00668F02 /* TranslationPair.swift in Sources */ = {isa = PBXBuildFile; fileRef = 2A034E842C75902D00668F02 /* TranslationPair.swift */; };
		2A034F7D2C3682C800AEDA65 /* CustomNumberTagView.xib in Resources */ = {isa = PBXBuildFile; fileRef = 2A034F7C2C3682C800AEDA65 /* CustomNumberTagView.xib */; };
		2A034F812C37CCB600AEDA65 /* CustomNumberTagView.swift in Sources */ = {isa = PBXBuildFile; fileRef = 2A034F802C37CCB600AEDA65 /* CustomNumberTagView.swift */; };
		2A0D41F12C6EF1D0000B1B3B /* ArticlePlayButtonView.xib in Resources */ = {isa = PBXBuildFile; fileRef = 2A0D41F02C6EF1D0000B1B3B /* ArticlePlayButtonView.xib */; };
		2A0D41F32C6EF2C3000B1B3B /* ArticlePlayButtonView.swift in Sources */ = {isa = PBXBuildFile; fileRef = 2A0D41F22C6EF2C3000B1B3B /* ArticlePlayButtonView.swift */; };
		2A17DAF62C1579D700919642 /* ClozeView.xib in Resources */ = {isa = PBXBuildFile; fileRef = 2A17DAF52C1579D700919642 /* ClozeView.xib */; };
		2A17DAF82C1579E400919642 /* ClozeView.swift in Sources */ = {isa = PBXBuildFile; fileRef = 2A17DAF72C1579E400919642 /* ClozeView.swift */; };
		2A17DAFA2C157C7F00919642 /* ClozeViewViewModel.swift in Sources */ = {isa = PBXBuildFile; fileRef = 2A17DAF92C157C7F00919642 /* ClozeViewViewModel.swift */; };
		2A17DAFC2C158C3B00919642 /* InputAccessoryView.xib in Resources */ = {isa = PBXBuildFile; fileRef = 2A17DAFB2C158C3B00919642 /* InputAccessoryView.xib */; };
		2A17DAFE2C158C5A00919642 /* InputAccessoryView.swift in Sources */ = {isa = PBXBuildFile; fileRef = 2A17DAFD2C158C5A00919642 /* InputAccessoryView.swift */; };
		2A18E7B42BE74008005139C8 /* DeckCell.swift in Sources */ = {isa = PBXBuildFile; fileRef = 2A18E7B32BE74008005139C8 /* DeckCell.swift */; };
		2A1A5DA32C719D6600B94037 /* SkeletonLoadable.swift in Sources */ = {isa = PBXBuildFile; fileRef = 2A1A5DA22C719D6600B94037 /* SkeletonLoadable.swift */; };
		2A2176852C06AA75002ADE9A /* ShowCardsViewControllerViewModel.swift in Sources */ = {isa = PBXBuildFile; fileRef = 2A2176842C06AA75002ADE9A /* ShowCardsViewControllerViewModel.swift */; };
		2A24E8D42C50DF39006C1032 /* ReviseContextViewController.swift in Sources */ = {isa = PBXBuildFile; fileRef = 2A24E8D32C50DF39006C1032 /* ReviseContextViewController.swift */; };
		2A2683772C6DA4DD00FFF81D /* AudioPlayer.swift in Sources */ = {isa = PBXBuildFile; fileRef = 2A2683762C6DA4DD00FFF81D /* AudioPlayer.swift */; };
		2A2BBF5C2CAA40E100BA02F2 /* PracticeCompletionViewController.swift in Sources */ = {isa = PBXBuildFile; fileRef = 2A2BBF5B2CAA40E100BA02F2 /* PracticeCompletionViewController.swift */; };
		2A2BBF5F2CAA436100BA02F2 /* CDPracticeThresholdRule+Extension.swift in Sources */ = {isa = PBXBuildFile; fileRef = 2A2BBF5D2CAA436100BA02F2 /* CDPracticeThresholdRule+Extension.swift */; };
		2A2BBF632CAA46D300BA02F2 /* PracticeCompletionCollectionViewCell.swift in Sources */ = {isa = PBXBuildFile; fileRef = 2A2BBF612CAA46D300BA02F2 /* PracticeCompletionCollectionViewCell.swift */; };
		2A2BBF642CAA46D300BA02F2 /* PracticeCompletionCollectionViewCell.xib in Resources */ = {isa = PBXBuildFile; fileRef = 2A2BBF622CAA46D300BA02F2 /* PracticeCompletionCollectionViewCell.xib */; };
		2A38F8BF2BE48F47003F058F /* ReviewViewController.swift in Sources */ = {isa = PBXBuildFile; fileRef = 2A38F8BE2BE48F47003F058F /* ReviewViewController.swift */; };
		2A38F8C32BE48FB2003F058F /* SearchViewController.swift in Sources */ = {isa = PBXBuildFile; fileRef = 2A38F8C22BE48FB2003F058F /* SearchViewController.swift */; };
		2A38F8C52BE48FD4003F058F /* SettingsViewController.swift in Sources */ = {isa = PBXBuildFile; fileRef = 2A38F8C42BE48FD4003F058F /* SettingsViewController.swift */; };
		2A4DA68F2C9D434B00CC6CDD /* PracticeButton.xib in Resources */ = {isa = PBXBuildFile; fileRef = 2A4DA68E2C9D434B00CC6CDD /* PracticeButton.xib */; };
		2A4DA6912C9D448600CC6CDD /* PracticeButton.swift in Sources */ = {isa = PBXBuildFile; fileRef = 2A4DA6902C9D448600CC6CDD /* PracticeButton.swift */; };
		2A5D608E2C63663B00252A0C /* FirebaseStorage in Frameworks */ = {isa = PBXBuildFile; productRef = 2A5D608D2C63663B00252A0C /* FirebaseStorage */; };
		2A5EFEF32C09C0450068672B /* CDWord+Extension.swift in Sources */ = {isa = PBXBuildFile; fileRef = 2A5EFEF22C09C0450068672B /* CDWord+Extension.swift */; };
		2A67688B2C3294470040C89F /* WordSelectorViewControllerViewModel.swift in Sources */ = {isa = PBXBuildFile; fileRef = 2A67688A2C3294470040C89F /* WordSelectorViewControllerViewModel.swift */; };
		2A67688D2C3322590040C89F /* AddTagTextView.swift in Sources */ = {isa = PBXBuildFile; fileRef = 2A67688C2C3322590040C89F /* AddTagTextView.swift */; };
		2A6BA13E2C635F2600F0DE3F /* FirebaseAnalytics in Frameworks */ = {isa = PBXBuildFile; productRef = 2A6BA13D2C635F2600F0DE3F /* FirebaseAnalytics */; };
		2A6BA1402C635F2600F0DE3F /* FirebaseAuth in Frameworks */ = {isa = PBXBuildFile; productRef = 2A6BA13F2C635F2600F0DE3F /* FirebaseAuth */; };
		2A6BA1422C635F2600F0DE3F /* FirebaseDatabase in Frameworks */ = {isa = PBXBuildFile; productRef = 2A6BA1412C635F2600F0DE3F /* FirebaseDatabase */; };
		2A6BA1442C63622B00F0DE3F /* FirebaseManager.swift in Sources */ = {isa = PBXBuildFile; fileRef = 2A6BA1432C63622B00F0DE3F /* FirebaseManager.swift */; };
		2A6BA1462C63626E00F0DE3F /* FirebaseFirestore in Frameworks */ = {isa = PBXBuildFile; productRef = 2A6BA1452C63626E00F0DE3F /* FirebaseFirestore */; };
		2A7045572C7DC35D00A58672 /* RadioButtonCell.xib in Resources */ = {isa = PBXBuildFile; fileRef = 2A7045562C7DC35D00A58672 /* RadioButtonCell.xib */; };
		2A7045582C7DC35D00A58672 /* RadioButtonCell.swift in Sources */ = {isa = PBXBuildFile; fileRef = 2A7045552C7DC35D00A58672 /* RadioButtonCell.swift */; };
		2A70455A2C7FF7AC00A58672 /* ClozeViewControllerViewModel.swift in Sources */ = {isa = PBXBuildFile; fileRef = 2A7045592C7FF7AB00A58672 /* ClozeViewControllerViewModel.swift */; };
		2A70455C2C7FF94A00A58672 /* ClozeWord.swift in Sources */ = {isa = PBXBuildFile; fileRef = 2A70455B2C7FF94900A58672 /* ClozeWord.swift */; };
		2A791A6C2C0EF1D100C26FFB /* ContextRevisionInputAccessoryView.xib in Resources */ = {isa = PBXBuildFile; fileRef = 2A791A6B2C0EF1D100C26FFB /* ContextRevisionInputAccessoryView.xib */; };
		2A791A6E2C0EF1FA00C26FFB /* ContextRevisionInputAccessoryView.swift in Sources */ = {isa = PBXBuildFile; fileRef = 2A791A6D2C0EF1FA00C26FFB /* ContextRevisionInputAccessoryView.swift */; };
		2A7B6CCF2C0809FE0017BB5C /* ReviseDeckViewController.swift in Sources */ = {isa = PBXBuildFile; fileRef = 2A7B6CCE2C0809FE0017BB5C /* ReviseDeckViewController.swift */; };
		2A7B6CD12C080A900017BB5C /* StoryboardGenerated.swift in Sources */ = {isa = PBXBuildFile; fileRef = 2A7B6CD02C080A900017BB5C /* StoryboardGenerated.swift */; };
		2A7B6CD32C080B440017BB5C /* Constants.swift in Sources */ = {isa = PBXBuildFile; fileRef = 2A7B6CD22C080B440017BB5C /* Constants.swift */; };
		2A7B6CD52C0810030017BB5C /* NotificationName+Extension.swift in Sources */ = {isa = PBXBuildFile; fileRef = 2A7B6CD42C0810030017BB5C /* NotificationName+Extension.swift */; };
		2A7B6CD72C081B8E0017BB5C /* ReviseNameViewController.swift in Sources */ = {isa = PBXBuildFile; fileRef = 2A7B6CD62C081B8E0017BB5C /* ReviseNameViewController.swift */; };
		2A7F3C102C5B5A3C0028150D /* ExploreViewController.swift in Sources */ = {isa = PBXBuildFile; fileRef = 2A7F3C0F2C5B5A3C0028150D /* ExploreViewController.swift */; };
		2A89D86A2C7435AC00DDBFF0 /* UITextView+Extension.swift in Sources */ = {isa = PBXBuildFile; fileRef = 2A89D8692C7435AC00DDBFF0 /* UITextView+Extension.swift */; };
		2A89D86C2C7471FA00DDBFF0 /* PracticeModeSelectorView.xib in Resources */ = {isa = PBXBuildFile; fileRef = 2A89D86B2C7471FA00DDBFF0 /* PracticeModeSelectorView.xib */; };
		2A89D86E2C74721600DDBFF0 /* PracticeModeSelectorView.swift in Sources */ = {isa = PBXBuildFile; fileRef = 2A89D86D2C74721600DDBFF0 /* PracticeModeSelectorView.swift */; };
		2A9911DC2CAB7E1B004F2625 /* ReusableRadioButtonCollectionViewController.swift in Sources */ = {isa = PBXBuildFile; fileRef = 2A9911DB2CAB7E1B004F2625 /* ReusableRadioButtonCollectionViewController.swift */; };
		2A9911DE2CAB7FA3004F2625 /* SelectPracticeTypeViewController.swift in Sources */ = {isa = PBXBuildFile; fileRef = 2A9911DD2CAB7FA3004F2625 /* SelectPracticeTypeViewController.swift */; };
		2A9911E22CAB8D91004F2625 /* SelectDeckViewController.swift in Sources */ = {isa = PBXBuildFile; fileRef = 2A9911E12CAB8D91004F2625 /* SelectDeckViewController.swift */; };
		2A9AFEAC2BE8AA140085766C /* RevisePresetViewController.swift in Sources */ = {isa = PBXBuildFile; fileRef = 2A9AFEAB2BE8AA140085766C /* RevisePresetViewController.swift */; };
		2A9C73A82C9C08FF006690A5 /* TimeConverter.swift in Sources */ = {isa = PBXBuildFile; fileRef = 2A9C73A72C9C08FF006690A5 /* TimeConverter.swift */; };
		2A9C73AB2C9C0D28006690A5 /* CDPracticePresetStandard+Extension.swift in Sources */ = {isa = PBXBuildFile; fileRef = 2A9C73A92C9C0D28006690A5 /* CDPracticePresetStandard+Extension.swift */; };
		2A9C73AE2C9C1DBA006690A5 /* Date+Extension.swift in Sources */ = {isa = PBXBuildFile; fileRef = 2A9C73AD2C9C1DBA006690A5 /* Date+Extension.swift */; };
		2A9C8AF62C3BBE3500D839D8 /* OpenCC in Frameworks */ = {isa = PBXBuildFile; productRef = 2A9C8AF52C3BBE3500D839D8 /* OpenCC */; };
		2AB3DC952CA145E0004CAFE3 /* CDUserGeneratedArticle+Extension.swift in Sources */ = {isa = PBXBuildFile; fileRef = 2AB3DC932CA145E0004CAFE3 /* CDUserGeneratedArticle+Extension.swift */; };
		2AB8CC032BF5887300BFFD4A /* ShowCardsViewController.swift in Sources */ = {isa = PBXBuildFile; fileRef = 2AB8CC022BF5887300BFFD4A /* ShowCardsViewController.swift */; };
		2AC3C3E92CAA814D0010E7AA /* CDPracticeServerProvidedContent+Extension.swift in Sources */ = {isa = PBXBuildFile; fileRef = 2AC3C3E72CAA814D0010E7AA /* CDPracticeServerProvidedContent+Extension.swift */; };
		2AC3D4232C2D52BC00B72791 /* SearchSelectionCell.swift in Sources */ = {isa = PBXBuildFile; fileRef = 2AC3D4212C2D52BC00B72791 /* SearchSelectionCell.swift */; };
		2AC3D4242C2D52BC00B72791 /* SearchSelectionCell.xib in Resources */ = {isa = PBXBuildFile; fileRef = 2AC3D4222C2D52BC00B72791 /* SearchSelectionCell.xib */; };
		2AC3D4262C2D550200B72791 /* SearchDeckViewController.swift in Sources */ = {isa = PBXBuildFile; fileRef = 2AC3D4252C2D550200B72791 /* SearchDeckViewController.swift */; };
		2AC3E5932C5602EB002CC242 /* SettingCell.swift in Sources */ = {isa = PBXBuildFile; fileRef = 2AC3E5922C5602EB002CC242 /* SettingCell.swift */; };
		2AC5D8B92C54941B0090AEBB /* PlayButton.swift in Sources */ = {isa = PBXBuildFile; fileRef = 2AC5D8B82C54941B0090AEBB /* PlayButton.swift */; };
		2AC5D8BB2C54942A0090AEBB /* PlayButton.xib in Resources */ = {isa = PBXBuildFile; fileRef = 2AC5D8BA2C54942A0090AEBB /* PlayButton.xib */; };
		2ADC28BE2C4A3A6F00999C71 /* TagSettingViewController.swift in Sources */ = {isa = PBXBuildFile; fileRef = 2ADC28BD2C4A3A6F00999C71 /* TagSettingViewController.swift */; };
		2AED807B2C2E9698001E675A /* SearchClozeResultViewController.swift in Sources */ = {isa = PBXBuildFile; fileRef = 2AED807A2C2E9698001E675A /* SearchClozeResultViewController.swift */; };
		2AED807E2C2E987B001E675A /* SearchClozeResultCell.swift in Sources */ = {isa = PBXBuildFile; fileRef = 2AED807C2C2E987B001E675A /* SearchClozeResultCell.swift */; };
		2AED807F2C2E987B001E675A /* SearchClozeResultCell.xib in Resources */ = {isa = PBXBuildFile; fileRef = 2AED807D2C2E987B001E675A /* SearchClozeResultCell.xib */; };
		2AF886902C539B1C00E7FA3E /* ListeningClozeViewViewModel.swift in Sources */ = {isa = PBXBuildFile; fileRef = 2AF8868F2C539B1C00E7FA3E /* ListeningClozeViewViewModel.swift */; };
		2AFABE602C98105B00BA2347 /* CDPracticeMap+Extension.swift in Sources */ = {isa = PBXBuildFile; fileRef = 2AFABE5E2C98105B00BA2347 /* CDPracticeMap+Extension.swift */; };
		2AFABE642C98120300BA2347 /* CDPractice+Extension.swift in Sources */ = {isa = PBXBuildFile; fileRef = 2AFABE622C98120300BA2347 /* CDPractice+Extension.swift */; };
		2AFABE682C98156D00BA2347 /* CDPracticeSequence+Extension.swift in Sources */ = {isa = PBXBuildFile; fileRef = 2AFABE662C98156D00BA2347 /* CDPracticeSequence+Extension.swift */; };
		2AFABE702C99111300BA2347 /* CDDeck+Extension.swift in Sources */ = {isa = PBXBuildFile; fileRef = 2AFABE6E2C99111300BA2347 /* CDDeck+Extension.swift */; };
		2AFABE742C99137B00BA2347 /* CDPracticeRecord+Extension.swift in Sources */ = {isa = PBXBuildFile; fileRef = 2AFABE722C99137B00BA2347 /* CDPracticeRecord+Extension.swift */; };
		2AFABE782C991C2100BA2347 /* CDPracticeRecordStandard+Extension.swift in Sources */ = {isa = PBXBuildFile; fileRef = 2AFABE762C991C2100BA2347 /* CDPracticeRecordStandard+Extension.swift */; };
		2AFABE7C2C997FFF00BA2347 /* CDPracticeStatus+Extension.swift in Sources */ = {isa = PBXBuildFile; fileRef = 2AFABE7A2C997FFF00BA2347 /* CDPracticeStatus+Extension.swift */; };
		2AFC91472C7C4BB9002C2AD1 /* PracticeMapViewController.swift in Sources */ = {isa = PBXBuildFile; fileRef = 2AFC91462C7C4BB9002C2AD1 /* PracticeMapViewController.swift */; };
		2AFC914A2C7C4F6F002C2AD1 /* PracticeSequenceCell.swift in Sources */ = {isa = PBXBuildFile; fileRef = 2AFC91482C7C4F6F002C2AD1 /* PracticeSequenceCell.swift */; };
		2AFC914B2C7C4F6F002C2AD1 /* PracticeSequenceCell.xib in Resources */ = {isa = PBXBuildFile; fileRef = 2AFC91492C7C4F6F002C2AD1 /* PracticeSequenceCell.xib */; };
		2AFC914D2C7C5720002C2AD1 /* PracticeSettingViewController.swift in Sources */ = {isa = PBXBuildFile; fileRef = 2AFC914C2C7C5720002C2AD1 /* PracticeSettingViewController.swift */; };
		2AFC91502C7C5B85002C2AD1 /* PracticeSettingCell.xib in Resources */ = {isa = PBXBuildFile; fileRef = 2AFC914F2C7C5B85002C2AD1 /* PracticeSettingCell.xib */; };
		2AFC91512C7C5B85002C2AD1 /* PracticeSettingCell.swift in Sources */ = {isa = PBXBuildFile; fileRef = 2AFC914E2C7C5B85002C2AD1 /* PracticeSettingCell.swift */; };
		2AFC91542C7C6634002C2AD1 /* PracticeSettingHeaderView.xib in Resources */ = {isa = PBXBuildFile; fileRef = 2AFC91532C7C6634002C2AD1 /* PracticeSettingHeaderView.xib */; };
		2AFC91552C7C6634002C2AD1 /* PracticeSettingHeaderView.swift in Sources */ = {isa = PBXBuildFile; fileRef = 2AFC91522C7C6634002C2AD1 /* PracticeSettingHeaderView.swift */; };
		2AFC91572C7C6BA3002C2AD1 /* SeparatorFooterView.swift in Sources */ = {isa = PBXBuildFile; fileRef = 2AFC91562C7C6BA3002C2AD1 /* SeparatorFooterView.swift */; };
		2AFE839D2C893FC600C5AA33 /* UIColor+Extension.swift in Sources */ = {isa = PBXBuildFile; fileRef = 2AFE839C2C893FC600C5AA33 /* UIColor+Extension.swift */; };
		2AFF6C9C2C5B5FF100629B26 /* ExploreCell.xib in Resources */ = {isa = PBXBuildFile; fileRef = 2AFF6C9B2C5B5FF100629B26 /* ExploreCell.xib */; };
		2AFF6C9D2C5B5FF100629B26 /* ExploreCell.swift in Sources */ = {isa = PBXBuildFile; fileRef = 2AFF6C9A2C5B5FF100629B26 /* ExploreCell.swift */; };
		2AFF6C9F2C5B6F8B00629B26 /* ServerProvidedArticleViewController.swift in Sources */ = {isa = PBXBuildFile; fileRef = 2AFF6C9E2C5B6F8B00629B26 /* ServerProvidedArticleViewController.swift */; };
		2AFF6CA12C5B748800629B26 /* UINavigationController+Extension.swift in Sources */ = {isa = PBXBuildFile; fileRef = 2AFF6CA02C5B748800629B26 /* UINavigationController+Extension.swift */; };
		D0058CE92BBA714F00D2BB25 /* SentenceClozeViewModel.swift in Sources */ = {isa = PBXBuildFile; fileRef = D0058CE82BBA714F00D2BB25 /* SentenceClozeViewModel.swift */; };
		D00A72EF2BFDEC5A0064F325 /* NoCardView.xib in Resources */ = {isa = PBXBuildFile; fileRef = D00A72EE2BFDEC5A0064F325 /* NoCardView.xib */; };
		D00A72F12BFDEDA00064F325 /* NoCardView.swift in Sources */ = {isa = PBXBuildFile; fileRef = D00A72F02BFDEDA00064F325 /* NoCardView.swift */; };
		D01961102C43BEA70040735E /* CustomTagView.swift in Sources */ = {isa = PBXBuildFile; fileRef = D019610F2C43BEA70040735E /* CustomTagView.swift */; };
		D01961122C43BEB20040735E /* CustomTagView.xib in Resources */ = {isa = PBXBuildFile; fileRef = D01961112C43BEB20040735E /* CustomTagView.xib */; };
		D020A4F22BB9DE0D00CA5CAF /* WordTextField.swift in Sources */ = {isa = PBXBuildFile; fileRef = D020A4F12BB9DE0D00CA5CAF /* WordTextField.swift */; };
		D02BE80E2C67B26F00140DD3 /* GoogleCloudTranslationService.swift in Sources */ = {isa = PBXBuildFile; fileRef = D02BE80D2C67B26F00140DD3 /* GoogleCloudTranslationService.swift */; };
		D02E46F72C272CC500418781 /* UserDefaultsManager.swift in Sources */ = {isa = PBXBuildFile; fileRef = D02E46F62C272CC500418781 /* UserDefaultsManager.swift */; };
		D03107CC2C16EE6200EEF772 /* CardInformationViewController.swift in Sources */ = {isa = PBXBuildFile; fileRef = D03107CB2C16EE6200EEF772 /* CardInformationViewController.swift */; };
		D03107D32C16F2AA00EEF772 /* LearningRecordCell.xib in Resources */ = {isa = PBXBuildFile; fileRef = D03107D22C16F2AA00EEF772 /* LearningRecordCell.xib */; };
		D03107D42C16F2AA00EEF772 /* LearningRecordCell.swift in Sources */ = {isa = PBXBuildFile; fileRef = D03107D12C16F2AA00EEF772 /* LearningRecordCell.swift */; };
		D032145B2BD63C2200512263 /* Preferences.swift in Sources */ = {isa = PBXBuildFile; fileRef = D032145A2BD63C2200512263 /* Preferences.swift */; };
		D0344F602C56B25D00F721BF /* CDNote+Extension.swift in Sources */ = {isa = PBXBuildFile; fileRef = D0344F5F2C56B25D00F721BF /* CDNote+Extension.swift */; };
		D04AC2042C51E78E00F91A07 /* SearchCell.swift in Sources */ = {isa = PBXBuildFile; fileRef = D04AC2022C51E78E00F91A07 /* SearchCell.swift */; };
		D04AC2052C51E78E00F91A07 /* SearchCell.xib in Resources */ = {isa = PBXBuildFile; fileRef = D04AC2032C51E78E00F91A07 /* SearchCell.xib */; };
		D04AC2072C51EF0300F91A07 /* DeckCell.xib in Resources */ = {isa = PBXBuildFile; fileRef = D04AC2062C51EF0300F91A07 /* DeckCell.xib */; };
		D05D6A1C2C652645006AC6BE /* GoogleService-Info.plist in Resources */ = {isa = PBXBuildFile; fileRef = D05D6A1B2C652645006AC6BE /* GoogleService-Info.plist */; };
		D0696DD72C31094600FE4FE1 /* UserGeneratedArticleViewController.swift in Sources */ = {isa = PBXBuildFile; fileRef = D0696DD62C31094600FE4FE1 /* UserGeneratedArticleViewController.swift */; };
		D083CBE72C15A90700BE98DC /* UIResponder+Extension.swift in Sources */ = {isa = PBXBuildFile; fileRef = D083CBE62C15A90700BE98DC /* UIResponder+Extension.swift */; };
		D090166E2C93CB2400A5FBD2 /* Int+Extension.swift in Sources */ = {isa = PBXBuildFile; fileRef = D090166D2C93CB2400A5FBD2 /* Int+Extension.swift */; };
		D09016722C93DCB200A5FBD2 /* CDPracticeArticle+Extension.swift in Sources */ = {isa = PBXBuildFile; fileRef = D09016702C93DCB200A5FBD2 /* CDPracticeArticle+Extension.swift */; };
		D09016762C93DEF200A5FBD2 /* CDPracticeImage+Extension.swift in Sources */ = {isa = PBXBuildFile; fileRef = D09016742C93DEF200A5FBD2 /* CDPracticeImage+Extension.swift */; };
		D090167A2C93E01900A5FBD2 /* CDUserGeneratedContextTag+Extension.swift in Sources */ = {isa = PBXBuildFile; fileRef = D09016782C93E01900A5FBD2 /* CDUserGeneratedContextTag+Extension.swift */; };
		D090167E2C93E56600A5FBD2 /* CDTimepointInformation+Extension.swift in Sources */ = {isa = PBXBuildFile; fileRef = D090167C2C93E56600A5FBD2 /* CDTimepointInformation+Extension.swift */; };
		D09262B82C097D2400CA90BA /* DataModel.xcdatamodeld in Sources */ = {isa = PBXBuildFile; fileRef = D09262B62C097D2400CA90BA /* DataModel.xcdatamodeld */; };
		D09262BA2C097ECD00CA90BA /* CoreDataManager.swift in Sources */ = {isa = PBXBuildFile; fileRef = D09262B92C097ECD00CA90BA /* CoreDataManager.swift */; };
		D09262BF2C097FC600CA90BA /* CDLearningRecord+Extension.swift in Sources */ = {isa = PBXBuildFile; fileRef = D09262BE2C097FC600CA90BA /* CDLearningRecord+Extension.swift */; };
		D09262C12C09808400CA90BA /* CDCard+Extension.swift in Sources */ = {isa = PBXBuildFile; fileRef = D09262C02C09808400CA90BA /* CDCard+Extension.swift */; };
		D09262C32C098A4400CA90BA /* CDLapses+Extension.swift in Sources */ = {isa = PBXBuildFile; fileRef = D09262C22C098A4400CA90BA /* CDLapses+Extension.swift */; };
		D097F1602C58B75D00248E7B /* GoogleTTSService.swift in Sources */ = {isa = PBXBuildFile; fileRef = D097F15F2C58B75D00248E7B /* GoogleTTSService.swift */; };
		D0A0643F2BFC8E78001AFE08 /* PronounciationView.swift in Sources */ = {isa = PBXBuildFile; fileRef = D0A0643E2BFC8E78001AFE08 /* PronounciationView.swift */; };
		D0A064412BFC913C001AFE08 /* PronounciationView.xib in Resources */ = {isa = PBXBuildFile; fileRef = D0A064402BFC913C001AFE08 /* PronounciationView.xib */; };
		D0A064432BFC916C001AFE08 /* NibOwnerLoadable.swift in Sources */ = {isa = PBXBuildFile; fileRef = D0A064422BFC916C001AFE08 /* NibOwnerLoadable.swift */; };
		D0A6E4E92C52060100E1EF35 /* TagView.swift in Sources */ = {isa = PBXBuildFile; fileRef = D0A6E4E82C52060100E1EF35 /* TagView.swift */; };
		D0A86A682C1B5FA00022DFDD /* ContextCell.swift in Sources */ = {isa = PBXBuildFile; fileRef = D0A86A672C1B5FA00022DFDD /* ContextCell.swift */; };
		D0AF303E2C43CB6500DF71CD /* TagLabel.swift in Sources */ = {isa = PBXBuildFile; fileRef = D0AF303D2C43CB6500DF71CD /* TagLabel.swift */; };
		D0B2E3FC2C2BB15F0047B2F5 /* CustomTextView.swift in Sources */ = {isa = PBXBuildFile; fileRef = D0B2E3FB2C2BB15F0047B2F5 /* CustomTextView.swift */; };
		D0D6E0E92C1CB38500C1F95E /* ContextLabel.swift in Sources */ = {isa = PBXBuildFile; fileRef = D0D6E0E82C1CB38500C1F95E /* ContextLabel.swift */; };
		D0D6E0EB2C1DE92C00C1F95E /* ContextStackView.swift in Sources */ = {isa = PBXBuildFile; fileRef = D0D6E0EA2C1DE92C00C1F95E /* ContextStackView.swift */; };
		D0D8D5F62C0F0920001BB415 /* String+Extension.swift in Sources */ = {isa = PBXBuildFile; fileRef = D0D8D5F52C0F0920001BB415 /* String+Extension.swift */; };
		D0DA5AC52BB66A05008644DC /* AppDelegate.swift in Sources */ = {isa = PBXBuildFile; fileRef = D0DA5AC42BB66A05008644DC /* AppDelegate.swift */; };
		D0DA5AC72BB66A05008644DC /* SceneDelegate.swift in Sources */ = {isa = PBXBuildFile; fileRef = D0DA5AC62BB66A05008644DC /* SceneDelegate.swift */; };
		D0DA5AC92BB66A05008644DC /* MainViewController.swift in Sources */ = {isa = PBXBuildFile; fileRef = D0DA5AC82BB66A05008644DC /* MainViewController.swift */; };
		D0DA5ACC2BB66A05008644DC /* Base in Resources */ = {isa = PBXBuildFile; fileRef = D0DA5ACB2BB66A05008644DC /* Base */; };
		D0DA5ACE2BB66A07008644DC /* Assets.xcassets in Resources */ = {isa = PBXBuildFile; fileRef = D0DA5ACD2BB66A07008644DC /* Assets.xcassets */; };
		D0DA5AD12BB66A07008644DC /* Base in Resources */ = {isa = PBXBuildFile; fileRef = D0DA5AD02BB66A07008644DC /* Base */; };
		D0DF66A12C3E3ED600749D96 /* UIView+Extension.swift in Sources */ = {isa = PBXBuildFile; fileRef = D0DF66A02C3E3ED600749D96 /* UIView+Extension.swift */; };
		D0E4EF9E2C67785E00DA66AC /* GoogleTranslateSwift in Frameworks */ = {isa = PBXBuildFile; productRef = D0E4EF9D2C67785E00DA66AC /* GoogleTranslateSwift */; };
		D0EE06FD2C6A4CFD000B5BC8 /* ChatGPTService.swift in Sources */ = {isa = PBXBuildFile; fileRef = D0EE06FC2C6A4CFD000B5BC8 /* ChatGPTService.swift */; };
/* End PBXBuildFile section */

/* Begin PBXFileReference section */
		2A02EF272C4A386500E21A6E /* TagTestingCell.swift */ = {isa = PBXFileReference; lastKnownFileType = sourcecode.swift; path = TagTestingCell.swift; sourceTree = "<group>"; };
		2A02EF282C4A386500E21A6E /* TagTestingCell.xib */ = {isa = PBXFileReference; lastKnownFileType = file.xib; path = TagTestingCell.xib; sourceTree = "<group>"; };
		2A034E822C75879C00668F02 /* Tag.swift */ = {isa = PBXFileReference; lastKnownFileType = sourcecode.swift; path = Tag.swift; sourceTree = "<group>"; };
		2A034E842C75902D00668F02 /* TranslationPair.swift */ = {isa = PBXFileReference; lastKnownFileType = sourcecode.swift; path = TranslationPair.swift; sourceTree = "<group>"; };
		2A034F7C2C3682C800AEDA65 /* CustomNumberTagView.xib */ = {isa = PBXFileReference; lastKnownFileType = file.xib; path = CustomNumberTagView.xib; sourceTree = "<group>"; };
		2A034F802C37CCB600AEDA65 /* CustomNumberTagView.swift */ = {isa = PBXFileReference; lastKnownFileType = sourcecode.swift; path = CustomNumberTagView.swift; sourceTree = "<group>"; };
		2A0D41F02C6EF1D0000B1B3B /* ArticlePlayButtonView.xib */ = {isa = PBXFileReference; lastKnownFileType = file.xib; path = ArticlePlayButtonView.xib; sourceTree = "<group>"; };
		2A0D41F22C6EF2C3000B1B3B /* ArticlePlayButtonView.swift */ = {isa = PBXFileReference; lastKnownFileType = sourcecode.swift; path = ArticlePlayButtonView.swift; sourceTree = "<group>"; };
		2A17DAF52C1579D700919642 /* ClozeView.xib */ = {isa = PBXFileReference; lastKnownFileType = file.xib; path = ClozeView.xib; sourceTree = "<group>"; };
		2A17DAF72C1579E400919642 /* ClozeView.swift */ = {isa = PBXFileReference; lastKnownFileType = sourcecode.swift; path = ClozeView.swift; sourceTree = "<group>"; };
		2A17DAF92C157C7F00919642 /* ClozeViewViewModel.swift */ = {isa = PBXFileReference; lastKnownFileType = sourcecode.swift; path = ClozeViewViewModel.swift; sourceTree = "<group>"; };
		2A17DAFB2C158C3B00919642 /* InputAccessoryView.xib */ = {isa = PBXFileReference; lastKnownFileType = file.xib; path = InputAccessoryView.xib; sourceTree = "<group>"; };
		2A17DAFD2C158C5A00919642 /* InputAccessoryView.swift */ = {isa = PBXFileReference; lastKnownFileType = sourcecode.swift; path = InputAccessoryView.swift; sourceTree = "<group>"; };
		2A18E7B32BE74008005139C8 /* DeckCell.swift */ = {isa = PBXFileReference; lastKnownFileType = sourcecode.swift; path = DeckCell.swift; sourceTree = "<group>"; };
		2A1A5DA22C719D6600B94037 /* SkeletonLoadable.swift */ = {isa = PBXFileReference; lastKnownFileType = sourcecode.swift; path = SkeletonLoadable.swift; sourceTree = "<group>"; };
		2A2176842C06AA75002ADE9A /* ShowCardsViewControllerViewModel.swift */ = {isa = PBXFileReference; lastKnownFileType = sourcecode.swift; path = ShowCardsViewControllerViewModel.swift; sourceTree = "<group>"; };
		2A24E8D32C50DF39006C1032 /* ReviseContextViewController.swift */ = {isa = PBXFileReference; lastKnownFileType = sourcecode.swift; path = ReviseContextViewController.swift; sourceTree = "<group>"; };
		2A2683762C6DA4DD00FFF81D /* AudioPlayer.swift */ = {isa = PBXFileReference; lastKnownFileType = sourcecode.swift; path = AudioPlayer.swift; sourceTree = "<group>"; };
		2A2BBF5B2CAA40E100BA02F2 /* PracticeCompletionViewController.swift */ = {isa = PBXFileReference; lastKnownFileType = sourcecode.swift; path = PracticeCompletionViewController.swift; sourceTree = "<group>"; };
		2A2BBF5D2CAA436100BA02F2 /* CDPracticeThresholdRule+Extension.swift */ = {isa = PBXFileReference; lastKnownFileType = sourcecode.swift; path = "CDPracticeThresholdRule+Extension.swift"; sourceTree = "<group>"; };
		2A2BBF612CAA46D300BA02F2 /* PracticeCompletionCollectionViewCell.swift */ = {isa = PBXFileReference; lastKnownFileType = sourcecode.swift; path = PracticeCompletionCollectionViewCell.swift; sourceTree = "<group>"; };
		2A2BBF622CAA46D300BA02F2 /* PracticeCompletionCollectionViewCell.xib */ = {isa = PBXFileReference; lastKnownFileType = file.xib; path = PracticeCompletionCollectionViewCell.xib; sourceTree = "<group>"; };
		2A38F8BE2BE48F47003F058F /* ReviewViewController.swift */ = {isa = PBXFileReference; lastKnownFileType = sourcecode.swift; path = ReviewViewController.swift; sourceTree = "<group>"; };
		2A38F8C22BE48FB2003F058F /* SearchViewController.swift */ = {isa = PBXFileReference; lastKnownFileType = sourcecode.swift; path = SearchViewController.swift; sourceTree = "<group>"; };
		2A38F8C42BE48FD4003F058F /* SettingsViewController.swift */ = {isa = PBXFileReference; lastKnownFileType = sourcecode.swift; path = SettingsViewController.swift; sourceTree = "<group>"; };
		2A4DA68E2C9D434B00CC6CDD /* PracticeButton.xib */ = {isa = PBXFileReference; lastKnownFileType = file.xib; path = PracticeButton.xib; sourceTree = "<group>"; };
		2A4DA6902C9D448600CC6CDD /* PracticeButton.swift */ = {isa = PBXFileReference; lastKnownFileType = sourcecode.swift; path = PracticeButton.swift; sourceTree = "<group>"; };
		2A5EFEF22C09C0450068672B /* CDWord+Extension.swift */ = {isa = PBXFileReference; lastKnownFileType = sourcecode.swift; path = "CDWord+Extension.swift"; sourceTree = "<group>"; };
		2A67688A2C3294470040C89F /* WordSelectorViewControllerViewModel.swift */ = {isa = PBXFileReference; lastKnownFileType = sourcecode.swift; path = WordSelectorViewControllerViewModel.swift; sourceTree = "<group>"; };
		2A67688C2C3322590040C89F /* AddTagTextView.swift */ = {isa = PBXFileReference; lastKnownFileType = sourcecode.swift; path = AddTagTextView.swift; sourceTree = "<group>"; };
		2A6BA1432C63622B00F0DE3F /* FirebaseManager.swift */ = {isa = PBXFileReference; lastKnownFileType = sourcecode.swift; path = FirebaseManager.swift; sourceTree = "<group>"; };
		2A7045552C7DC35D00A58672 /* RadioButtonCell.swift */ = {isa = PBXFileReference; lastKnownFileType = sourcecode.swift; path = RadioButtonCell.swift; sourceTree = "<group>"; };
		2A7045562C7DC35D00A58672 /* RadioButtonCell.xib */ = {isa = PBXFileReference; lastKnownFileType = file.xib; path = RadioButtonCell.xib; sourceTree = "<group>"; };
		2A7045592C7FF7AB00A58672 /* ClozeViewControllerViewModel.swift */ = {isa = PBXFileReference; fileEncoding = 4; lastKnownFileType = sourcecode.swift; path = ClozeViewControllerViewModel.swift; sourceTree = "<group>"; };
		2A70455B2C7FF94900A58672 /* ClozeWord.swift */ = {isa = PBXFileReference; fileEncoding = 4; lastKnownFileType = sourcecode.swift; path = ClozeWord.swift; sourceTree = "<group>"; };
		2A791A6B2C0EF1D100C26FFB /* ContextRevisionInputAccessoryView.xib */ = {isa = PBXFileReference; lastKnownFileType = file.xib; path = ContextRevisionInputAccessoryView.xib; sourceTree = "<group>"; };
		2A791A6D2C0EF1FA00C26FFB /* ContextRevisionInputAccessoryView.swift */ = {isa = PBXFileReference; lastKnownFileType = sourcecode.swift; path = ContextRevisionInputAccessoryView.swift; sourceTree = "<group>"; };
		2A7B6CCE2C0809FE0017BB5C /* ReviseDeckViewController.swift */ = {isa = PBXFileReference; lastKnownFileType = sourcecode.swift; path = ReviseDeckViewController.swift; sourceTree = "<group>"; };
		2A7B6CD02C080A900017BB5C /* StoryboardGenerated.swift */ = {isa = PBXFileReference; lastKnownFileType = sourcecode.swift; path = StoryboardGenerated.swift; sourceTree = "<group>"; };
		2A7B6CD22C080B440017BB5C /* Constants.swift */ = {isa = PBXFileReference; lastKnownFileType = sourcecode.swift; path = Constants.swift; sourceTree = "<group>"; };
		2A7B6CD42C0810030017BB5C /* NotificationName+Extension.swift */ = {isa = PBXFileReference; lastKnownFileType = sourcecode.swift; path = "NotificationName+Extension.swift"; sourceTree = "<group>"; };
		2A7B6CD62C081B8E0017BB5C /* ReviseNameViewController.swift */ = {isa = PBXFileReference; lastKnownFileType = sourcecode.swift; path = ReviseNameViewController.swift; sourceTree = "<group>"; };
		2A7F3C0F2C5B5A3C0028150D /* ExploreViewController.swift */ = {isa = PBXFileReference; lastKnownFileType = sourcecode.swift; path = ExploreViewController.swift; sourceTree = "<group>"; };
		2A89D8692C7435AC00DDBFF0 /* UITextView+Extension.swift */ = {isa = PBXFileReference; lastKnownFileType = sourcecode.swift; path = "UITextView+Extension.swift"; sourceTree = "<group>"; };
		2A89D86B2C7471FA00DDBFF0 /* PracticeModeSelectorView.xib */ = {isa = PBXFileReference; lastKnownFileType = file.xib; path = PracticeModeSelectorView.xib; sourceTree = "<group>"; };
		2A89D86D2C74721600DDBFF0 /* PracticeModeSelectorView.swift */ = {isa = PBXFileReference; lastKnownFileType = sourcecode.swift; path = PracticeModeSelectorView.swift; sourceTree = "<group>"; };
		2A9911DB2CAB7E1B004F2625 /* ReusableRadioButtonCollectionViewController.swift */ = {isa = PBXFileReference; lastKnownFileType = sourcecode.swift; path = ReusableRadioButtonCollectionViewController.swift; sourceTree = "<group>"; };
		2A9911DD2CAB7FA3004F2625 /* SelectPracticeTypeViewController.swift */ = {isa = PBXFileReference; lastKnownFileType = sourcecode.swift; path = SelectPracticeTypeViewController.swift; sourceTree = "<group>"; };
		2A9911E12CAB8D91004F2625 /* SelectDeckViewController.swift */ = {isa = PBXFileReference; lastKnownFileType = sourcecode.swift; path = SelectDeckViewController.swift; sourceTree = "<group>"; };
		2A9AFEAB2BE8AA140085766C /* RevisePresetViewController.swift */ = {isa = PBXFileReference; lastKnownFileType = sourcecode.swift; path = RevisePresetViewController.swift; sourceTree = "<group>"; };
		2A9C73A72C9C08FF006690A5 /* TimeConverter.swift */ = {isa = PBXFileReference; lastKnownFileType = sourcecode.swift; path = TimeConverter.swift; sourceTree = "<group>"; };
		2A9C73A92C9C0D28006690A5 /* CDPracticePresetStandard+Extension.swift */ = {isa = PBXFileReference; lastKnownFileType = sourcecode.swift; path = "CDPracticePresetStandard+Extension.swift"; sourceTree = "<group>"; };
		2A9C73AD2C9C1DBA006690A5 /* Date+Extension.swift */ = {isa = PBXFileReference; lastKnownFileType = sourcecode.swift; path = "Date+Extension.swift"; sourceTree = "<group>"; };
		2AB3DC932CA145E0004CAFE3 /* CDUserGeneratedArticle+Extension.swift */ = {isa = PBXFileReference; lastKnownFileType = sourcecode.swift; path = "CDUserGeneratedArticle+Extension.swift"; sourceTree = "<group>"; };
		2AB8CC022BF5887300BFFD4A /* ShowCardsViewController.swift */ = {isa = PBXFileReference; lastKnownFileType = sourcecode.swift; path = ShowCardsViewController.swift; sourceTree = "<group>"; };
		2AC3C3E72CAA814D0010E7AA /* CDPracticeServerProvidedContent+Extension.swift */ = {isa = PBXFileReference; lastKnownFileType = sourcecode.swift; path = "CDPracticeServerProvidedContent+Extension.swift"; sourceTree = "<group>"; };
		2AC3D4212C2D52BC00B72791 /* SearchSelectionCell.swift */ = {isa = PBXFileReference; lastKnownFileType = sourcecode.swift; path = SearchSelectionCell.swift; sourceTree = "<group>"; };
		2AC3D4222C2D52BC00B72791 /* SearchSelectionCell.xib */ = {isa = PBXFileReference; lastKnownFileType = file.xib; path = SearchSelectionCell.xib; sourceTree = "<group>"; };
		2AC3D4252C2D550200B72791 /* SearchDeckViewController.swift */ = {isa = PBXFileReference; lastKnownFileType = sourcecode.swift; path = SearchDeckViewController.swift; sourceTree = "<group>"; };
		2AC3E5922C5602EB002CC242 /* SettingCell.swift */ = {isa = PBXFileReference; lastKnownFileType = sourcecode.swift; path = SettingCell.swift; sourceTree = "<group>"; };
		2AC5D8B82C54941B0090AEBB /* PlayButton.swift */ = {isa = PBXFileReference; lastKnownFileType = sourcecode.swift; path = PlayButton.swift; sourceTree = "<group>"; };
		2AC5D8BA2C54942A0090AEBB /* PlayButton.xib */ = {isa = PBXFileReference; lastKnownFileType = file.xib; path = PlayButton.xib; sourceTree = "<group>"; };
		2ADC28BD2C4A3A6F00999C71 /* TagSettingViewController.swift */ = {isa = PBXFileReference; lastKnownFileType = sourcecode.swift; path = TagSettingViewController.swift; sourceTree = "<group>"; };
		2AED807A2C2E9698001E675A /* SearchClozeResultViewController.swift */ = {isa = PBXFileReference; lastKnownFileType = sourcecode.swift; path = SearchClozeResultViewController.swift; sourceTree = "<group>"; };
		2AED807C2C2E987B001E675A /* SearchClozeResultCell.swift */ = {isa = PBXFileReference; lastKnownFileType = sourcecode.swift; path = SearchClozeResultCell.swift; sourceTree = "<group>"; };
		2AED807D2C2E987B001E675A /* SearchClozeResultCell.xib */ = {isa = PBXFileReference; lastKnownFileType = file.xib; path = SearchClozeResultCell.xib; sourceTree = "<group>"; };
		2AF8868F2C539B1C00E7FA3E /* ListeningClozeViewViewModel.swift */ = {isa = PBXFileReference; lastKnownFileType = sourcecode.swift; path = ListeningClozeViewViewModel.swift; sourceTree = "<group>"; };
		2AFABE5E2C98105B00BA2347 /* CDPracticeMap+Extension.swift */ = {isa = PBXFileReference; lastKnownFileType = sourcecode.swift; path = "CDPracticeMap+Extension.swift"; sourceTree = "<group>"; };
		2AFABE622C98120300BA2347 /* CDPractice+Extension.swift */ = {isa = PBXFileReference; lastKnownFileType = sourcecode.swift; path = "CDPractice+Extension.swift"; sourceTree = "<group>"; };
		2AFABE662C98156D00BA2347 /* CDPracticeSequence+Extension.swift */ = {isa = PBXFileReference; lastKnownFileType = sourcecode.swift; path = "CDPracticeSequence+Extension.swift"; sourceTree = "<group>"; };
		2AFABE6E2C99111300BA2347 /* CDDeck+Extension.swift */ = {isa = PBXFileReference; lastKnownFileType = sourcecode.swift; path = "CDDeck+Extension.swift"; sourceTree = "<group>"; };
		2AFABE722C99137B00BA2347 /* CDPracticeRecord+Extension.swift */ = {isa = PBXFileReference; lastKnownFileType = sourcecode.swift; path = "CDPracticeRecord+Extension.swift"; sourceTree = "<group>"; };
		2AFABE762C991C2100BA2347 /* CDPracticeRecordStandard+Extension.swift */ = {isa = PBXFileReference; lastKnownFileType = sourcecode.swift; path = "CDPracticeRecordStandard+Extension.swift"; sourceTree = "<group>"; };
		2AFABE7A2C997FFF00BA2347 /* CDPracticeStatus+Extension.swift */ = {isa = PBXFileReference; lastKnownFileType = sourcecode.swift; path = "CDPracticeStatus+Extension.swift"; sourceTree = "<group>"; };
		2AFC91462C7C4BB9002C2AD1 /* PracticeMapViewController.swift */ = {isa = PBXFileReference; lastKnownFileType = sourcecode.swift; path = PracticeMapViewController.swift; sourceTree = "<group>"; };
		2AFC91482C7C4F6F002C2AD1 /* PracticeSequenceCell.swift */ = {isa = PBXFileReference; lastKnownFileType = sourcecode.swift; path = PracticeSequenceCell.swift; sourceTree = "<group>"; };
		2AFC91492C7C4F6F002C2AD1 /* PracticeSequenceCell.xib */ = {isa = PBXFileReference; lastKnownFileType = file.xib; path = PracticeSequenceCell.xib; sourceTree = "<group>"; };
		2AFC914C2C7C5720002C2AD1 /* PracticeSettingViewController.swift */ = {isa = PBXFileReference; lastKnownFileType = sourcecode.swift; path = PracticeSettingViewController.swift; sourceTree = "<group>"; };
		2AFC914E2C7C5B85002C2AD1 /* PracticeSettingCell.swift */ = {isa = PBXFileReference; lastKnownFileType = sourcecode.swift; path = PracticeSettingCell.swift; sourceTree = "<group>"; };
		2AFC914F2C7C5B85002C2AD1 /* PracticeSettingCell.xib */ = {isa = PBXFileReference; lastKnownFileType = file.xib; path = PracticeSettingCell.xib; sourceTree = "<group>"; };
		2AFC91522C7C6634002C2AD1 /* PracticeSettingHeaderView.swift */ = {isa = PBXFileReference; lastKnownFileType = sourcecode.swift; path = PracticeSettingHeaderView.swift; sourceTree = "<group>"; };
		2AFC91532C7C6634002C2AD1 /* PracticeSettingHeaderView.xib */ = {isa = PBXFileReference; lastKnownFileType = file.xib; path = PracticeSettingHeaderView.xib; sourceTree = "<group>"; };
		2AFC91562C7C6BA3002C2AD1 /* SeparatorFooterView.swift */ = {isa = PBXFileReference; lastKnownFileType = sourcecode.swift; path = SeparatorFooterView.swift; sourceTree = "<group>"; };
		2AFE839C2C893FC600C5AA33 /* UIColor+Extension.swift */ = {isa = PBXFileReference; lastKnownFileType = sourcecode.swift; path = "UIColor+Extension.swift"; sourceTree = "<group>"; };
		2AFF6C9A2C5B5FF100629B26 /* ExploreCell.swift */ = {isa = PBXFileReference; lastKnownFileType = sourcecode.swift; path = ExploreCell.swift; sourceTree = "<group>"; };
		2AFF6C9B2C5B5FF100629B26 /* ExploreCell.xib */ = {isa = PBXFileReference; lastKnownFileType = file.xib; path = ExploreCell.xib; sourceTree = "<group>"; };
		2AFF6C9E2C5B6F8B00629B26 /* ServerProvidedArticleViewController.swift */ = {isa = PBXFileReference; lastKnownFileType = sourcecode.swift; path = ServerProvidedArticleViewController.swift; sourceTree = "<group>"; };
		2AFF6CA02C5B748800629B26 /* UINavigationController+Extension.swift */ = {isa = PBXFileReference; lastKnownFileType = sourcecode.swift; path = "UINavigationController+Extension.swift"; sourceTree = "<group>"; };
		D0058CE82BBA714F00D2BB25 /* SentenceClozeViewModel.swift */ = {isa = PBXFileReference; lastKnownFileType = sourcecode.swift; path = SentenceClozeViewModel.swift; sourceTree = "<group>"; };
		D00A72EE2BFDEC5A0064F325 /* NoCardView.xib */ = {isa = PBXFileReference; lastKnownFileType = file.xib; path = NoCardView.xib; sourceTree = "<group>"; };
		D00A72F02BFDEDA00064F325 /* NoCardView.swift */ = {isa = PBXFileReference; lastKnownFileType = sourcecode.swift; path = NoCardView.swift; sourceTree = "<group>"; };
		D019610F2C43BEA70040735E /* CustomTagView.swift */ = {isa = PBXFileReference; lastKnownFileType = sourcecode.swift; path = CustomTagView.swift; sourceTree = "<group>"; };
		D01961112C43BEB20040735E /* CustomTagView.xib */ = {isa = PBXFileReference; lastKnownFileType = file.xib; path = CustomTagView.xib; sourceTree = "<group>"; };
		D020A4F12BB9DE0D00CA5CAF /* WordTextField.swift */ = {isa = PBXFileReference; lastKnownFileType = sourcecode.swift; path = WordTextField.swift; sourceTree = "<group>"; };
		D02BE80D2C67B26F00140DD3 /* GoogleCloudTranslationService.swift */ = {isa = PBXFileReference; lastKnownFileType = sourcecode.swift; path = GoogleCloudTranslationService.swift; sourceTree = "<group>"; };
		D02E46F62C272CC500418781 /* UserDefaultsManager.swift */ = {isa = PBXFileReference; lastKnownFileType = sourcecode.swift; path = UserDefaultsManager.swift; sourceTree = "<group>"; };
		D03107CB2C16EE6200EEF772 /* CardInformationViewController.swift */ = {isa = PBXFileReference; lastKnownFileType = sourcecode.swift; path = CardInformationViewController.swift; sourceTree = "<group>"; };
		D03107D12C16F2AA00EEF772 /* LearningRecordCell.swift */ = {isa = PBXFileReference; lastKnownFileType = sourcecode.swift; path = LearningRecordCell.swift; sourceTree = "<group>"; };
		D03107D22C16F2AA00EEF772 /* LearningRecordCell.xib */ = {isa = PBXFileReference; lastKnownFileType = file.xib; path = LearningRecordCell.xib; sourceTree = "<group>"; };
		D032145A2BD63C2200512263 /* Preferences.swift */ = {isa = PBXFileReference; lastKnownFileType = sourcecode.swift; path = Preferences.swift; sourceTree = "<group>"; };
		D0344F5F2C56B25D00F721BF /* CDNote+Extension.swift */ = {isa = PBXFileReference; fileEncoding = 4; lastKnownFileType = sourcecode.swift; path = "CDNote+Extension.swift"; sourceTree = "<group>"; };
		D04AC2022C51E78E00F91A07 /* SearchCell.swift */ = {isa = PBXFileReference; lastKnownFileType = sourcecode.swift; path = SearchCell.swift; sourceTree = "<group>"; };
		D04AC2032C51E78E00F91A07 /* SearchCell.xib */ = {isa = PBXFileReference; lastKnownFileType = file.xib; path = SearchCell.xib; sourceTree = "<group>"; };
		D04AC2062C51EF0300F91A07 /* DeckCell.xib */ = {isa = PBXFileReference; lastKnownFileType = file.xib; path = DeckCell.xib; sourceTree = "<group>"; };
		D05D6A1B2C652645006AC6BE /* GoogleService-Info.plist */ = {isa = PBXFileReference; fileEncoding = 4; lastKnownFileType = text.plist.xml; path = "GoogleService-Info.plist"; sourceTree = "<group>"; };
		D0696DD62C31094600FE4FE1 /* UserGeneratedArticleViewController.swift */ = {isa = PBXFileReference; lastKnownFileType = sourcecode.swift; path = UserGeneratedArticleViewController.swift; sourceTree = "<group>"; };
		D083CBE62C15A90700BE98DC /* UIResponder+Extension.swift */ = {isa = PBXFileReference; lastKnownFileType = sourcecode.swift; path = "UIResponder+Extension.swift"; sourceTree = "<group>"; };
		D090166D2C93CB2400A5FBD2 /* Int+Extension.swift */ = {isa = PBXFileReference; lastKnownFileType = sourcecode.swift; path = "Int+Extension.swift"; sourceTree = "<group>"; };
		D09016702C93DCB200A5FBD2 /* CDPracticeArticle+Extension.swift */ = {isa = PBXFileReference; lastKnownFileType = sourcecode.swift; path = "CDPracticeArticle+Extension.swift"; sourceTree = "<group>"; };
		D09016742C93DEF200A5FBD2 /* CDPracticeImage+Extension.swift */ = {isa = PBXFileReference; lastKnownFileType = sourcecode.swift; path = "CDPracticeImage+Extension.swift"; sourceTree = "<group>"; };
		D09016782C93E01900A5FBD2 /* CDUserGeneratedContextTag+Extension.swift */ = {isa = PBXFileReference; lastKnownFileType = sourcecode.swift; path = "CDUserGeneratedContextTag+Extension.swift"; sourceTree = "<group>"; };
		D090167C2C93E56600A5FBD2 /* CDTimepointInformation+Extension.swift */ = {isa = PBXFileReference; lastKnownFileType = sourcecode.swift; path = "CDTimepointInformation+Extension.swift"; sourceTree = "<group>"; };
		D09262B72C097D2400CA90BA /* CoreData.xcdatamodel */ = {isa = PBXFileReference; lastKnownFileType = wrapper.xcdatamodel; path = CoreData.xcdatamodel; sourceTree = "<group>"; };
		D09262B92C097ECD00CA90BA /* CoreDataManager.swift */ = {isa = PBXFileReference; lastKnownFileType = sourcecode.swift; path = CoreDataManager.swift; sourceTree = "<group>"; };
		D09262BE2C097FC600CA90BA /* CDLearningRecord+Extension.swift */ = {isa = PBXFileReference; lastKnownFileType = sourcecode.swift; path = "CDLearningRecord+Extension.swift"; sourceTree = "<group>"; };
		D09262C02C09808400CA90BA /* CDCard+Extension.swift */ = {isa = PBXFileReference; lastKnownFileType = sourcecode.swift; path = "CDCard+Extension.swift"; sourceTree = "<group>"; };
		D09262C22C098A4400CA90BA /* CDLapses+Extension.swift */ = {isa = PBXFileReference; lastKnownFileType = sourcecode.swift; path = "CDLapses+Extension.swift"; sourceTree = "<group>"; };
		D097F15F2C58B75D00248E7B /* GoogleTTSService.swift */ = {isa = PBXFileReference; lastKnownFileType = sourcecode.swift; path = GoogleTTSService.swift; sourceTree = "<group>"; };
		D0A0643E2BFC8E78001AFE08 /* PronounciationView.swift */ = {isa = PBXFileReference; lastKnownFileType = sourcecode.swift; path = PronounciationView.swift; sourceTree = "<group>"; };
		D0A064402BFC913C001AFE08 /* PronounciationView.xib */ = {isa = PBXFileReference; lastKnownFileType = file.xib; path = PronounciationView.xib; sourceTree = "<group>"; };
		D0A064422BFC916C001AFE08 /* NibOwnerLoadable.swift */ = {isa = PBXFileReference; lastKnownFileType = sourcecode.swift; path = NibOwnerLoadable.swift; sourceTree = "<group>"; };
		D0A6E4E82C52060100E1EF35 /* TagView.swift */ = {isa = PBXFileReference; lastKnownFileType = sourcecode.swift; path = TagView.swift; sourceTree = "<group>"; };
		D0A86A672C1B5FA00022DFDD /* ContextCell.swift */ = {isa = PBXFileReference; lastKnownFileType = sourcecode.swift; path = ContextCell.swift; sourceTree = "<group>"; };
		D0AF303D2C43CB6500DF71CD /* TagLabel.swift */ = {isa = PBXFileReference; lastKnownFileType = sourcecode.swift; path = TagLabel.swift; sourceTree = "<group>"; };
		D0B2E3FB2C2BB15F0047B2F5 /* CustomTextView.swift */ = {isa = PBXFileReference; lastKnownFileType = sourcecode.swift; path = CustomTextView.swift; sourceTree = "<group>"; };
		D0D6E0E82C1CB38500C1F95E /* ContextLabel.swift */ = {isa = PBXFileReference; lastKnownFileType = sourcecode.swift; path = ContextLabel.swift; sourceTree = "<group>"; };
		D0D6E0EA2C1DE92C00C1F95E /* ContextStackView.swift */ = {isa = PBXFileReference; lastKnownFileType = sourcecode.swift; path = ContextStackView.swift; sourceTree = "<group>"; };
		D0D8D5F52C0F0920001BB415 /* String+Extension.swift */ = {isa = PBXFileReference; lastKnownFileType = sourcecode.swift; path = "String+Extension.swift"; sourceTree = "<group>"; };
		D0DA5AC12BB66A05008644DC /* NewWord.app */ = {isa = PBXFileReference; explicitFileType = wrapper.application; includeInIndex = 0; path = NewWord.app; sourceTree = BUILT_PRODUCTS_DIR; };
		D0DA5AC42BB66A05008644DC /* AppDelegate.swift */ = {isa = PBXFileReference; lastKnownFileType = sourcecode.swift; path = AppDelegate.swift; sourceTree = "<group>"; };
		D0DA5AC62BB66A05008644DC /* SceneDelegate.swift */ = {isa = PBXFileReference; lastKnownFileType = sourcecode.swift; path = SceneDelegate.swift; sourceTree = "<group>"; };
		D0DA5AC82BB66A05008644DC /* MainViewController.swift */ = {isa = PBXFileReference; lastKnownFileType = sourcecode.swift; path = MainViewController.swift; sourceTree = "<group>"; };
		D0DA5ACB2BB66A05008644DC /* Base */ = {isa = PBXFileReference; lastKnownFileType = file.storyboard; name = Base; path = Base.lproj/Main.storyboard; sourceTree = "<group>"; };
		D0DA5ACD2BB66A07008644DC /* Assets.xcassets */ = {isa = PBXFileReference; lastKnownFileType = folder.assetcatalog; path = Assets.xcassets; sourceTree = "<group>"; };
		D0DA5AD02BB66A07008644DC /* Base */ = {isa = PBXFileReference; lastKnownFileType = file.storyboard; name = Base; path = Base.lproj/LaunchScreen.storyboard; sourceTree = "<group>"; };
		D0DA5AD22BB66A07008644DC /* Info.plist */ = {isa = PBXFileReference; lastKnownFileType = text.plist.xml; path = Info.plist; sourceTree = "<group>"; };
		D0DF66A02C3E3ED600749D96 /* UIView+Extension.swift */ = {isa = PBXFileReference; lastKnownFileType = sourcecode.swift; path = "UIView+Extension.swift"; sourceTree = "<group>"; };
		D0EE06FC2C6A4CFD000B5BC8 /* ChatGPTService.swift */ = {isa = PBXFileReference; lastKnownFileType = sourcecode.swift; path = ChatGPTService.swift; sourceTree = "<group>"; };
/* End PBXFileReference section */

/* Begin PBXFileSystemSynchronizedRootGroup section */
		2A5A77922CA637F000A481BE /* Practice */ = {isa = PBXFileSystemSynchronizedRootGroup; explicitFileTypes = {}; explicitFolders = (); path = Practice; sourceTree = "<group>"; };
/* End PBXFileSystemSynchronizedRootGroup section */

/* Begin PBXFrameworksBuildPhase section */
		D0DA5ABE2BB66A05008644DC /* Frameworks */ = {
			isa = PBXFrameworksBuildPhase;
			buildActionMask = 2147483647;
			files = (
				2A6BA1422C635F2600F0DE3F /* FirebaseDatabase in Frameworks */,
				2A9C8AF62C3BBE3500D839D8 /* OpenCC in Frameworks */,
				2A6BA13E2C635F2600F0DE3F /* FirebaseAnalytics in Frameworks */,
				D0E4EF9E2C67785E00DA66AC /* GoogleTranslateSwift in Frameworks */,
				2A5D608E2C63663B00252A0C /* FirebaseStorage in Frameworks */,
				2A6BA1402C635F2600F0DE3F /* FirebaseAuth in Frameworks */,
				2A6BA1462C63626E00F0DE3F /* FirebaseFirestore in Frameworks */,
			);
			runOnlyForDeploymentPostprocessing = 0;
		};
/* End PBXFrameworksBuildPhase section */

/* Begin PBXGroup section */
		2AFABE712C99114B00BA2347 /* Practice */ = {
			isa = PBXGroup;
			children = (
				2AFABE5E2C98105B00BA2347 /* CDPracticeMap+Extension.swift */,
				2AFABE662C98156D00BA2347 /* CDPracticeSequence+Extension.swift */,
				2AFABE622C98120300BA2347 /* CDPractice+Extension.swift */,
				2A9C73A92C9C0D28006690A5 /* CDPracticePresetStandard+Extension.swift */,
				2AFABE722C99137B00BA2347 /* CDPracticeRecord+Extension.swift */,
				D09016742C93DEF200A5FBD2 /* CDPracticeImage+Extension.swift */,
				D09016702C93DCB200A5FBD2 /* CDPracticeArticle+Extension.swift */,
				2AFABE762C991C2100BA2347 /* CDPracticeRecordStandard+Extension.swift */,
				2AFABE7A2C997FFF00BA2347 /* CDPracticeStatus+Extension.swift */,
				2AB3DC932CA145E0004CAFE3 /* CDUserGeneratedArticle+Extension.swift */,
				D09016782C93E01900A5FBD2 /* CDUserGeneratedContextTag+Extension.swift */,
				2A2BBF5D2CAA436100BA02F2 /* CDPracticeThresholdRule+Extension.swift */,
				2AC3C3E72CAA814D0010E7AA /* CDPracticeServerProvidedContent+Extension.swift */,
			);
			path = Practice;
			sourceTree = "<group>";
		};
		2AFE839F2C893FD400C5AA33 /* Extensions */ = {
			isa = PBXGroup;
			children = (
				2A7B6CD42C0810030017BB5C /* NotificationName+Extension.swift */,
				D0D8D5F52C0F0920001BB415 /* String+Extension.swift */,
				D083CBE62C15A90700BE98DC /* UIResponder+Extension.swift */,
				D0DF66A02C3E3ED600749D96 /* UIView+Extension.swift */,
				2AFF6CA02C5B748800629B26 /* UINavigationController+Extension.swift */,
				2A89D8692C7435AC00DDBFF0 /* UITextView+Extension.swift */,
				2AFE839C2C893FC600C5AA33 /* UIColor+Extension.swift */,
				D090166D2C93CB2400A5FBD2 /* Int+Extension.swift */,
				2A9C73AD2C9C1DBA006690A5 /* Date+Extension.swift */,
			);
			path = Extensions;
			sourceTree = "<group>";
		};
		2AFE83A02C893FFF00C5AA33 /* API */ = {
			isa = PBXGroup;
			children = (
				D0EE06FC2C6A4CFD000B5BC8 /* ChatGPTService.swift */,
				D097F15F2C58B75D00248E7B /* GoogleTTSService.swift */,
				D02BE80D2C67B26F00140DD3 /* GoogleCloudTranslationService.swift */,
			);
			path = API;
			sourceTree = "<group>";
		};
		D0058CE72BBA713B00D2BB25 /* ViewModels */ = {
			isa = PBXGroup;
			children = (
				2A7045592C7FF7AB00A58672 /* ClozeViewControllerViewModel.swift */,
				D0058CE82BBA714F00D2BB25 /* SentenceClozeViewModel.swift */,
				2A2176842C06AA75002ADE9A /* ShowCardsViewControllerViewModel.swift */,
				2A17DAF92C157C7F00919642 /* ClozeViewViewModel.swift */,
				2A67688A2C3294470040C89F /* WordSelectorViewControllerViewModel.swift */,
				2AF8868F2C539B1C00E7FA3E /* ListeningClozeViewViewModel.swift */,
			);
			path = ViewModels;
			sourceTree = "<group>";
		};
		D020A4EA2BB9D8E700CA5CAF /* Views */ = {
			isa = PBXGroup;
			children = (
				2A5A77922CA637F000A481BE /* Practice */,
				2A18E7B32BE74008005139C8 /* DeckCell.swift */,
				D04AC2062C51EF0300F91A07 /* DeckCell.xib */,
				D020A4F12BB9DE0D00CA5CAF /* WordTextField.swift */,
				D0A0643E2BFC8E78001AFE08 /* PronounciationView.swift */,
				D0A064402BFC913C001AFE08 /* PronounciationView.xib */,
				D00A72F02BFDEDA00064F325 /* NoCardView.swift */,
				D00A72EE2BFDEC5A0064F325 /* NoCardView.xib */,
				2A791A6D2C0EF1FA00C26FFB /* ContextRevisionInputAccessoryView.swift */,
				2A791A6B2C0EF1D100C26FFB /* ContextRevisionInputAccessoryView.xib */,
				2A17DAF72C1579E400919642 /* ClozeView.swift */,
				2A17DAF52C1579D700919642 /* ClozeView.xib */,
				2A17DAFD2C158C5A00919642 /* InputAccessoryView.swift */,
				2A17DAFB2C158C3B00919642 /* InputAccessoryView.xib */,
				D03107D12C16F2AA00EEF772 /* LearningRecordCell.swift */,
				D03107D22C16F2AA00EEF772 /* LearningRecordCell.xib */,
				D0D6E0E82C1CB38500C1F95E /* ContextLabel.swift */,
				D0D6E0EA2C1DE92C00C1F95E /* ContextStackView.swift */,
				D0A86A672C1B5FA00022DFDD /* ContextCell.swift */,
				D0B2E3FB2C2BB15F0047B2F5 /* CustomTextView.swift */,
				2AC3D4212C2D52BC00B72791 /* SearchSelectionCell.swift */,
				2AC3D4222C2D52BC00B72791 /* SearchSelectionCell.xib */,
				2AED807C2C2E987B001E675A /* SearchClozeResultCell.swift */,
				2AED807D2C2E987B001E675A /* SearchClozeResultCell.xib */,
				2A67688C2C3322590040C89F /* AddTagTextView.swift */,
				2A034F802C37CCB600AEDA65 /* CustomNumberTagView.swift */,
				2A034F7C2C3682C800AEDA65 /* CustomNumberTagView.xib */,
				D019610F2C43BEA70040735E /* CustomTagView.swift */,
				D01961112C43BEB20040735E /* CustomTagView.xib */,
				D0AF303D2C43CB6500DF71CD /* TagLabel.swift */,
				D0A6E4E82C52060100E1EF35 /* TagView.swift */,
				2A02EF272C4A386500E21A6E /* TagTestingCell.swift */,
				2A02EF282C4A386500E21A6E /* TagTestingCell.xib */,
				D04AC2022C51E78E00F91A07 /* SearchCell.swift */,
				D04AC2032C51E78E00F91A07 /* SearchCell.xib */,
				2AC5D8B82C54941B0090AEBB /* PlayButton.swift */,
				2AC5D8BA2C54942A0090AEBB /* PlayButton.xib */,
				2AC3E5922C5602EB002CC242 /* SettingCell.swift */,
				2AFF6C9A2C5B5FF100629B26 /* ExploreCell.swift */,
				2AFF6C9B2C5B5FF100629B26 /* ExploreCell.xib */,
				2A0D41F22C6EF2C3000B1B3B /* ArticlePlayButtonView.swift */,
				2A0D41F02C6EF1D0000B1B3B /* ArticlePlayButtonView.xib */,
				2A89D86D2C74721600DDBFF0 /* PracticeModeSelectorView.swift */,
				2A89D86B2C7471FA00DDBFF0 /* PracticeModeSelectorView.xib */,
				2AFC91482C7C4F6F002C2AD1 /* PracticeSequenceCell.swift */,
				2AFC91492C7C4F6F002C2AD1 /* PracticeSequenceCell.xib */,
				2AFC914E2C7C5B85002C2AD1 /* PracticeSettingCell.swift */,
				2AFC914F2C7C5B85002C2AD1 /* PracticeSettingCell.xib */,
				2AFC91522C7C6634002C2AD1 /* PracticeSettingHeaderView.swift */,
				2AFC91532C7C6634002C2AD1 /* PracticeSettingHeaderView.xib */,
				2AFC91562C7C6BA3002C2AD1 /* SeparatorFooterView.swift */,
				2A7045552C7DC35D00A58672 /* RadioButtonCell.swift */,
				2A7045562C7DC35D00A58672 /* RadioButtonCell.xib */,
				2A4DA6902C9D448600CC6CDD /* PracticeButton.swift */,
				2A4DA68E2C9D434B00CC6CDD /* PracticeButton.xib */,
				2A2BBF612CAA46D300BA02F2 /* PracticeCompletionCollectionViewCell.swift */,
				2A2BBF622CAA46D300BA02F2 /* PracticeCompletionCollectionViewCell.xib */,
			);
			path = Views;
			sourceTree = "<group>";
		};
		D04EB7582BB66ED5009E3A41 /* Models */ = {
			isa = PBXGroup;
			children = (
				D09262BB2C097F2A00CA90BA /* CoreData */,
				2A70455B2C7FF94900A58672 /* ClozeWord.swift */,
				2A034E822C75879C00668F02 /* Tag.swift */,
				2A034E842C75902D00668F02 /* TranslationPair.swift */,
				2A6BA1432C63622B00F0DE3F /* FirebaseManager.swift */,
			);
			path = Models;
			sourceTree = "<group>";
		};
		D04EB75F2BB670D3009E3A41 /* Controllers */ = {
			isa = PBXGroup;
			children = (
				D0DA5ACA2BB66A05008644DC /* Main.storyboard */,
				D0DA5AC82BB66A05008644DC /* MainViewController.swift */,
				2A7F3C0F2C5B5A3C0028150D /* ExploreViewController.swift */,
				2A38F8BE2BE48F47003F058F /* ReviewViewController.swift */,
				2A38F8C22BE48FB2003F058F /* SearchViewController.swift */,
				2AED807A2C2E9698001E675A /* SearchClozeResultViewController.swift */,
				2AC3D4252C2D550200B72791 /* SearchDeckViewController.swift */,
				2A38F8C42BE48FD4003F058F /* SettingsViewController.swift */,
				2A9AFEAB2BE8AA140085766C /* RevisePresetViewController.swift */,
				2AB8CC022BF5887300BFFD4A /* ShowCardsViewController.swift */,
				2A7B6CCE2C0809FE0017BB5C /* ReviseDeckViewController.swift */,
				2A7B6CD62C081B8E0017BB5C /* ReviseNameViewController.swift */,
				2A24E8D32C50DF39006C1032 /* ReviseContextViewController.swift */,
				D03107CB2C16EE6200EEF772 /* CardInformationViewController.swift */,
				2ADC28BD2C4A3A6F00999C71 /* TagSettingViewController.swift */,
				2AFF6C9E2C5B6F8B00629B26 /* ServerProvidedArticleViewController.swift */,
				D0696DD62C31094600FE4FE1 /* UserGeneratedArticleViewController.swift */,
				2AFC91462C7C4BB9002C2AD1 /* PracticeMapViewController.swift */,
				2AFC914C2C7C5720002C2AD1 /* PracticeSettingViewController.swift */,
				2A2BBF5B2CAA40E100BA02F2 /* PracticeCompletionViewController.swift */,
				2A9911DD2CAB7FA3004F2625 /* SelectPracticeTypeViewController.swift */,
				2A9911E12CAB8D91004F2625 /* SelectDeckViewController.swift */,
				2A9911DB2CAB7E1B004F2625 /* ReusableRadioButtonCollectionViewController.swift */,
			);
			path = Controllers;
			sourceTree = "<group>";
		};
		D04EB7602BB670DD009E3A41 /* Utils */ = {
			isa = PBXGroup;
			children = (
				D0DA5AC42BB66A05008644DC /* AppDelegate.swift */,
				D0DA5AC62BB66A05008644DC /* SceneDelegate.swift */,
				2A2683762C6DA4DD00FFF81D /* AudioPlayer.swift */,
				D0A064422BFC916C001AFE08 /* NibOwnerLoadable.swift */,
				2A7B6CD02C080A900017BB5C /* StoryboardGenerated.swift */,
				2A7B6CD22C080B440017BB5C /* Constants.swift */,
				D032145A2BD63C2200512263 /* Preferences.swift */,
				D02E46F62C272CC500418781 /* UserDefaultsManager.swift */,
				2A1A5DA22C719D6600B94037 /* SkeletonLoadable.swift */,
				D0DA5ACF2BB66A07008644DC /* LaunchScreen.storyboard */,
				D0DA5ACD2BB66A07008644DC /* Assets.xcassets */,
				2A9C73A72C9C08FF006690A5 /* TimeConverter.swift */,
			);
			path = Utils;
			sourceTree = "<group>";
		};
		D09262BB2C097F2A00CA90BA /* CoreData */ = {
			isa = PBXGroup;
			children = (
				2AFABE712C99114B00BA2347 /* Practice */,
				D09262B92C097ECD00CA90BA /* CoreDataManager.swift */,
				2AFABE6E2C99111300BA2347 /* CDDeck+Extension.swift */,
				D090167C2C93E56600A5FBD2 /* CDTimepointInformation+Extension.swift */,
				D0344F5F2C56B25D00F721BF /* CDNote+Extension.swift */,
				D09262C02C09808400CA90BA /* CDCard+Extension.swift */,
				D09262BE2C097FC600CA90BA /* CDLearningRecord+Extension.swift */,
				D09262C22C098A4400CA90BA /* CDLapses+Extension.swift */,
				2A5EFEF22C09C0450068672B /* CDWord+Extension.swift */,
				D09262B62C097D2400CA90BA /* DataModel.xcdatamodeld */,
			);
			path = CoreData;
			sourceTree = "<group>";
		};
		D0DA5AB82BB66A05008644DC = {
			isa = PBXGroup;
			children = (
				D0DA5AC32BB66A05008644DC /* NewWord */,
				D0DA5AC22BB66A05008644DC /* Products */,
			);
			sourceTree = "<group>";
		};
		D0DA5AC22BB66A05008644DC /* Products */ = {
			isa = PBXGroup;
			children = (
				D0DA5AC12BB66A05008644DC /* NewWord.app */,
			);
			name = Products;
			sourceTree = "<group>";
		};
		D0DA5AC32BB66A05008644DC /* NewWord */ = {
			isa = PBXGroup;
			children = (
				D04EB75F2BB670D3009E3A41 /* Controllers */,
				D0058CE72BBA713B00D2BB25 /* ViewModels */,
				D04EB7582BB66ED5009E3A41 /* Models */,
				D020A4EA2BB9D8E700CA5CAF /* Views */,
				D04EB7602BB670DD009E3A41 /* Utils */,
				2AFE83A02C893FFF00C5AA33 /* API */,
				2AFE839F2C893FD400C5AA33 /* Extensions */,
				D05D6A1B2C652645006AC6BE /* GoogleService-Info.plist */,
				D0DA5AD22BB66A07008644DC /* Info.plist */,
			);
			path = NewWord;
			sourceTree = "<group>";
		};
/* End PBXGroup section */

/* Begin PBXNativeTarget section */
		D0DA5AC02BB66A05008644DC /* NewWord */ = {
			isa = PBXNativeTarget;
			buildConfigurationList = D0DA5AD52BB66A07008644DC /* Build configuration list for PBXNativeTarget "NewWord" */;
			buildPhases = (
				D0DA5ABD2BB66A05008644DC /* Sources */,
				D0DA5ABE2BB66A05008644DC /* Frameworks */,
				D0DA5ABF2BB66A05008644DC /* Resources */,
			);
			buildRules = (
			);
			dependencies = (
			);
			fileSystemSynchronizedGroups = (
				2A5A77922CA637F000A481BE /* Practice */,
			);
			name = NewWord;
			packageProductDependencies = (
				2A9C8AF52C3BBE3500D839D8 /* OpenCC */,
				2A6BA13D2C635F2600F0DE3F /* FirebaseAnalytics */,
				2A6BA13F2C635F2600F0DE3F /* FirebaseAuth */,
				2A6BA1412C635F2600F0DE3F /* FirebaseDatabase */,
				2A6BA1452C63626E00F0DE3F /* FirebaseFirestore */,
				2A5D608D2C63663B00252A0C /* FirebaseStorage */,
				D0E4EF9D2C67785E00DA66AC /* GoogleTranslateSwift */,
			);
			productName = NewWord;
			productReference = D0DA5AC12BB66A05008644DC /* NewWord.app */;
			productType = "com.apple.product-type.application";
		};
/* End PBXNativeTarget section */

/* Begin PBXProject section */
		D0DA5AB92BB66A05008644DC /* Project object */ = {
			isa = PBXProject;
			attributes = {
				BuildIndependentTargetsInParallel = 1;
				LastSwiftUpdateCheck = 1530;
				LastUpgradeCheck = 1530;
				TargetAttributes = {
					D0DA5AC02BB66A05008644DC = {
						CreatedOnToolsVersion = 15.3;
					};
				};
			};
			buildConfigurationList = D0DA5ABC2BB66A05008644DC /* Build configuration list for PBXProject "NewWord" */;
			compatibilityVersion = "Xcode 14.0";
			developmentRegion = en;
			hasScannedForEncodings = 0;
			knownRegions = (
				en,
				Base,
			);
			mainGroup = D0DA5AB82BB66A05008644DC;
			packageReferences = (
				2A9C8AF42C3BBE3500D839D8 /* XCRemoteSwiftPackageReference "SwiftyOpenCC" */,
				2A6BA13C2C635F2600F0DE3F /* XCRemoteSwiftPackageReference "firebase-ios-sdk" */,
				D0E4EF9C2C67785E00DA66AC /* XCRemoteSwiftPackageReference "GoogleTranslateSwift" */,
			);
			productRefGroup = D0DA5AC22BB66A05008644DC /* Products */;
			projectDirPath = "";
			projectRoot = "";
			targets = (
				D0DA5AC02BB66A05008644DC /* NewWord */,
			);
		};
/* End PBXProject section */

/* Begin PBXResourcesBuildPhase section */
		D0DA5ABF2BB66A05008644DC /* Resources */ = {
			isa = PBXResourcesBuildPhase;
			buildActionMask = 2147483647;
			files = (
				2A0D41F12C6EF1D0000B1B3B /* ArticlePlayButtonView.xib in Resources */,
				2AC3D4242C2D52BC00B72791 /* SearchSelectionCell.xib in Resources */,
				2A4DA68F2C9D434B00CC6CDD /* PracticeButton.xib in Resources */,
				D0DA5ACE2BB66A07008644DC /* Assets.xcassets in Resources */,
				2AFC91502C7C5B85002C2AD1 /* PracticeSettingCell.xib in Resources */,
				2A034F7D2C3682C800AEDA65 /* CustomNumberTagView.xib in Resources */,
				D01961122C43BEB20040735E /* CustomTagView.xib in Resources */,
				2A17DAF62C1579D700919642 /* ClozeView.xib in Resources */,
				2A7045572C7DC35D00A58672 /* RadioButtonCell.xib in Resources */,
				2A791A6C2C0EF1D100C26FFB /* ContextRevisionInputAccessoryView.xib in Resources */,
				D04AC2072C51EF0300F91A07 /* DeckCell.xib in Resources */,
				D0DA5AD12BB66A07008644DC /* Base in Resources */,
				2AC5D8BB2C54942A0090AEBB /* PlayButton.xib in Resources */,
				2AFC91542C7C6634002C2AD1 /* PracticeSettingHeaderView.xib in Resources */,
				2AFC914B2C7C4F6F002C2AD1 /* PracticeSequenceCell.xib in Resources */,
				2AED807F2C2E987B001E675A /* SearchClozeResultCell.xib in Resources */,
				D04AC2052C51E78E00F91A07 /* SearchCell.xib in Resources */,
				2A17DAFC2C158C3B00919642 /* InputAccessoryView.xib in Resources */,
				D0A064412BFC913C001AFE08 /* PronounciationView.xib in Resources */,
				2A2BBF642CAA46D300BA02F2 /* PracticeCompletionCollectionViewCell.xib in Resources */,
				2A89D86C2C7471FA00DDBFF0 /* PracticeModeSelectorView.xib in Resources */,
				D00A72EF2BFDEC5A0064F325 /* NoCardView.xib in Resources */,
				2A02EF2A2C4A386500E21A6E /* TagTestingCell.xib in Resources */,
				2AFF6C9C2C5B5FF100629B26 /* ExploreCell.xib in Resources */,
				D05D6A1C2C652645006AC6BE /* GoogleService-Info.plist in Resources */,
				D03107D32C16F2AA00EEF772 /* LearningRecordCell.xib in Resources */,
				D0DA5ACC2BB66A05008644DC /* Base in Resources */,
			);
			runOnlyForDeploymentPostprocessing = 0;
		};
/* End PBXResourcesBuildPhase section */

/* Begin PBXSourcesBuildPhase section */
		D0DA5ABD2BB66A05008644DC /* Sources */ = {
			isa = PBXSourcesBuildPhase;
			buildActionMask = 2147483647;
			files = (
				2A034F812C37CCB600AEDA65 /* CustomNumberTagView.swift in Sources */,
				D0DA5AC92BB66A05008644DC /* MainViewController.swift in Sources */,
				2AED807B2C2E9698001E675A /* SearchClozeResultViewController.swift in Sources */,
				2A6BA1442C63622B00F0DE3F /* FirebaseManager.swift in Sources */,
				2AFE839D2C893FC600C5AA33 /* UIColor+Extension.swift in Sources */,
				2A9911DE2CAB7FA3004F2625 /* SelectPracticeTypeViewController.swift in Sources */,
				2A7B6CD12C080A900017BB5C /* StoryboardGenerated.swift in Sources */,
				2A38F8C52BE48FD4003F058F /* SettingsViewController.swift in Sources */,
				2A9911DC2CAB7E1B004F2625 /* ReusableRadioButtonCollectionViewController.swift in Sources */,
				2AC3D4262C2D550200B72791 /* SearchDeckViewController.swift in Sources */,
				2ADC28BE2C4A3A6F00999C71 /* TagSettingViewController.swift in Sources */,
				2A791A6E2C0EF1FA00C26FFB /* ContextRevisionInputAccessoryView.swift in Sources */,
				2A7B6CCF2C0809FE0017BB5C /* ReviseDeckViewController.swift in Sources */,
				D0D6E0E92C1CB38500C1F95E /* ContextLabel.swift in Sources */,
				2A9C73AE2C9C1DBA006690A5 /* Date+Extension.swift in Sources */,
				2A2BBF632CAA46D300BA02F2 /* PracticeCompletionCollectionViewCell.swift in Sources */,
				2AFC91512C7C5B85002C2AD1 /* PracticeSettingCell.swift in Sources */,
				2A034E852C75902D00668F02 /* TranslationPair.swift in Sources */,
				D01961102C43BEA70040735E /* CustomTagView.swift in Sources */,
				D02BE80E2C67B26F00140DD3 /* GoogleCloudTranslationService.swift in Sources */,
				D032145B2BD63C2200512263 /* Preferences.swift in Sources */,
				2A18E7B42BE74008005139C8 /* DeckCell.swift in Sources */,
				2AFC91552C7C6634002C2AD1 /* PracticeSettingHeaderView.swift in Sources */,
				D0A064432BFC916C001AFE08 /* NibOwnerLoadable.swift in Sources */,
				D0058CE92BBA714F00D2BB25 /* SentenceClozeViewModel.swift in Sources */,
				2A2BBF5F2CAA436100BA02F2 /* CDPracticeThresholdRule+Extension.swift in Sources */,
				2A02EF292C4A386500E21A6E /* TagTestingCell.swift in Sources */,
				2A67688D2C3322590040C89F /* AddTagTextView.swift in Sources */,
				2AFABE7C2C997FFF00BA2347 /* CDPracticeStatus+Extension.swift in Sources */,
				D0D8D5F62C0F0920001BB415 /* String+Extension.swift in Sources */,
				2A38F8BF2BE48F47003F058F /* ReviewViewController.swift in Sources */,
				2AC3E5932C5602EB002CC242 /* SettingCell.swift in Sources */,
				2A9AFEAC2BE8AA140085766C /* RevisePresetViewController.swift in Sources */,
				D090166E2C93CB2400A5FBD2 /* Int+Extension.swift in Sources */,
				2AFABE602C98105B00BA2347 /* CDPracticeMap+Extension.swift in Sources */,
				2A0D41F32C6EF2C3000B1B3B /* ArticlePlayButtonView.swift in Sources */,
				2AFABE702C99111300BA2347 /* CDDeck+Extension.swift in Sources */,
				D0DF66A12C3E3ED600749D96 /* UIView+Extension.swift in Sources */,
				2A38F8C32BE48FB2003F058F /* SearchViewController.swift in Sources */,
				D0344F602C56B25D00F721BF /* CDNote+Extension.swift in Sources */,
				2A5EFEF32C09C0450068672B /* CDWord+Extension.swift in Sources */,
				2A9C73AB2C9C0D28006690A5 /* CDPracticePresetStandard+Extension.swift in Sources */,
				2AED807E2C2E987B001E675A /* SearchClozeResultCell.swift in Sources */,
				D02E46F72C272CC500418781 /* UserDefaultsManager.swift in Sources */,
				2AC3D4232C2D52BC00B72791 /* SearchSelectionCell.swift in Sources */,
				D090167E2C93E56600A5FBD2 /* CDTimepointInformation+Extension.swift in Sources */,
				2A70455A2C7FF7AC00A58672 /* ClozeViewControllerViewModel.swift in Sources */,
				2A9C73A82C9C08FF006690A5 /* TimeConverter.swift in Sources */,
				2A70455C2C7FF94A00A58672 /* ClozeWord.swift in Sources */,
				2A7045582C7DC35D00A58672 /* RadioButtonCell.swift in Sources */,
				2A89D86A2C7435AC00DDBFF0 /* UITextView+Extension.swift in Sources */,
				2A17DAFA2C157C7F00919642 /* ClozeViewViewModel.swift in Sources */,
				2A9911E22CAB8D91004F2625 /* SelectDeckViewController.swift in Sources */,
				D0DA5AC52BB66A05008644DC /* AppDelegate.swift in Sources */,
				D09262C32C098A4400CA90BA /* CDLapses+Extension.swift in Sources */,
				2A24E8D42C50DF39006C1032 /* ReviseContextViewController.swift in Sources */,
				2A1A5DA32C719D6600B94037 /* SkeletonLoadable.swift in Sources */,
				2AFC91572C7C6BA3002C2AD1 /* SeparatorFooterView.swift in Sources */,
				D020A4F22BB9DE0D00CA5CAF /* WordTextField.swift in Sources */,
				2AB3DC952CA145E0004CAFE3 /* CDUserGeneratedArticle+Extension.swift in Sources */,
				D03107CC2C16EE6200EEF772 /* CardInformationViewController.swift in Sources */,
				2A2683772C6DA4DD00FFF81D /* AudioPlayer.swift in Sources */,
				2A7B6CD72C081B8E0017BB5C /* ReviseNameViewController.swift in Sources */,
				2AFC914D2C7C5720002C2AD1 /* PracticeSettingViewController.swift in Sources */,
				2A7B6CD52C0810030017BB5C /* NotificationName+Extension.swift in Sources */,
				2AFC914A2C7C4F6F002C2AD1 /* PracticeSequenceCell.swift in Sources */,
				D09016722C93DCB200A5FBD2 /* CDPracticeArticle+Extension.swift in Sources */,
				D0A6E4E92C52060100E1EF35 /* TagView.swift in Sources */,
				2AFF6C9F2C5B6F8B00629B26 /* ServerProvidedArticleViewController.swift in Sources */,
				2AFABE742C99137B00BA2347 /* CDPracticeRecord+Extension.swift in Sources */,
				2A7F3C102C5B5A3C0028150D /* ExploreViewController.swift in Sources */,
				2AFABE642C98120300BA2347 /* CDPractice+Extension.swift in Sources */,
				D0D6E0EB2C1DE92C00C1F95E /* ContextStackView.swift in Sources */,
				2AB8CC032BF5887300BFFD4A /* ShowCardsViewController.swift in Sources */,
				D0696DD72C31094600FE4FE1 /* UserGeneratedArticleViewController.swift in Sources */,
				D09016762C93DEF200A5FBD2 /* CDPracticeImage+Extension.swift in Sources */,
				D09262B82C097D2400CA90BA /* DataModel.xcdatamodeld in Sources */,
				2A2176852C06AA75002ADE9A /* ShowCardsViewControllerViewModel.swift in Sources */,
				D03107D42C16F2AA00EEF772 /* LearningRecordCell.swift in Sources */,
				2A67688B2C3294470040C89F /* WordSelectorViewControllerViewModel.swift in Sources */,
				2AFABE782C991C2100BA2347 /* CDPracticeRecordStandard+Extension.swift in Sources */,
				D0EE06FD2C6A4CFD000B5BC8 /* ChatGPTService.swift in Sources */,
				D083CBE72C15A90700BE98DC /* UIResponder+Extension.swift in Sources */,
				2A4DA6912C9D448600CC6CDD /* PracticeButton.swift in Sources */,
				2AC5D8B92C54941B0090AEBB /* PlayButton.swift in Sources */,
				D09262C12C09808400CA90BA /* CDCard+Extension.swift in Sources */,
				2AF886902C539B1C00E7FA3E /* ListeningClozeViewViewModel.swift in Sources */,
				D04AC2042C51E78E00F91A07 /* SearchCell.swift in Sources */,
				2A17DAFE2C158C5A00919642 /* InputAccessoryView.swift in Sources */,
				2A89D86E2C74721600DDBFF0 /* PracticeModeSelectorView.swift in Sources */,
				D0A0643F2BFC8E78001AFE08 /* PronounciationView.swift in Sources */,
				2AFC91472C7C4BB9002C2AD1 /* PracticeMapViewController.swift in Sources */,
				2AC3C3E92CAA814D0010E7AA /* CDPracticeServerProvidedContent+Extension.swift in Sources */,
				2AFABE682C98156D00BA2347 /* CDPracticeSequence+Extension.swift in Sources */,
				D0B2E3FC2C2BB15F0047B2F5 /* CustomTextView.swift in Sources */,
				D0AF303E2C43CB6500DF71CD /* TagLabel.swift in Sources */,
				D0A86A682C1B5FA00022DFDD /* ContextCell.swift in Sources */,
				D090167A2C93E01900A5FBD2 /* CDUserGeneratedContextTag+Extension.swift in Sources */,
				2A2BBF5C2CAA40E100BA02F2 /* PracticeCompletionViewController.swift in Sources */,
				D0DA5AC72BB66A05008644DC /* SceneDelegate.swift in Sources */,
				2A17DAF82C1579E400919642 /* ClozeView.swift in Sources */,
				D00A72F12BFDEDA00064F325 /* NoCardView.swift in Sources */,
				2A034E832C75879C00668F02 /* Tag.swift in Sources */,
				D09262BA2C097ECD00CA90BA /* CoreDataManager.swift in Sources */,
				D09262BF2C097FC600CA90BA /* CDLearningRecord+Extension.swift in Sources */,
				2A7B6CD32C080B440017BB5C /* Constants.swift in Sources */,
				2AFF6CA12C5B748800629B26 /* UINavigationController+Extension.swift in Sources */,
				D097F1602C58B75D00248E7B /* GoogleTTSService.swift in Sources */,
				2AFF6C9D2C5B5FF100629B26 /* ExploreCell.swift in Sources */,
			);
			runOnlyForDeploymentPostprocessing = 0;
		};
/* End PBXSourcesBuildPhase section */

/* Begin PBXVariantGroup section */
		D0DA5ACA2BB66A05008644DC /* Main.storyboard */ = {
			isa = PBXVariantGroup;
			children = (
				D0DA5ACB2BB66A05008644DC /* Base */,
			);
			name = Main.storyboard;
			sourceTree = "<group>";
		};
		D0DA5ACF2BB66A07008644DC /* LaunchScreen.storyboard */ = {
			isa = PBXVariantGroup;
			children = (
				D0DA5AD02BB66A07008644DC /* Base */,
			);
			name = LaunchScreen.storyboard;
			sourceTree = "<group>";
		};
/* End PBXVariantGroup section */

/* Begin XCBuildConfiguration section */
		D0DA5AD32BB66A07008644DC /* Debug */ = {
			isa = XCBuildConfiguration;
			buildSettings = {
				ALWAYS_SEARCH_USER_PATHS = NO;
				ASSETCATALOG_COMPILER_GENERATE_SWIFT_ASSET_SYMBOL_EXTENSIONS = YES;
				CLANG_ANALYZER_NONNULL = YES;
				CLANG_ANALYZER_NUMBER_OBJECT_CONVERSION = YES_AGGRESSIVE;
				CLANG_CXX_LANGUAGE_STANDARD = "gnu++20";
				CLANG_ENABLE_MODULES = YES;
				CLANG_ENABLE_OBJC_ARC = YES;
				CLANG_ENABLE_OBJC_WEAK = YES;
				CLANG_WARN_BLOCK_CAPTURE_AUTORELEASING = YES;
				CLANG_WARN_BOOL_CONVERSION = YES;
				CLANG_WARN_COMMA = YES;
				CLANG_WARN_CONSTANT_CONVERSION = YES;
				CLANG_WARN_DEPRECATED_OBJC_IMPLEMENTATIONS = YES;
				CLANG_WARN_DIRECT_OBJC_ISA_USAGE = YES_ERROR;
				CLANG_WARN_DOCUMENTATION_COMMENTS = YES;
				CLANG_WARN_EMPTY_BODY = YES;
				CLANG_WARN_ENUM_CONVERSION = YES;
				CLANG_WARN_INFINITE_RECURSION = YES;
				CLANG_WARN_INT_CONVERSION = YES;
				CLANG_WARN_NON_LITERAL_NULL_CONVERSION = YES;
				CLANG_WARN_OBJC_IMPLICIT_RETAIN_SELF = YES;
				CLANG_WARN_OBJC_LITERAL_CONVERSION = YES;
				CLANG_WARN_OBJC_ROOT_CLASS = YES_ERROR;
				CLANG_WARN_QUOTED_INCLUDE_IN_FRAMEWORK_HEADER = YES;
				CLANG_WARN_RANGE_LOOP_ANALYSIS = YES;
				CLANG_WARN_STRICT_PROTOTYPES = YES;
				CLANG_WARN_SUSPICIOUS_MOVE = YES;
				CLANG_WARN_UNGUARDED_AVAILABILITY = YES_AGGRESSIVE;
				CLANG_WARN_UNREACHABLE_CODE = YES;
				CLANG_WARN__DUPLICATE_METHOD_MATCH = YES;
				COPY_PHASE_STRIP = NO;
				DEBUG_INFORMATION_FORMAT = dwarf;
				ENABLE_STRICT_OBJC_MSGSEND = YES;
				ENABLE_TESTABILITY = YES;
				ENABLE_USER_SCRIPT_SANDBOXING = YES;
				GCC_C_LANGUAGE_STANDARD = gnu17;
				GCC_DYNAMIC_NO_PIC = NO;
				GCC_NO_COMMON_BLOCKS = YES;
				GCC_OPTIMIZATION_LEVEL = 0;
				GCC_PREPROCESSOR_DEFINITIONS = (
					"DEBUG=1",
					"$(inherited)",
				);
				GCC_WARN_64_TO_32_BIT_CONVERSION = YES;
				GCC_WARN_ABOUT_RETURN_TYPE = YES_ERROR;
				GCC_WARN_UNDECLARED_SELECTOR = YES;
				GCC_WARN_UNINITIALIZED_AUTOS = YES_AGGRESSIVE;
				GCC_WARN_UNUSED_FUNCTION = YES;
				GCC_WARN_UNUSED_VARIABLE = YES;
				IPHONEOS_DEPLOYMENT_TARGET = 17.4;
				LOCALIZATION_PREFERS_STRING_CATALOGS = YES;
				MTL_ENABLE_DEBUG_INFO = INCLUDE_SOURCE;
				MTL_FAST_MATH = YES;
				ONLY_ACTIVE_ARCH = YES;
				SDKROOT = iphoneos;
				SWIFT_ACTIVE_COMPILATION_CONDITIONS = "DEBUG $(inherited)";
				SWIFT_OPTIMIZATION_LEVEL = "-Onone";
			};
			name = Debug;
		};
		D0DA5AD42BB66A07008644DC /* Release */ = {
			isa = XCBuildConfiguration;
			buildSettings = {
				ALWAYS_SEARCH_USER_PATHS = NO;
				ASSETCATALOG_COMPILER_GENERATE_SWIFT_ASSET_SYMBOL_EXTENSIONS = YES;
				CLANG_ANALYZER_NONNULL = YES;
				CLANG_ANALYZER_NUMBER_OBJECT_CONVERSION = YES_AGGRESSIVE;
				CLANG_CXX_LANGUAGE_STANDARD = "gnu++20";
				CLANG_ENABLE_MODULES = YES;
				CLANG_ENABLE_OBJC_ARC = YES;
				CLANG_ENABLE_OBJC_WEAK = YES;
				CLANG_WARN_BLOCK_CAPTURE_AUTORELEASING = YES;
				CLANG_WARN_BOOL_CONVERSION = YES;
				CLANG_WARN_COMMA = YES;
				CLANG_WARN_CONSTANT_CONVERSION = YES;
				CLANG_WARN_DEPRECATED_OBJC_IMPLEMENTATIONS = YES;
				CLANG_WARN_DIRECT_OBJC_ISA_USAGE = YES_ERROR;
				CLANG_WARN_DOCUMENTATION_COMMENTS = YES;
				CLANG_WARN_EMPTY_BODY = YES;
				CLANG_WARN_ENUM_CONVERSION = YES;
				CLANG_WARN_INFINITE_RECURSION = YES;
				CLANG_WARN_INT_CONVERSION = YES;
				CLANG_WARN_NON_LITERAL_NULL_CONVERSION = YES;
				CLANG_WARN_OBJC_IMPLICIT_RETAIN_SELF = YES;
				CLANG_WARN_OBJC_LITERAL_CONVERSION = YES;
				CLANG_WARN_OBJC_ROOT_CLASS = YES_ERROR;
				CLANG_WARN_QUOTED_INCLUDE_IN_FRAMEWORK_HEADER = YES;
				CLANG_WARN_RANGE_LOOP_ANALYSIS = YES;
				CLANG_WARN_STRICT_PROTOTYPES = YES;
				CLANG_WARN_SUSPICIOUS_MOVE = YES;
				CLANG_WARN_UNGUARDED_AVAILABILITY = YES_AGGRESSIVE;
				CLANG_WARN_UNREACHABLE_CODE = YES;
				CLANG_WARN__DUPLICATE_METHOD_MATCH = YES;
				COPY_PHASE_STRIP = NO;
				DEBUG_INFORMATION_FORMAT = "dwarf-with-dsym";
				ENABLE_NS_ASSERTIONS = NO;
				ENABLE_STRICT_OBJC_MSGSEND = YES;
				ENABLE_USER_SCRIPT_SANDBOXING = YES;
				GCC_C_LANGUAGE_STANDARD = gnu17;
				GCC_NO_COMMON_BLOCKS = YES;
				GCC_WARN_64_TO_32_BIT_CONVERSION = YES;
				GCC_WARN_ABOUT_RETURN_TYPE = YES_ERROR;
				GCC_WARN_UNDECLARED_SELECTOR = YES;
				GCC_WARN_UNINITIALIZED_AUTOS = YES_AGGRESSIVE;
				GCC_WARN_UNUSED_FUNCTION = YES;
				GCC_WARN_UNUSED_VARIABLE = YES;
				IPHONEOS_DEPLOYMENT_TARGET = 17.4;
				LOCALIZATION_PREFERS_STRING_CATALOGS = YES;
				MTL_ENABLE_DEBUG_INFO = NO;
				MTL_FAST_MATH = YES;
				SDKROOT = iphoneos;
				SWIFT_COMPILATION_MODE = wholemodule;
				VALIDATE_PRODUCT = YES;
			};
			name = Release;
		};
		D0DA5AD62BB66A07008644DC /* Debug */ = {
			isa = XCBuildConfiguration;
			buildSettings = {
				ASSETCATALOG_COMPILER_APPICON_NAME = AppIcon;
				ASSETCATALOG_COMPILER_GLOBAL_ACCENT_COLOR_NAME = AccentColor;
				CODE_SIGN_STYLE = Automatic;
				CURRENT_PROJECT_VERSION = 1;
				DEVELOPMENT_TEAM = 5H3B76C82P;
				ENABLE_USER_SCRIPT_SANDBOXING = NO;
				GENERATE_INFOPLIST_FILE = YES;
				INFOPLIST_FILE = NewWord/Info.plist;
				INFOPLIST_KEY_NSSpeechRecognitionUsageDescription = "";
				INFOPLIST_KEY_UIApplicationSupportsIndirectInputEvents = YES;
				INFOPLIST_KEY_UILaunchStoryboardName = LaunchScreen;
				INFOPLIST_KEY_UIMainStoryboardFile = Main;
				INFOPLIST_KEY_UISupportedInterfaceOrientations = UIInterfaceOrientationPortrait;
				IPHONEOS_DEPLOYMENT_TARGET = 15.5;
				LD_RUNPATH_SEARCH_PATHS = (
					"$(inherited)",
					"@executable_path/Frameworks",
				);
				MARKETING_VERSION = 1.2.5;
				PRODUCT_BUNDLE_IDENTIFIER = com.justin.NewWord;
				PRODUCT_NAME = "$(TARGET_NAME)";
				SUPPORTED_PLATFORMS = "iphoneos iphonesimulator";
				SUPPORTS_MACCATALYST = NO;
				SUPPORTS_MAC_DESIGNED_FOR_IPHONE_IPAD = NO;
				SUPPORTS_XR_DESIGNED_FOR_IPHONE_IPAD = NO;
				SWIFT_EMIT_LOC_STRINGS = YES;
				SWIFT_VERSION = 5.0;
				TARGETED_DEVICE_FAMILY = 1;
			};
			name = Debug;
		};
		D0DA5AD72BB66A07008644DC /* Release */ = {
			isa = XCBuildConfiguration;
			buildSettings = {
				ASSETCATALOG_COMPILER_APPICON_NAME = AppIcon;
				ASSETCATALOG_COMPILER_GLOBAL_ACCENT_COLOR_NAME = AccentColor;
				CODE_SIGN_STYLE = Automatic;
				CURRENT_PROJECT_VERSION = 1;
				DEVELOPMENT_TEAM = 5H3B76C82P;
				ENABLE_USER_SCRIPT_SANDBOXING = NO;
				GENERATE_INFOPLIST_FILE = YES;
				INFOPLIST_FILE = NewWord/Info.plist;
				INFOPLIST_KEY_NSSpeechRecognitionUsageDescription = "";
				INFOPLIST_KEY_UIApplicationSupportsIndirectInputEvents = YES;
				INFOPLIST_KEY_UILaunchStoryboardName = LaunchScreen;
				INFOPLIST_KEY_UIMainStoryboardFile = Main;
				INFOPLIST_KEY_UISupportedInterfaceOrientations = UIInterfaceOrientationPortrait;
				IPHONEOS_DEPLOYMENT_TARGET = 15.5;
				LD_RUNPATH_SEARCH_PATHS = (
					"$(inherited)",
					"@executable_path/Frameworks",
				);
				MARKETING_VERSION = 1.2.5;
				PRODUCT_BUNDLE_IDENTIFIER = com.justin.NewWord;
				PRODUCT_NAME = "$(TARGET_NAME)";
				SUPPORTED_PLATFORMS = "iphoneos iphonesimulator";
				SUPPORTS_MACCATALYST = NO;
				SUPPORTS_MAC_DESIGNED_FOR_IPHONE_IPAD = NO;
				SUPPORTS_XR_DESIGNED_FOR_IPHONE_IPAD = NO;
				SWIFT_EMIT_LOC_STRINGS = YES;
				SWIFT_VERSION = 5.0;
				TARGETED_DEVICE_FAMILY = 1;
			};
			name = Release;
		};
/* End XCBuildConfiguration section */

/* Begin XCConfigurationList section */
		D0DA5ABC2BB66A05008644DC /* Build configuration list for PBXProject "NewWord" */ = {
			isa = XCConfigurationList;
			buildConfigurations = (
				D0DA5AD32BB66A07008644DC /* Debug */,
				D0DA5AD42BB66A07008644DC /* Release */,
			);
			defaultConfigurationIsVisible = 0;
			defaultConfigurationName = Release;
		};
		D0DA5AD52BB66A07008644DC /* Build configuration list for PBXNativeTarget "NewWord" */ = {
			isa = XCConfigurationList;
			buildConfigurations = (
				D0DA5AD62BB66A07008644DC /* Debug */,
				D0DA5AD72BB66A07008644DC /* Release */,
			);
			defaultConfigurationIsVisible = 0;
			defaultConfigurationName = Release;
		};
/* End XCConfigurationList section */

/* Begin XCRemoteSwiftPackageReference section */
		2A6BA13C2C635F2600F0DE3F /* XCRemoteSwiftPackageReference "firebase-ios-sdk" */ = {
			isa = XCRemoteSwiftPackageReference;
			repositoryURL = "https://github.com/firebase/firebase-ios-sdk";
			requirement = {
				kind = upToNextMajorVersion;
				minimumVersion = 11.0.0;
			};
		};
		2A9C8AF42C3BBE3500D839D8 /* XCRemoteSwiftPackageReference "SwiftyOpenCC" */ = {
			isa = XCRemoteSwiftPackageReference;
			repositoryURL = "https://github.com/ddddxxx/SwiftyOpenCC";
			requirement = {
				branch = master;
				kind = branch;
			};
		};
		D0E4EF9C2C67785E00DA66AC /* XCRemoteSwiftPackageReference "GoogleTranslateSwift" */ = {
			isa = XCRemoteSwiftPackageReference;
			repositoryURL = "https://github.com/danielsaidi/GoogleTranslateSwift";
			requirement = {
				branch = main;
				kind = branch;
			};
		};
/* End XCRemoteSwiftPackageReference section */

/* Begin XCSwiftPackageProductDependency section */
		2A5D608D2C63663B00252A0C /* FirebaseStorage */ = {
			isa = XCSwiftPackageProductDependency;
			package = 2A6BA13C2C635F2600F0DE3F /* XCRemoteSwiftPackageReference "firebase-ios-sdk" */;
			productName = FirebaseStorage;
		};
		2A6BA13D2C635F2600F0DE3F /* FirebaseAnalytics */ = {
			isa = XCSwiftPackageProductDependency;
			package = 2A6BA13C2C635F2600F0DE3F /* XCRemoteSwiftPackageReference "firebase-ios-sdk" */;
			productName = FirebaseAnalytics;
		};
		2A6BA13F2C635F2600F0DE3F /* FirebaseAuth */ = {
			isa = XCSwiftPackageProductDependency;
			package = 2A6BA13C2C635F2600F0DE3F /* XCRemoteSwiftPackageReference "firebase-ios-sdk" */;
			productName = FirebaseAuth;
		};
		2A6BA1412C635F2600F0DE3F /* FirebaseDatabase */ = {
			isa = XCSwiftPackageProductDependency;
			package = 2A6BA13C2C635F2600F0DE3F /* XCRemoteSwiftPackageReference "firebase-ios-sdk" */;
			productName = FirebaseDatabase;
		};
		2A6BA1452C63626E00F0DE3F /* FirebaseFirestore */ = {
			isa = XCSwiftPackageProductDependency;
			package = 2A6BA13C2C635F2600F0DE3F /* XCRemoteSwiftPackageReference "firebase-ios-sdk" */;
			productName = FirebaseFirestore;
		};
		2A9C8AF52C3BBE3500D839D8 /* OpenCC */ = {
			isa = XCSwiftPackageProductDependency;
			package = 2A9C8AF42C3BBE3500D839D8 /* XCRemoteSwiftPackageReference "SwiftyOpenCC" */;
			productName = OpenCC;
		};
		D0E4EF9D2C67785E00DA66AC /* GoogleTranslateSwift */ = {
			isa = XCSwiftPackageProductDependency;
			package = D0E4EF9C2C67785E00DA66AC /* XCRemoteSwiftPackageReference "GoogleTranslateSwift" */;
			productName = GoogleTranslateSwift;
		};
/* End XCSwiftPackageProductDependency section */

/* Begin XCVersionGroup section */
		D09262B62C097D2400CA90BA /* DataModel.xcdatamodeld */ = {
			isa = XCVersionGroup;
			children = (
				D09262B72C097D2400CA90BA /* CoreData.xcdatamodel */,
			);
			currentVersion = D09262B72C097D2400CA90BA /* CoreData.xcdatamodel */;
			path = DataModel.xcdatamodeld;
			sourceTree = "<group>";
			versionGroupType = wrapper.xcdatamodel;
		};
/* End XCVersionGroup section */
	};
	rootObject = D0DA5AB92BB66A05008644DC /* Project object */;
}
