// !$*UTF8*$!
{
	archiveVersion = 1;
	classes = {
	};
	objectVersion = 56;
	objects = {

/* Begin PBXBuildFile section */
		D0058CE62BBA6E6D00D2BB25 /* Sentence.swift in Sources */ = {isa = PBXBuildFile; fileRef = D0058CE52BBA6E6D00D2BB25 /* Sentence.swift */; };
		D0058CE92BBA714F00D2BB25 /* SentenceClozeViewModel.swift in Sources */ = {isa = PBXBuildFile; fileRef = D0058CE82BBA714F00D2BB25 /* SentenceClozeViewModel.swift */; };
		D020A4EC2BB9D90500CA5CAF /* CustomCell.swift in Sources */ = {isa = PBXBuildFile; fileRef = D020A4EB2BB9D90500CA5CAF /* CustomCell.swift */; };
		D020A4EE2BB9DA3C00CA5CAF /* Word.swift in Sources */ = {isa = PBXBuildFile; fileRef = D020A4ED2BB9DA3C00CA5CAF /* Word.swift */; };
		D020A4F02BB9DA6000CA5CAF /* Article.swift in Sources */ = {isa = PBXBuildFile; fileRef = D020A4EF2BB9DA6000CA5CAF /* Article.swift */; };
		D020A4F22BB9DE0D00CA5CAF /* WordTextField.swift in Sources */ = {isa = PBXBuildFile; fileRef = D020A4F12BB9DE0D00CA5CAF /* WordTextField.swift */; };
		D04EB75A2BB66EE7009E3A41 /* Vocabulary.swift in Sources */ = {isa = PBXBuildFile; fileRef = D04EB7592BB66EE7009E3A41 /* Vocabulary.swift */; };
		D04EB75C2BB66EEF009E3A41 /* Card.swift in Sources */ = {isa = PBXBuildFile; fileRef = D04EB75B2BB66EEF009E3A41 /* Card.swift */; };
		D04EB7622BB67116009E3A41 /* SentenceClozeViewController.swift in Sources */ = {isa = PBXBuildFile; fileRef = D04EB7612BB67116009E3A41 /* SentenceClozeViewController.swift */; };
		D078D0982BC9242900F601B2 /* Note.swift in Sources */ = {isa = PBXBuildFile; fileRef = D078D0972BC9242900F601B2 /* Note.swift */; };
		D0DA5AC52BB66A05008644DC /* AppDelegate.swift in Sources */ = {isa = PBXBuildFile; fileRef = D0DA5AC42BB66A05008644DC /* AppDelegate.swift */; };
		D0DA5AC72BB66A05008644DC /* SceneDelegate.swift in Sources */ = {isa = PBXBuildFile; fileRef = D0DA5AC62BB66A05008644DC /* SceneDelegate.swift */; };
		D0DA5AC92BB66A05008644DC /* ViewController.swift in Sources */ = {isa = PBXBuildFile; fileRef = D0DA5AC82BB66A05008644DC /* ViewController.swift */; };
		D0DA5ACC2BB66A05008644DC /* Base in Resources */ = {isa = PBXBuildFile; fileRef = D0DA5ACB2BB66A05008644DC /* Base */; };
		D0DA5ACE2BB66A07008644DC /* Assets.xcassets in Resources */ = {isa = PBXBuildFile; fileRef = D0DA5ACD2BB66A07008644DC /* Assets.xcassets */; };
		D0DA5AD12BB66A07008644DC /* Base in Resources */ = {isa = PBXBuildFile; fileRef = D0DA5AD02BB66A07008644DC /* Base */; };
		D0E8848B2BC93C3600C78B97 /* NoteType.swift in Sources */ = {isa = PBXBuildFile; fileRef = D0E8848A2BC93C3600C78B97 /* NoteType.swift */; };
		D0E8848D2BC93CB800C78B97 /* Deck.swift in Sources */ = {isa = PBXBuildFile; fileRef = D0E8848C2BC93CB800C78B97 /* Deck.swift */; };
/* End PBXBuildFile section */

/* Begin PBXFileReference section */
		D0058CE52BBA6E6D00D2BB25 /* Sentence.swift */ = {isa = PBXFileReference; lastKnownFileType = sourcecode.swift; path = Sentence.swift; sourceTree = "<group>"; };
		D0058CE82BBA714F00D2BB25 /* SentenceClozeViewModel.swift */ = {isa = PBXFileReference; lastKnownFileType = sourcecode.swift; path = SentenceClozeViewModel.swift; sourceTree = "<group>"; };
		D020A4EB2BB9D90500CA5CAF /* CustomCell.swift */ = {isa = PBXFileReference; lastKnownFileType = sourcecode.swift; path = CustomCell.swift; sourceTree = "<group>"; };
		D020A4ED2BB9DA3C00CA5CAF /* Word.swift */ = {isa = PBXFileReference; lastKnownFileType = sourcecode.swift; path = Word.swift; sourceTree = "<group>"; };
		D020A4EF2BB9DA6000CA5CAF /* Article.swift */ = {isa = PBXFileReference; lastKnownFileType = sourcecode.swift; path = Article.swift; sourceTree = "<group>"; };
		D020A4F12BB9DE0D00CA5CAF /* WordTextField.swift */ = {isa = PBXFileReference; lastKnownFileType = sourcecode.swift; path = WordTextField.swift; sourceTree = "<group>"; };
		D04EB7592BB66EE7009E3A41 /* Vocabulary.swift */ = {isa = PBXFileReference; lastKnownFileType = sourcecode.swift; path = Vocabulary.swift; sourceTree = "<group>"; };
		D04EB75B2BB66EEF009E3A41 /* Card.swift */ = {isa = PBXFileReference; lastKnownFileType = sourcecode.swift; path = Card.swift; sourceTree = "<group>"; };
		D04EB7612BB67116009E3A41 /* SentenceClozeViewController.swift */ = {isa = PBXFileReference; lastKnownFileType = sourcecode.swift; path = SentenceClozeViewController.swift; sourceTree = "<group>"; };
		D078D0972BC9242900F601B2 /* Note.swift */ = {isa = PBXFileReference; lastKnownFileType = sourcecode.swift; path = Note.swift; sourceTree = "<group>"; };
		D0DA5AC12BB66A05008644DC /* NewWord.app */ = {isa = PBXFileReference; explicitFileType = wrapper.application; includeInIndex = 0; path = NewWord.app; sourceTree = BUILT_PRODUCTS_DIR; };
		D0DA5AC42BB66A05008644DC /* AppDelegate.swift */ = {isa = PBXFileReference; lastKnownFileType = sourcecode.swift; path = AppDelegate.swift; sourceTree = "<group>"; };
		D0DA5AC62BB66A05008644DC /* SceneDelegate.swift */ = {isa = PBXFileReference; lastKnownFileType = sourcecode.swift; path = SceneDelegate.swift; sourceTree = "<group>"; };
		D0DA5AC82BB66A05008644DC /* ViewController.swift */ = {isa = PBXFileReference; lastKnownFileType = sourcecode.swift; path = ViewController.swift; sourceTree = "<group>"; };
		D0DA5ACB2BB66A05008644DC /* Base */ = {isa = PBXFileReference; lastKnownFileType = file.storyboard; name = Base; path = Base.lproj/Main.storyboard; sourceTree = "<group>"; };
		D0DA5ACD2BB66A07008644DC /* Assets.xcassets */ = {isa = PBXFileReference; lastKnownFileType = folder.assetcatalog; path = Assets.xcassets; sourceTree = "<group>"; };
		D0DA5AD02BB66A07008644DC /* Base */ = {isa = PBXFileReference; lastKnownFileType = file.storyboard; name = Base; path = Base.lproj/LaunchScreen.storyboard; sourceTree = "<group>"; };
		D0DA5AD22BB66A07008644DC /* Info.plist */ = {isa = PBXFileReference; lastKnownFileType = text.plist.xml; path = Info.plist; sourceTree = "<group>"; };
		D0E8848A2BC93C3600C78B97 /* NoteType.swift */ = {isa = PBXFileReference; lastKnownFileType = sourcecode.swift; path = NoteType.swift; sourceTree = "<group>"; };
		D0E8848C2BC93CB800C78B97 /* Deck.swift */ = {isa = PBXFileReference; lastKnownFileType = sourcecode.swift; path = Deck.swift; sourceTree = "<group>"; };
/* End PBXFileReference section */

/* Begin PBXFrameworksBuildPhase section */
		D0DA5ABE2BB66A05008644DC /* Frameworks */ = {
			isa = PBXFrameworksBuildPhase;
			buildActionMask = 2147483647;
			files = (
			);
			runOnlyForDeploymentPostprocessing = 0;
		};
/* End PBXFrameworksBuildPhase section */

/* Begin PBXGroup section */
		D0058CE72BBA713B00D2BB25 /* ViewModels */ = {
			isa = PBXGroup;
			children = (
				D0058CE82BBA714F00D2BB25 /* SentenceClozeViewModel.swift */,
			);
			path = ViewModels;
			sourceTree = "<group>";
		};
		D020A4EA2BB9D8E700CA5CAF /* Views */ = {
			isa = PBXGroup;
			children = (
				D020A4EB2BB9D90500CA5CAF /* CustomCell.swift */,
				D020A4F12BB9DE0D00CA5CAF /* WordTextField.swift */,
			);
			path = Views;
			sourceTree = "<group>";
		};
		D04EB7582BB66ED5009E3A41 /* Models */ = {
			isa = PBXGroup;
			children = (
				D04EB7592BB66EE7009E3A41 /* Vocabulary.swift */,
				D0E8848C2BC93CB800C78B97 /* Deck.swift */,
				D04EB75B2BB66EEF009E3A41 /* Card.swift */,
				D0E884892BC93C2A00C78B97 /* Note */,
				D0058CE52BBA6E6D00D2BB25 /* Sentence.swift */,
				D020A4ED2BB9DA3C00CA5CAF /* Word.swift */,
				D020A4EF2BB9DA6000CA5CAF /* Article.swift */,
			);
			path = Models;
			sourceTree = "<group>";
		};
		D04EB75F2BB670D3009E3A41 /* Controllers */ = {
			isa = PBXGroup;
			children = (
				D0DA5ACA2BB66A05008644DC /* Main.storyboard */,
				D0DA5AC82BB66A05008644DC /* ViewController.swift */,
				D04EB7612BB67116009E3A41 /* SentenceClozeViewController.swift */,
			);
			path = Controllers;
			sourceTree = "<group>";
		};
		D04EB7602BB670DD009E3A41 /* Utils */ = {
			isa = PBXGroup;
			children = (
				D0DA5AC42BB66A05008644DC /* AppDelegate.swift */,
				D0DA5AC62BB66A05008644DC /* SceneDelegate.swift */,
				D0DA5ACD2BB66A07008644DC /* Assets.xcassets */,
				D0DA5ACF2BB66A07008644DC /* LaunchScreen.storyboard */,
			);
			path = Utils;
			sourceTree = "<group>";
		};
		D0DA5AB82BB66A05008644DC = {
			isa = PBXGroup;
			children = (
				D0DA5AC32BB66A05008644DC /* NewWord */,
				D0DA5AC22BB66A05008644DC /* Products */,
			);
			sourceTree = "<group>";
		};
		D0DA5AC22BB66A05008644DC /* Products */ = {
			isa = PBXGroup;
			children = (
				D0DA5AC12BB66A05008644DC /* NewWord.app */,
			);
			name = Products;
			sourceTree = "<group>";
		};
		D0DA5AC32BB66A05008644DC /* NewWord */ = {
			isa = PBXGroup;
			children = (
				D0058CE72BBA713B00D2BB25 /* ViewModels */,
				D04EB75F2BB670D3009E3A41 /* Controllers */,
				D04EB7582BB66ED5009E3A41 /* Models */,
				D020A4EA2BB9D8E700CA5CAF /* Views */,
				D04EB7602BB670DD009E3A41 /* Utils */,
				D0DA5AD22BB66A07008644DC /* Info.plist */,
			);
			path = NewWord;
			sourceTree = "<group>";
		};
		D0E884892BC93C2A00C78B97 /* Note */ = {
			isa = PBXGroup;
			children = (
				D078D0972BC9242900F601B2 /* Note.swift */,
				D0E8848A2BC93C3600C78B97 /* NoteType.swift */,
			);
			path = Note;
			sourceTree = "<group>";
		};
/* End PBXGroup section */

/* Begin PBXNativeTarget section */
		D0DA5AC02BB66A05008644DC /* NewWord */ = {
			isa = PBXNativeTarget;
			buildConfigurationList = D0DA5AD52BB66A07008644DC /* Build configuration list for PBXNativeTarget "NewWord" */;
			buildPhases = (
				D0DA5ABD2BB66A05008644DC /* Sources */,
				D0DA5ABE2BB66A05008644DC /* Frameworks */,
				D0DA5ABF2BB66A05008644DC /* Resources */,
			);
			buildRules = (
			);
			dependencies = (
			);
			name = NewWord;
			productName = NewWord;
			productReference = D0DA5AC12BB66A05008644DC /* NewWord.app */;
			productType = "com.apple.product-type.application";
		};
/* End PBXNativeTarget section */

/* Begin PBXProject section */
		D0DA5AB92BB66A05008644DC /* Project object */ = {
			isa = PBXProject;
			attributes = {
				BuildIndependentTargetsInParallel = 1;
				LastSwiftUpdateCheck = 1530;
				LastUpgradeCheck = 1530;
				TargetAttributes = {
					D0DA5AC02BB66A05008644DC = {
						CreatedOnToolsVersion = 15.3;
					};
				};
			};
			buildConfigurationList = D0DA5ABC2BB66A05008644DC /* Build configuration list for PBXProject "NewWord" */;
			compatibilityVersion = "Xcode 14.0";
			developmentRegion = en;
			hasScannedForEncodings = 0;
			knownRegions = (
				en,
				Base,
			);
			mainGroup = D0DA5AB82BB66A05008644DC;
			productRefGroup = D0DA5AC22BB66A05008644DC /* Products */;
			projectDirPath = "";
			projectRoot = "";
			targets = (
				D0DA5AC02BB66A05008644DC /* NewWord */,
			);
		};
/* End PBXProject section */

/* Begin PBXResourcesBuildPhase section */
		D0DA5ABF2BB66A05008644DC /* Resources */ = {
			isa = PBXResourcesBuildPhase;
			buildActionMask = 2147483647;
			files = (
				D0DA5ACE2BB66A07008644DC /* Assets.xcassets in Resources */,
				D0DA5AD12BB66A07008644DC /* Base in Resources */,
				D0DA5ACC2BB66A05008644DC /* Base in Resources */,
			);
			runOnlyForDeploymentPostprocessing = 0;
		};
/* End PBXResourcesBuildPhase section */

/* Begin PBXSourcesBuildPhase section */
		D0DA5ABD2BB66A05008644DC /* Sources */ = {
			isa = PBXSourcesBuildPhase;
			buildActionMask = 2147483647;
			files = (
				D0DA5AC92BB66A05008644DC /* ViewController.swift in Sources */,
				D0E8848B2BC93C3600C78B97 /* NoteType.swift in Sources */,
				D020A4EE2BB9DA3C00CA5CAF /* Word.swift in Sources */,
				D020A4F02BB9DA6000CA5CAF /* Article.swift in Sources */,
				D04EB75A2BB66EE7009E3A41 /* Vocabulary.swift in Sources */,
				D04EB75C2BB66EEF009E3A41 /* Card.swift in Sources */,
				D0058CE92BBA714F00D2BB25 /* SentenceClozeViewModel.swift in Sources */,
				D04EB7622BB67116009E3A41 /* SentenceClozeViewController.swift in Sources */,
				D0058CE62BBA6E6D00D2BB25 /* Sentence.swift in Sources */,
				D0DA5AC52BB66A05008644DC /* AppDelegate.swift in Sources */,
				D078D0982BC9242900F601B2 /* Note.swift in Sources */,
				D020A4F22BB9DE0D00CA5CAF /* WordTextField.swift in Sources */,
				D0E8848D2BC93CB800C78B97 /* Deck.swift in Sources */,
				D020A4EC2BB9D90500CA5CAF /* CustomCell.swift in Sources */,
				D0DA5AC72BB66A05008644DC /* SceneDelegate.swift in Sources */,
			);
			runOnlyForDeploymentPostprocessing = 0;
		};
/* End PBXSourcesBuildPhase section */

/* Begin PBXVariantGroup section */
		D0DA5ACA2BB66A05008644DC /* Main.storyboard */ = {
			isa = PBXVariantGroup;
			children = (
				D0DA5ACB2BB66A05008644DC /* Base */,
			);
			name = Main.storyboard;
			sourceTree = "<group>";
		};
		D0DA5ACF2BB66A07008644DC /* LaunchScreen.storyboard */ = {
			isa = PBXVariantGroup;
			children = (
				D0DA5AD02BB66A07008644DC /* Base */,
			);
			name = LaunchScreen.storyboard;
			sourceTree = "<group>";
		};
/* End PBXVariantGroup section */

/* Begin XCBuildConfiguration section */
		D0DA5AD32BB66A07008644DC /* Debug */ = {
			isa = XCBuildConfiguration;
			buildSettings = {
				ALWAYS_SEARCH_USER_PATHS = NO;
				ASSETCATALOG_COMPILER_GENERATE_SWIFT_ASSET_SYMBOL_EXTENSIONS = YES;
				CLANG_ANALYZER_NONNULL = YES;
				CLANG_ANALYZER_NUMBER_OBJECT_CONVERSION = YES_AGGRESSIVE;
				CLANG_CXX_LANGUAGE_STANDARD = "gnu++20";
				CLANG_ENABLE_MODULES = YES;
				CLANG_ENABLE_OBJC_ARC = YES;
				CLANG_ENABLE_OBJC_WEAK = YES;
				CLANG_WARN_BLOCK_CAPTURE_AUTORELEASING = YES;
				CLANG_WARN_BOOL_CONVERSION = YES;
				CLANG_WARN_COMMA = YES;
				CLANG_WARN_CONSTANT_CONVERSION = YES;
				CLANG_WARN_DEPRECATED_OBJC_IMPLEMENTATIONS = YES;
				CLANG_WARN_DIRECT_OBJC_ISA_USAGE = YES_ERROR;
				CLANG_WARN_DOCUMENTATION_COMMENTS = YES;
				CLANG_WARN_EMPTY_BODY = YES;
				CLANG_WARN_ENUM_CONVERSION = YES;
				CLANG_WARN_INFINITE_RECURSION = YES;
				CLANG_WARN_INT_CONVERSION = YES;
				CLANG_WARN_NON_LITERAL_NULL_CONVERSION = YES;
				CLANG_WARN_OBJC_IMPLICIT_RETAIN_SELF = YES;
				CLANG_WARN_OBJC_LITERAL_CONVERSION = YES;
				CLANG_WARN_OBJC_ROOT_CLASS = YES_ERROR;
				CLANG_WARN_QUOTED_INCLUDE_IN_FRAMEWORK_HEADER = YES;
				CLANG_WARN_RANGE_LOOP_ANALYSIS = YES;
				CLANG_WARN_STRICT_PROTOTYPES = YES;
				CLANG_WARN_SUSPICIOUS_MOVE = YES;
				CLANG_WARN_UNGUARDED_AVAILABILITY = YES_AGGRESSIVE;
				CLANG_WARN_UNREACHABLE_CODE = YES;
				CLANG_WARN__DUPLICATE_METHOD_MATCH = YES;
				COPY_PHASE_STRIP = NO;
				DEBUG_INFORMATION_FORMAT = dwarf;
				ENABLE_STRICT_OBJC_MSGSEND = YES;
				ENABLE_TESTABILITY = YES;
				ENABLE_USER_SCRIPT_SANDBOXING = YES;
				GCC_C_LANGUAGE_STANDARD = gnu17;
				GCC_DYNAMIC_NO_PIC = NO;
				GCC_NO_COMMON_BLOCKS = YES;
				GCC_OPTIMIZATION_LEVEL = 0;
				GCC_PREPROCESSOR_DEFINITIONS = (
					"DEBUG=1",
					"$(inherited)",
				);
				GCC_WARN_64_TO_32_BIT_CONVERSION = YES;
				GCC_WARN_ABOUT_RETURN_TYPE = YES_ERROR;
				GCC_WARN_UNDECLARED_SELECTOR = YES;
				GCC_WARN_UNINITIALIZED_AUTOS = YES_AGGRESSIVE;
				GCC_WARN_UNUSED_FUNCTION = YES;
				GCC_WARN_UNUSED_VARIABLE = YES;
				IPHONEOS_DEPLOYMENT_TARGET = 17.4;
				LOCALIZATION_PREFERS_STRING_CATALOGS = YES;
				MTL_ENABLE_DEBUG_INFO = INCLUDE_SOURCE;
				MTL_FAST_MATH = YES;
				ONLY_ACTIVE_ARCH = YES;
				SDKROOT = iphoneos;
				SWIFT_ACTIVE_COMPILATION_CONDITIONS = "DEBUG $(inherited)";
				SWIFT_OPTIMIZATION_LEVEL = "-Onone";
			};
			name = Debug;
		};
		D0DA5AD42BB66A07008644DC /* Release */ = {
			isa = XCBuildConfiguration;
			buildSettings = {
				ALWAYS_SEARCH_USER_PATHS = NO;
				ASSETCATALOG_COMPILER_GENERATE_SWIFT_ASSET_SYMBOL_EXTENSIONS = YES;
				CLANG_ANALYZER_NONNULL = YES;
				CLANG_ANALYZER_NUMBER_OBJECT_CONVERSION = YES_AGGRESSIVE;
				CLANG_CXX_LANGUAGE_STANDARD = "gnu++20";
				CLANG_ENABLE_MODULES = YES;
				CLANG_ENABLE_OBJC_ARC = YES;
				CLANG_ENABLE_OBJC_WEAK = YES;
				CLANG_WARN_BLOCK_CAPTURE_AUTORELEASING = YES;
				CLANG_WARN_BOOL_CONVERSION = YES;
				CLANG_WARN_COMMA = YES;
				CLANG_WARN_CONSTANT_CONVERSION = YES;
				CLANG_WARN_DEPRECATED_OBJC_IMPLEMENTATIONS = YES;
				CLANG_WARN_DIRECT_OBJC_ISA_USAGE = YES_ERROR;
				CLANG_WARN_DOCUMENTATION_COMMENTS = YES;
				CLANG_WARN_EMPTY_BODY = YES;
				CLANG_WARN_ENUM_CONVERSION = YES;
				CLANG_WARN_INFINITE_RECURSION = YES;
				CLANG_WARN_INT_CONVERSION = YES;
				CLANG_WARN_NON_LITERAL_NULL_CONVERSION = YES;
				CLANG_WARN_OBJC_IMPLICIT_RETAIN_SELF = YES;
				CLANG_WARN_OBJC_LITERAL_CONVERSION = YES;
				CLANG_WARN_OBJC_ROOT_CLASS = YES_ERROR;
				CLANG_WARN_QUOTED_INCLUDE_IN_FRAMEWORK_HEADER = YES;
				CLANG_WARN_RANGE_LOOP_ANALYSIS = YES;
				CLANG_WARN_STRICT_PROTOTYPES = YES;
				CLANG_WARN_SUSPICIOUS_MOVE = YES;
				CLANG_WARN_UNGUARDED_AVAILABILITY = YES_AGGRESSIVE;
				CLANG_WARN_UNREACHABLE_CODE = YES;
				CLANG_WARN__DUPLICATE_METHOD_MATCH = YES;
				COPY_PHASE_STRIP = NO;
				DEBUG_INFORMATION_FORMAT = "dwarf-with-dsym";
				ENABLE_NS_ASSERTIONS = NO;
				ENABLE_STRICT_OBJC_MSGSEND = YES;
				ENABLE_USER_SCRIPT_SANDBOXING = YES;
				GCC_C_LANGUAGE_STANDARD = gnu17;
				GCC_NO_COMMON_BLOCKS = YES;
				GCC_WARN_64_TO_32_BIT_CONVERSION = YES;
				GCC_WARN_ABOUT_RETURN_TYPE = YES_ERROR;
				GCC_WARN_UNDECLARED_SELECTOR = YES;
				GCC_WARN_UNINITIALIZED_AUTOS = YES_AGGRESSIVE;
				GCC_WARN_UNUSED_FUNCTION = YES;
				GCC_WARN_UNUSED_VARIABLE = YES;
				IPHONEOS_DEPLOYMENT_TARGET = 17.4;
				LOCALIZATION_PREFERS_STRING_CATALOGS = YES;
				MTL_ENABLE_DEBUG_INFO = NO;
				MTL_FAST_MATH = YES;
				SDKROOT = iphoneos;
				SWIFT_COMPILATION_MODE = wholemodule;
				VALIDATE_PRODUCT = YES;
			};
			name = Release;
		};
		D0DA5AD62BB66A07008644DC /* Debug */ = {
			isa = XCBuildConfiguration;
			buildSettings = {
				ASSETCATALOG_COMPILER_APPICON_NAME = AppIcon;
				ASSETCATALOG_COMPILER_GLOBAL_ACCENT_COLOR_NAME = AccentColor;
				CODE_SIGN_STYLE = Automatic;
				CURRENT_PROJECT_VERSION = 1;
				DEVELOPMENT_TEAM = 5H3B76C82P;
				GENERATE_INFOPLIST_FILE = YES;
				INFOPLIST_FILE = NewWord/Info.plist;
				INFOPLIST_KEY_UIApplicationSupportsIndirectInputEvents = YES;
				INFOPLIST_KEY_UILaunchStoryboardName = LaunchScreen;
				INFOPLIST_KEY_UIMainStoryboardFile = Main;
				INFOPLIST_KEY_UISupportedInterfaceOrientations_iPad = "UIInterfaceOrientationPortrait UIInterfaceOrientationPortraitUpsideDown UIInterfaceOrientationLandscapeLeft UIInterfaceOrientationLandscapeRight";
				INFOPLIST_KEY_UISupportedInterfaceOrientations_iPhone = "UIInterfaceOrientationPortrait UIInterfaceOrientationLandscapeLeft UIInterfaceOrientationLandscapeRight";
				IPHONEOS_DEPLOYMENT_TARGET = 17.0;
				LD_RUNPATH_SEARCH_PATHS = (
					"$(inherited)",
					"@executable_path/Frameworks",
				);
				MARKETING_VERSION = 1.0;
				PRODUCT_BUNDLE_IDENTIFIER = com.justin.NewWord;
				PRODUCT_NAME = "$(TARGET_NAME)";
				SWIFT_EMIT_LOC_STRINGS = YES;
				SWIFT_VERSION = 5.0;
				TARGETED_DEVICE_FAMILY = "1,2";
			};
			name = Debug;
		};
		D0DA5AD72BB66A07008644DC /* Release */ = {
			isa = XCBuildConfiguration;
			buildSettings = {
				ASSETCATALOG_COMPILER_APPICON_NAME = AppIcon;
				ASSETCATALOG_COMPILER_GLOBAL_ACCENT_COLOR_NAME = AccentColor;
				CODE_SIGN_STYLE = Automatic;
				CURRENT_PROJECT_VERSION = 1;
				DEVELOPMENT_TEAM = 5H3B76C82P;
				GENERATE_INFOPLIST_FILE = YES;
				INFOPLIST_FILE = NewWord/Info.plist;
				INFOPLIST_KEY_UIApplicationSupportsIndirectInputEvents = YES;
				INFOPLIST_KEY_UILaunchStoryboardName = LaunchScreen;
				INFOPLIST_KEY_UIMainStoryboardFile = Main;
				INFOPLIST_KEY_UISupportedInterfaceOrientations_iPad = "UIInterfaceOrientationPortrait UIInterfaceOrientationPortraitUpsideDown UIInterfaceOrientationLandscapeLeft UIInterfaceOrientationLandscapeRight";
				INFOPLIST_KEY_UISupportedInterfaceOrientations_iPhone = "UIInterfaceOrientationPortrait UIInterfaceOrientationLandscapeLeft UIInterfaceOrientationLandscapeRight";
				IPHONEOS_DEPLOYMENT_TARGET = 17.0;
				LD_RUNPATH_SEARCH_PATHS = (
					"$(inherited)",
					"@executable_path/Frameworks",
				);
				MARKETING_VERSION = 1.0;
				PRODUCT_BUNDLE_IDENTIFIER = com.justin.NewWord;
				PRODUCT_NAME = "$(TARGET_NAME)";
				SWIFT_EMIT_LOC_STRINGS = YES;
				SWIFT_VERSION = 5.0;
				TARGETED_DEVICE_FAMILY = "1,2";
			};
			name = Release;
		};
/* End XCBuildConfiguration section */

/* Begin XCConfigurationList section */
		D0DA5ABC2BB66A05008644DC /* Build configuration list for PBXProject "NewWord" */ = {
			isa = XCConfigurationList;
			buildConfigurations = (
				D0DA5AD32BB66A07008644DC /* Debug */,
				D0DA5AD42BB66A07008644DC /* Release */,
			);
			defaultConfigurationIsVisible = 0;
			defaultConfigurationName = Release;
		};
		D0DA5AD52BB66A07008644DC /* Build configuration list for PBXNativeTarget "NewWord" */ = {
			isa = XCConfigurationList;
			buildConfigurations = (
				D0DA5AD62BB66A07008644DC /* Debug */,
				D0DA5AD72BB66A07008644DC /* Release */,
			);
			defaultConfigurationIsVisible = 0;
			defaultConfigurationName = Release;
		};
/* End XCConfigurationList section */
	};
	rootObject = D0DA5AB92BB66A05008644DC /* Project object */;
}
