// !$*UTF8*$!
{
	archiveVersion = 1;
	classes = {
	};
	objectVersion = 56;
	objects = {

/* Begin PBXBuildFile section */
		2A17DAF62C1579D700919642 /* ClozeView.xib in Resources */ = {isa = PBXBuildFile; fileRef = 2A17DAF52C1579D700919642 /* ClozeView.xib */; };
		2A17DAF82C1579E400919642 /* ClozeView.swift in Sources */ = {isa = PBXBuildFile; fileRef = 2A17DAF72C1579E400919642 /* ClozeView.swift */; };
		2A17DAFA2C157C7F00919642 /* ClozeViewViewModel.swift in Sources */ = {isa = PBXBuildFile; fileRef = 2A17DAF92C157C7F00919642 /* ClozeViewViewModel.swift */; };
		2A17DAFC2C158C3B00919642 /* InputAccessoryView.xib in Resources */ = {isa = PBXBuildFile; fileRef = 2A17DAFB2C158C3B00919642 /* InputAccessoryView.xib */; };
		2A17DAFE2C158C5A00919642 /* InputAccessoryView.swift in Sources */ = {isa = PBXBuildFile; fileRef = 2A17DAFD2C158C5A00919642 /* InputAccessoryView.swift */; };
		2A18E7B42BE74008005139C8 /* DeckCell.swift in Sources */ = {isa = PBXBuildFile; fileRef = 2A18E7B32BE74008005139C8 /* DeckCell.swift */; };
		2A2176852C06AA75002ADE9A /* ShowCardsViewControllerViewModel.swift in Sources */ = {isa = PBXBuildFile; fileRef = 2A2176842C06AA75002ADE9A /* ShowCardsViewControllerViewModel.swift */; };
		2A38F8BF2BE48F47003F058F /* ReviewViewController.swift in Sources */ = {isa = PBXBuildFile; fileRef = 2A38F8BE2BE48F47003F058F /* ReviewViewController.swift */; };
		2A38F8C12BE48F88003F058F /* ExploreViewController.swift in Sources */ = {isa = PBXBuildFile; fileRef = 2A38F8C02BE48F88003F058F /* ExploreViewController.swift */; };
		2A38F8C32BE48FB2003F058F /* SearchViewController.swift in Sources */ = {isa = PBXBuildFile; fileRef = 2A38F8C22BE48FB2003F058F /* SearchViewController.swift */; };
		2A38F8C52BE48FD4003F058F /* SettingsViewController.swift in Sources */ = {isa = PBXBuildFile; fileRef = 2A38F8C42BE48FD4003F058F /* SettingsViewController.swift */; };
		2A5D7B062C0EEBA600B2F021 /* AddClozeViewController.swift in Sources */ = {isa = PBXBuildFile; fileRef = 2A5D7B052C0EEBA600B2F021 /* AddClozeViewController.swift */; };
		2A5EFEF32C09C0450068672B /* CDWord+Extension.swift in Sources */ = {isa = PBXBuildFile; fileRef = 2A5EFEF22C09C0450068672B /* CDWord+Extension.swift */; };
		2A74CDE42BCA86EC00F2B8AB /* LearningRecord.swift in Sources */ = {isa = PBXBuildFile; fileRef = 2A74CDE32BCA86EC00F2B8AB /* LearningRecord.swift */; };
		2A791A6C2C0EF1D100C26FFB /* ContextRevisionInputAccessoryView.xib in Resources */ = {isa = PBXBuildFile; fileRef = 2A791A6B2C0EF1D100C26FFB /* ContextRevisionInputAccessoryView.xib */; };
		2A791A6E2C0EF1FA00C26FFB /* ContextRevisionInputAccessoryView.swift in Sources */ = {isa = PBXBuildFile; fileRef = 2A791A6D2C0EF1FA00C26FFB /* ContextRevisionInputAccessoryView.swift */; };
		2A791A702C10D29700C26FFB /* SearchCell.swift in Sources */ = {isa = PBXBuildFile; fileRef = 2A791A6F2C10D29700C26FFB /* SearchCell.swift */; };
		2A7B6CCF2C0809FE0017BB5C /* ReviseDeckViewController.swift in Sources */ = {isa = PBXBuildFile; fileRef = 2A7B6CCE2C0809FE0017BB5C /* ReviseDeckViewController.swift */; };
		2A7B6CD12C080A900017BB5C /* StoryboardGenerated.swift in Sources */ = {isa = PBXBuildFile; fileRef = 2A7B6CD02C080A900017BB5C /* StoryboardGenerated.swift */; };
		2A7B6CD32C080B440017BB5C /* Constants.swift in Sources */ = {isa = PBXBuildFile; fileRef = 2A7B6CD22C080B440017BB5C /* Constants.swift */; };
		2A7B6CD52C0810030017BB5C /* NotificationName+Extension.swift in Sources */ = {isa = PBXBuildFile; fileRef = 2A7B6CD42C0810030017BB5C /* NotificationName+Extension.swift */; };
		2A7B6CD72C081B8E0017BB5C /* ReviseNameViewController.swift in Sources */ = {isa = PBXBuildFile; fileRef = 2A7B6CD62C081B8E0017BB5C /* ReviseNameViewController.swift */; };
		2A9AFEAC2BE8AA140085766C /* RevisePresetViewController.swift in Sources */ = {isa = PBXBuildFile; fileRef = 2A9AFEAB2BE8AA140085766C /* RevisePresetViewController.swift */; };
		2AA328C82BEDF509001D83C2 /* DeckManager.swift in Sources */ = {isa = PBXBuildFile; fileRef = 2AA328C72BEDF509001D83C2 /* DeckManager.swift */; };
		2AB8CC032BF5887300BFFD4A /* ShowCardsViewController.swift in Sources */ = {isa = PBXBuildFile; fileRef = 2AB8CC022BF5887300BFFD4A /* ShowCardsViewController.swift */; };
		2AB8CC0B2BF5AA1D00BFFD4A /* SentenceClozeView.xib in Resources */ = {isa = PBXBuildFile; fileRef = 2AB8CC0A2BF5AA1D00BFFD4A /* SentenceClozeView.xib */; };
		2AD2D9A92BF5AE1900AB02D0 /* SentenceClozeView.swift in Sources */ = {isa = PBXBuildFile; fileRef = 2AD2D9A82BF5AE1900AB02D0 /* SentenceClozeView.swift */; };
		2AE025F42BF49686006EC021 /* CardManager.swift in Sources */ = {isa = PBXBuildFile; fileRef = 2AE025F32BF49686006EC021 /* CardManager.swift */; };
		2AE025F62BF4983A006EC021 /* NoteManager.swift in Sources */ = {isa = PBXBuildFile; fileRef = 2AE025F52BF4983A006EC021 /* NoteManager.swift */; };
		2AE025F82BF49C6F006EC021 /* notes.json in Resources */ = {isa = PBXBuildFile; fileRef = 2AE025F72BF49C6F006EC021 /* notes.json */; };
		2AE025FA2BF4AB60006EC021 /* DataManager.swift in Sources */ = {isa = PBXBuildFile; fileRef = 2AE025F92BF4AB60006EC021 /* DataManager.swift */; };
		D0058CE62BBA6E6D00D2BB25 /* Sentence.swift in Sources */ = {isa = PBXBuildFile; fileRef = D0058CE52BBA6E6D00D2BB25 /* Sentence.swift */; };
		D0058CE92BBA714F00D2BB25 /* SentenceClozeViewModel.swift in Sources */ = {isa = PBXBuildFile; fileRef = D0058CE82BBA714F00D2BB25 /* SentenceClozeViewModel.swift */; };
		D00A72EF2BFDEC5A0064F325 /* NoCardView.xib in Resources */ = {isa = PBXBuildFile; fileRef = D00A72EE2BFDEC5A0064F325 /* NoCardView.xib */; };
		D00A72F12BFDEDA00064F325 /* NoCardView.swift in Sources */ = {isa = PBXBuildFile; fileRef = D00A72F02BFDEDA00064F325 /* NoCardView.swift */; };
		D020A4EC2BB9D90500CA5CAF /* CustomCell.swift in Sources */ = {isa = PBXBuildFile; fileRef = D020A4EB2BB9D90500CA5CAF /* CustomCell.swift */; };
		D020A4EE2BB9DA3C00CA5CAF /* Word.swift in Sources */ = {isa = PBXBuildFile; fileRef = D020A4ED2BB9DA3C00CA5CAF /* Word.swift */; };
		D020A4F02BB9DA6000CA5CAF /* Article.swift in Sources */ = {isa = PBXBuildFile; fileRef = D020A4EF2BB9DA6000CA5CAF /* Article.swift */; };
		D020A4F22BB9DE0D00CA5CAF /* WordTextField.swift in Sources */ = {isa = PBXBuildFile; fileRef = D020A4F12BB9DE0D00CA5CAF /* WordTextField.swift */; };
		D02E46F72C272CC500418781 /* UserDefaultsManager.swift in Sources */ = {isa = PBXBuildFile; fileRef = D02E46F62C272CC500418781 /* UserDefaultsManager.swift */; };
		D03107CC2C16EE6200EEF772 /* CardInformationViewController.swift in Sources */ = {isa = PBXBuildFile; fileRef = D03107CB2C16EE6200EEF772 /* CardInformationViewController.swift */; };
		D03107D32C16F2AA00EEF772 /* LearningRecordCell.xib in Resources */ = {isa = PBXBuildFile; fileRef = D03107D22C16F2AA00EEF772 /* LearningRecordCell.xib */; };
		D03107D42C16F2AA00EEF772 /* LearningRecordCell.swift in Sources */ = {isa = PBXBuildFile; fileRef = D03107D12C16F2AA00EEF772 /* LearningRecordCell.swift */; };
		D032145B2BD63C2200512263 /* Preferences.swift in Sources */ = {isa = PBXBuildFile; fileRef = D032145A2BD63C2200512263 /* Preferences.swift */; };
		D04EB75A2BB66EE7009E3A41 /* Vocabulary.swift in Sources */ = {isa = PBXBuildFile; fileRef = D04EB7592BB66EE7009E3A41 /* Vocabulary.swift */; };
		D04EB75C2BB66EEF009E3A41 /* Card.swift in Sources */ = {isa = PBXBuildFile; fileRef = D04EB75B2BB66EEF009E3A41 /* Card.swift */; };
		D04EB7622BB67116009E3A41 /* SentenceClozeViewController.swift in Sources */ = {isa = PBXBuildFile; fileRef = D04EB7612BB67116009E3A41 /* SentenceClozeViewController.swift */; };
		D078D0982BC9242900F601B2 /* Note.swift in Sources */ = {isa = PBXBuildFile; fileRef = D078D0972BC9242900F601B2 /* Note.swift */; };
		D083CBE72C15A90700BE98DC /* UIResponder+Extension.swift in Sources */ = {isa = PBXBuildFile; fileRef = D083CBE62C15A90700BE98DC /* UIResponder+Extension.swift */; };
		D09262B82C097D2400CA90BA /* DataModel.xcdatamodeld in Sources */ = {isa = PBXBuildFile; fileRef = D09262B62C097D2400CA90BA /* DataModel.xcdatamodeld */; };
		D09262BA2C097ECD00CA90BA /* CoreDataManager.swift in Sources */ = {isa = PBXBuildFile; fileRef = D09262B92C097ECD00CA90BA /* CoreDataManager.swift */; };
		D09262BD2C097F3D00CA90BA /* CDNoteType+Extension.swift in Sources */ = {isa = PBXBuildFile; fileRef = D09262BC2C097F3D00CA90BA /* CDNoteType+Extension.swift */; };
		D09262BF2C097FC600CA90BA /* CDLearningRecord+Extension.swift in Sources */ = {isa = PBXBuildFile; fileRef = D09262BE2C097FC600CA90BA /* CDLearningRecord+Extension.swift */; };
		D09262C12C09808400CA90BA /* CDCard+Extension.swift in Sources */ = {isa = PBXBuildFile; fileRef = D09262C02C09808400CA90BA /* CDCard+Extension.swift */; };
		D09262C32C098A4400CA90BA /* CDLapses+Extension.swift in Sources */ = {isa = PBXBuildFile; fileRef = D09262C22C098A4400CA90BA /* CDLapses+Extension.swift */; };
		D0A0643F2BFC8E78001AFE08 /* PronounciationView.swift in Sources */ = {isa = PBXBuildFile; fileRef = D0A0643E2BFC8E78001AFE08 /* PronounciationView.swift */; };
		D0A064412BFC913C001AFE08 /* PronounciationView.xib in Resources */ = {isa = PBXBuildFile; fileRef = D0A064402BFC913C001AFE08 /* PronounciationView.xib */; };
		D0A064432BFC916C001AFE08 /* NibOwnerLoadable.swift in Sources */ = {isa = PBXBuildFile; fileRef = D0A064422BFC916C001AFE08 /* NibOwnerLoadable.swift */; };
		D0A86A662C1B55390022DFDD /* ClozeViewControllerViewModel.swift in Sources */ = {isa = PBXBuildFile; fileRef = D0A86A652C1B55390022DFDD /* ClozeViewControllerViewModel.swift */; };
		D0A86A682C1B5FA00022DFDD /* ContextCell.swift in Sources */ = {isa = PBXBuildFile; fileRef = D0A86A672C1B5FA00022DFDD /* ContextCell.swift */; };
		D0B2E3F82C2AA53E0047B2F5 /* ClozeWord.swift in Sources */ = {isa = PBXBuildFile; fileRef = D0B2E3F72C2AA53E0047B2F5 /* ClozeWord.swift */; };
		D0B2E3FC2C2BB15F0047B2F5 /* CustomTextView.swift in Sources */ = {isa = PBXBuildFile; fileRef = D0B2E3FB2C2BB15F0047B2F5 /* CustomTextView.swift */; };
		D0D6E0E92C1CB38500C1F95E /* ContextLabel.swift in Sources */ = {isa = PBXBuildFile; fileRef = D0D6E0E82C1CB38500C1F95E /* ContextLabel.swift */; };
		D0D6E0EB2C1DE92C00C1F95E /* ContextStackView.swift in Sources */ = {isa = PBXBuildFile; fileRef = D0D6E0EA2C1DE92C00C1F95E /* ContextStackView.swift */; };
		D0D8D5F62C0F0920001BB415 /* String+Extension.swift in Sources */ = {isa = PBXBuildFile; fileRef = D0D8D5F52C0F0920001BB415 /* String+Extension.swift */; };
		D0DA5AC52BB66A05008644DC /* AppDelegate.swift in Sources */ = {isa = PBXBuildFile; fileRef = D0DA5AC42BB66A05008644DC /* AppDelegate.swift */; };
		D0DA5AC72BB66A05008644DC /* SceneDelegate.swift in Sources */ = {isa = PBXBuildFile; fileRef = D0DA5AC62BB66A05008644DC /* SceneDelegate.swift */; };
		D0DA5AC92BB66A05008644DC /* MainViewController.swift in Sources */ = {isa = PBXBuildFile; fileRef = D0DA5AC82BB66A05008644DC /* MainViewController.swift */; };
		D0DA5ACC2BB66A05008644DC /* Base in Resources */ = {isa = PBXBuildFile; fileRef = D0DA5ACB2BB66A05008644DC /* Base */; };
		D0DA5ACE2BB66A07008644DC /* Assets.xcassets in Resources */ = {isa = PBXBuildFile; fileRef = D0DA5ACD2BB66A07008644DC /* Assets.xcassets */; };
		D0DA5AD12BB66A07008644DC /* Base in Resources */ = {isa = PBXBuildFile; fileRef = D0DA5AD02BB66A07008644DC /* Base */; };
		D0E8848B2BC93C3600C78B97 /* NoteType.swift in Sources */ = {isa = PBXBuildFile; fileRef = D0E8848A2BC93C3600C78B97 /* NoteType.swift */; };
		D0E8848D2BC93CB800C78B97 /* Deck.swift in Sources */ = {isa = PBXBuildFile; fileRef = D0E8848C2BC93CB800C78B97 /* Deck.swift */; };
/* End PBXBuildFile section */

/* Begin PBXFileReference section */
		2A17DAF52C1579D700919642 /* ClozeView.xib */ = {isa = PBXFileReference; lastKnownFileType = file.xib; path = ClozeView.xib; sourceTree = "<group>"; };
		2A17DAF72C1579E400919642 /* ClozeView.swift */ = {isa = PBXFileReference; lastKnownFileType = sourcecode.swift; path = ClozeView.swift; sourceTree = "<group>"; };
		2A17DAF92C157C7F00919642 /* ClozeViewViewModel.swift */ = {isa = PBXFileReference; lastKnownFileType = sourcecode.swift; path = ClozeViewViewModel.swift; sourceTree = "<group>"; };
		2A17DAFB2C158C3B00919642 /* InputAccessoryView.xib */ = {isa = PBXFileReference; lastKnownFileType = file.xib; path = InputAccessoryView.xib; sourceTree = "<group>"; };
		2A17DAFD2C158C5A00919642 /* InputAccessoryView.swift */ = {isa = PBXFileReference; lastKnownFileType = sourcecode.swift; path = InputAccessoryView.swift; sourceTree = "<group>"; };
		2A18E7B32BE74008005139C8 /* DeckCell.swift */ = {isa = PBXFileReference; lastKnownFileType = sourcecode.swift; path = DeckCell.swift; sourceTree = "<group>"; };
		2A2176842C06AA75002ADE9A /* ShowCardsViewControllerViewModel.swift */ = {isa = PBXFileReference; lastKnownFileType = sourcecode.swift; path = ShowCardsViewControllerViewModel.swift; sourceTree = "<group>"; };
		2A38F8BE2BE48F47003F058F /* ReviewViewController.swift */ = {isa = PBXFileReference; lastKnownFileType = sourcecode.swift; path = ReviewViewController.swift; sourceTree = "<group>"; };
		2A38F8C02BE48F88003F058F /* ExploreViewController.swift */ = {isa = PBXFileReference; lastKnownFileType = sourcecode.swift; path = ExploreViewController.swift; sourceTree = "<group>"; };
		2A38F8C22BE48FB2003F058F /* SearchViewController.swift */ = {isa = PBXFileReference; lastKnownFileType = sourcecode.swift; path = SearchViewController.swift; sourceTree = "<group>"; };
		2A38F8C42BE48FD4003F058F /* SettingsViewController.swift */ = {isa = PBXFileReference; lastKnownFileType = sourcecode.swift; path = SettingsViewController.swift; sourceTree = "<group>"; };
		2A5D7B052C0EEBA600B2F021 /* AddClozeViewController.swift */ = {isa = PBXFileReference; lastKnownFileType = sourcecode.swift; path = AddClozeViewController.swift; sourceTree = "<group>"; };
		2A5EFEF22C09C0450068672B /* CDWord+Extension.swift */ = {isa = PBXFileReference; lastKnownFileType = sourcecode.swift; path = "CDWord+Extension.swift"; sourceTree = "<group>"; };
		2A74CDE32BCA86EC00F2B8AB /* LearningRecord.swift */ = {isa = PBXFileReference; lastKnownFileType = sourcecode.swift; path = LearningRecord.swift; sourceTree = "<group>"; };
		2A791A6B2C0EF1D100C26FFB /* ContextRevisionInputAccessoryView.xib */ = {isa = PBXFileReference; lastKnownFileType = file.xib; path = ContextRevisionInputAccessoryView.xib; sourceTree = "<group>"; };
		2A791A6D2C0EF1FA00C26FFB /* ContextRevisionInputAccessoryView.swift */ = {isa = PBXFileReference; lastKnownFileType = sourcecode.swift; path = ContextRevisionInputAccessoryView.swift; sourceTree = "<group>"; };
		2A791A6F2C10D29700C26FFB /* SearchCell.swift */ = {isa = PBXFileReference; lastKnownFileType = sourcecode.swift; path = SearchCell.swift; sourceTree = "<group>"; };
		2A7B6CCE2C0809FE0017BB5C /* ReviseDeckViewController.swift */ = {isa = PBXFileReference; lastKnownFileType = sourcecode.swift; path = ReviseDeckViewController.swift; sourceTree = "<group>"; };
		2A7B6CD02C080A900017BB5C /* StoryboardGenerated.swift */ = {isa = PBXFileReference; lastKnownFileType = sourcecode.swift; path = StoryboardGenerated.swift; sourceTree = "<group>"; };
		2A7B6CD22C080B440017BB5C /* Constants.swift */ = {isa = PBXFileReference; lastKnownFileType = sourcecode.swift; path = Constants.swift; sourceTree = "<group>"; };
		2A7B6CD42C0810030017BB5C /* NotificationName+Extension.swift */ = {isa = PBXFileReference; lastKnownFileType = sourcecode.swift; path = "NotificationName+Extension.swift"; sourceTree = "<group>"; };
		2A7B6CD62C081B8E0017BB5C /* ReviseNameViewController.swift */ = {isa = PBXFileReference; lastKnownFileType = sourcecode.swift; path = ReviseNameViewController.swift; sourceTree = "<group>"; };
		2A9AFEAB2BE8AA140085766C /* RevisePresetViewController.swift */ = {isa = PBXFileReference; lastKnownFileType = sourcecode.swift; path = RevisePresetViewController.swift; sourceTree = "<group>"; };
		2AA328C72BEDF509001D83C2 /* DeckManager.swift */ = {isa = PBXFileReference; lastKnownFileType = sourcecode.swift; path = DeckManager.swift; sourceTree = "<group>"; };
		2AB8CC022BF5887300BFFD4A /* ShowCardsViewController.swift */ = {isa = PBXFileReference; lastKnownFileType = sourcecode.swift; path = ShowCardsViewController.swift; sourceTree = "<group>"; };
		2AB8CC0A2BF5AA1D00BFFD4A /* SentenceClozeView.xib */ = {isa = PBXFileReference; lastKnownFileType = file.xib; path = SentenceClozeView.xib; sourceTree = "<group>"; };
		2AD2D9A82BF5AE1900AB02D0 /* SentenceClozeView.swift */ = {isa = PBXFileReference; lastKnownFileType = sourcecode.swift; path = SentenceClozeView.swift; sourceTree = "<group>"; };
		2AE025F32BF49686006EC021 /* CardManager.swift */ = {isa = PBXFileReference; lastKnownFileType = sourcecode.swift; path = CardManager.swift; sourceTree = "<group>"; };
		2AE025F52BF4983A006EC021 /* NoteManager.swift */ = {isa = PBXFileReference; lastKnownFileType = sourcecode.swift; path = NoteManager.swift; sourceTree = "<group>"; };
		2AE025F72BF49C6F006EC021 /* notes.json */ = {isa = PBXFileReference; lastKnownFileType = text.json; path = notes.json; sourceTree = "<group>"; xcLanguageSpecificationIdentifier = xcode.lang.json; };
		2AE025F92BF4AB60006EC021 /* DataManager.swift */ = {isa = PBXFileReference; lastKnownFileType = sourcecode.swift; path = DataManager.swift; sourceTree = "<group>"; };
		D0058CE52BBA6E6D00D2BB25 /* Sentence.swift */ = {isa = PBXFileReference; lastKnownFileType = sourcecode.swift; path = Sentence.swift; sourceTree = "<group>"; };
		D0058CE82BBA714F00D2BB25 /* SentenceClozeViewModel.swift */ = {isa = PBXFileReference; lastKnownFileType = sourcecode.swift; path = SentenceClozeViewModel.swift; sourceTree = "<group>"; };
		D00A72EE2BFDEC5A0064F325 /* NoCardView.xib */ = {isa = PBXFileReference; lastKnownFileType = file.xib; path = NoCardView.xib; sourceTree = "<group>"; };
		D00A72F02BFDEDA00064F325 /* NoCardView.swift */ = {isa = PBXFileReference; lastKnownFileType = sourcecode.swift; path = NoCardView.swift; sourceTree = "<group>"; };
		D020A4EB2BB9D90500CA5CAF /* CustomCell.swift */ = {isa = PBXFileReference; lastKnownFileType = sourcecode.swift; path = CustomCell.swift; sourceTree = "<group>"; };
		D020A4ED2BB9DA3C00CA5CAF /* Word.swift */ = {isa = PBXFileReference; lastKnownFileType = sourcecode.swift; path = Word.swift; sourceTree = "<group>"; };
		D020A4EF2BB9DA6000CA5CAF /* Article.swift */ = {isa = PBXFileReference; lastKnownFileType = sourcecode.swift; path = Article.swift; sourceTree = "<group>"; };
		D020A4F12BB9DE0D00CA5CAF /* WordTextField.swift */ = {isa = PBXFileReference; lastKnownFileType = sourcecode.swift; path = WordTextField.swift; sourceTree = "<group>"; };
		D02E46F62C272CC500418781 /* UserDefaultsManager.swift */ = {isa = PBXFileReference; lastKnownFileType = sourcecode.swift; path = UserDefaultsManager.swift; sourceTree = "<group>"; };
		D03107CB2C16EE6200EEF772 /* CardInformationViewController.swift */ = {isa = PBXFileReference; lastKnownFileType = sourcecode.swift; path = CardInformationViewController.swift; sourceTree = "<group>"; };
		D03107D12C16F2AA00EEF772 /* LearningRecordCell.swift */ = {isa = PBXFileReference; lastKnownFileType = sourcecode.swift; path = LearningRecordCell.swift; sourceTree = "<group>"; };
		D03107D22C16F2AA00EEF772 /* LearningRecordCell.xib */ = {isa = PBXFileReference; lastKnownFileType = file.xib; path = LearningRecordCell.xib; sourceTree = "<group>"; };
		D032145A2BD63C2200512263 /* Preferences.swift */ = {isa = PBXFileReference; lastKnownFileType = sourcecode.swift; path = Preferences.swift; sourceTree = "<group>"; };
		D04EB7592BB66EE7009E3A41 /* Vocabulary.swift */ = {isa = PBXFileReference; lastKnownFileType = sourcecode.swift; path = Vocabulary.swift; sourceTree = "<group>"; };
		D04EB75B2BB66EEF009E3A41 /* Card.swift */ = {isa = PBXFileReference; lastKnownFileType = sourcecode.swift; path = Card.swift; sourceTree = "<group>"; };
		D04EB7612BB67116009E3A41 /* SentenceClozeViewController.swift */ = {isa = PBXFileReference; lastKnownFileType = sourcecode.swift; path = SentenceClozeViewController.swift; sourceTree = "<group>"; };
		D078D0972BC9242900F601B2 /* Note.swift */ = {isa = PBXFileReference; lastKnownFileType = sourcecode.swift; path = Note.swift; sourceTree = "<group>"; };
		D083CBE62C15A90700BE98DC /* UIResponder+Extension.swift */ = {isa = PBXFileReference; lastKnownFileType = sourcecode.swift; path = "UIResponder+Extension.swift"; sourceTree = "<group>"; };
		D09262B72C097D2400CA90BA /* CoreData.xcdatamodel */ = {isa = PBXFileReference; lastKnownFileType = wrapper.xcdatamodel; path = CoreData.xcdatamodel; sourceTree = "<group>"; };
		D09262B92C097ECD00CA90BA /* CoreDataManager.swift */ = {isa = PBXFileReference; lastKnownFileType = sourcecode.swift; path = CoreDataManager.swift; sourceTree = "<group>"; };
		D09262BC2C097F3D00CA90BA /* CDNoteType+Extension.swift */ = {isa = PBXFileReference; lastKnownFileType = sourcecode.swift; path = "CDNoteType+Extension.swift"; sourceTree = "<group>"; };
		D09262BE2C097FC600CA90BA /* CDLearningRecord+Extension.swift */ = {isa = PBXFileReference; lastKnownFileType = sourcecode.swift; path = "CDLearningRecord+Extension.swift"; sourceTree = "<group>"; };
		D09262C02C09808400CA90BA /* CDCard+Extension.swift */ = {isa = PBXFileReference; lastKnownFileType = sourcecode.swift; path = "CDCard+Extension.swift"; sourceTree = "<group>"; };
		D09262C22C098A4400CA90BA /* CDLapses+Extension.swift */ = {isa = PBXFileReference; lastKnownFileType = sourcecode.swift; path = "CDLapses+Extension.swift"; sourceTree = "<group>"; };
		D0A0643E2BFC8E78001AFE08 /* PronounciationView.swift */ = {isa = PBXFileReference; lastKnownFileType = sourcecode.swift; path = PronounciationView.swift; sourceTree = "<group>"; };
		D0A064402BFC913C001AFE08 /* PronounciationView.xib */ = {isa = PBXFileReference; lastKnownFileType = file.xib; path = PronounciationView.xib; sourceTree = "<group>"; };
		D0A064422BFC916C001AFE08 /* NibOwnerLoadable.swift */ = {isa = PBXFileReference; lastKnownFileType = sourcecode.swift; path = NibOwnerLoadable.swift; sourceTree = "<group>"; };
		D0A86A652C1B55390022DFDD /* ClozeViewControllerViewModel.swift */ = {isa = PBXFileReference; lastKnownFileType = sourcecode.swift; path = ClozeViewControllerViewModel.swift; sourceTree = "<group>"; };
		D0A86A672C1B5FA00022DFDD /* ContextCell.swift */ = {isa = PBXFileReference; lastKnownFileType = sourcecode.swift; path = ContextCell.swift; sourceTree = "<group>"; };
		D0B2E3F72C2AA53E0047B2F5 /* ClozeWord.swift */ = {isa = PBXFileReference; lastKnownFileType = sourcecode.swift; path = ClozeWord.swift; sourceTree = "<group>"; };
		D0B2E3FB2C2BB15F0047B2F5 /* CustomTextView.swift */ = {isa = PBXFileReference; lastKnownFileType = sourcecode.swift; path = CustomTextView.swift; sourceTree = "<group>"; };
		D0D6E0E82C1CB38500C1F95E /* ContextLabel.swift */ = {isa = PBXFileReference; lastKnownFileType = sourcecode.swift; path = ContextLabel.swift; sourceTree = "<group>"; };
		D0D6E0EA2C1DE92C00C1F95E /* ContextStackView.swift */ = {isa = PBXFileReference; lastKnownFileType = sourcecode.swift; path = ContextStackView.swift; sourceTree = "<group>"; };
		D0D8D5F52C0F0920001BB415 /* String+Extension.swift */ = {isa = PBXFileReference; lastKnownFileType = sourcecode.swift; path = "String+Extension.swift"; sourceTree = "<group>"; };
		D0DA5AC12BB66A05008644DC /* NewWord.app */ = {isa = PBXFileReference; explicitFileType = wrapper.application; includeInIndex = 0; path = NewWord.app; sourceTree = BUILT_PRODUCTS_DIR; };
		D0DA5AC42BB66A05008644DC /* AppDelegate.swift */ = {isa = PBXFileReference; lastKnownFileType = sourcecode.swift; path = AppDelegate.swift; sourceTree = "<group>"; };
		D0DA5AC62BB66A05008644DC /* SceneDelegate.swift */ = {isa = PBXFileReference; lastKnownFileType = sourcecode.swift; path = SceneDelegate.swift; sourceTree = "<group>"; };
		D0DA5AC82BB66A05008644DC /* MainViewController.swift */ = {isa = PBXFileReference; lastKnownFileType = sourcecode.swift; path = MainViewController.swift; sourceTree = "<group>"; };
		D0DA5ACB2BB66A05008644DC /* Base */ = {isa = PBXFileReference; lastKnownFileType = file.storyboard; name = Base; path = Base.lproj/Main.storyboard; sourceTree = "<group>"; };
		D0DA5ACD2BB66A07008644DC /* Assets.xcassets */ = {isa = PBXFileReference; lastKnownFileType = folder.assetcatalog; path = Assets.xcassets; sourceTree = "<group>"; };
		D0DA5AD02BB66A07008644DC /* Base */ = {isa = PBXFileReference; lastKnownFileType = file.storyboard; name = Base; path = Base.lproj/LaunchScreen.storyboard; sourceTree = "<group>"; };
		D0DA5AD22BB66A07008644DC /* Info.plist */ = {isa = PBXFileReference; lastKnownFileType = text.plist.xml; path = Info.plist; sourceTree = "<group>"; };
		D0E8848A2BC93C3600C78B97 /* NoteType.swift */ = {isa = PBXFileReference; lastKnownFileType = sourcecode.swift; path = NoteType.swift; sourceTree = "<group>"; };
		D0E8848C2BC93CB800C78B97 /* Deck.swift */ = {isa = PBXFileReference; lastKnownFileType = sourcecode.swift; path = Deck.swift; sourceTree = "<group>"; };
/* End PBXFileReference section */

/* Begin PBXFrameworksBuildPhase section */
		D0DA5ABE2BB66A05008644DC /* Frameworks */ = {
			isa = PBXFrameworksBuildPhase;
			buildActionMask = 2147483647;
			files = (
			);
			runOnlyForDeploymentPostprocessing = 0;
		};
/* End PBXFrameworksBuildPhase section */

/* Begin PBXGroup section */
		2AA328C02BEDC3ED001D83C2 /* DataManager */ = {
			isa = PBXGroup;
			children = (
				2AE025F92BF4AB60006EC021 /* DataManager.swift */,
				2AA328C72BEDF509001D83C2 /* DeckManager.swift */,
				2AE025F32BF49686006EC021 /* CardManager.swift */,
				2AE025F52BF4983A006EC021 /* NoteManager.swift */,
			);
			path = DataManager;
			sourceTree = "<group>";
		};
		D0058CE72BBA713B00D2BB25 /* ViewModels */ = {
			isa = PBXGroup;
			children = (
				D0058CE82BBA714F00D2BB25 /* SentenceClozeViewModel.swift */,
				2A2176842C06AA75002ADE9A /* ShowCardsViewControllerViewModel.swift */,
				2A17DAF92C157C7F00919642 /* ClozeViewViewModel.swift */,
				D0A86A652C1B55390022DFDD /* ClozeViewControllerViewModel.swift */,
			);
			path = ViewModels;
			sourceTree = "<group>";
		};
		D020A4EA2BB9D8E700CA5CAF /* Views */ = {
			isa = PBXGroup;
			children = (
				2A791A6F2C10D29700C26FFB /* SearchCell.swift */,
				2A18E7B32BE74008005139C8 /* DeckCell.swift */,
				D020A4EB2BB9D90500CA5CAF /* CustomCell.swift */,
				D020A4F12BB9DE0D00CA5CAF /* WordTextField.swift */,
				D0A0643E2BFC8E78001AFE08 /* PronounciationView.swift */,
				D0A064402BFC913C001AFE08 /* PronounciationView.xib */,
				2AD2D9A82BF5AE1900AB02D0 /* SentenceClozeView.swift */,
				2AB8CC0A2BF5AA1D00BFFD4A /* SentenceClozeView.xib */,
				D00A72F02BFDEDA00064F325 /* NoCardView.swift */,
				D00A72EE2BFDEC5A0064F325 /* NoCardView.xib */,
				2A791A6D2C0EF1FA00C26FFB /* ContextRevisionInputAccessoryView.swift */,
				2A791A6B2C0EF1D100C26FFB /* ContextRevisionInputAccessoryView.xib */,
				2A17DAF72C1579E400919642 /* ClozeView.swift */,
				2A17DAF52C1579D700919642 /* ClozeView.xib */,
				2A17DAFD2C158C5A00919642 /* InputAccessoryView.swift */,
				2A17DAFB2C158C3B00919642 /* InputAccessoryView.xib */,
				D03107D12C16F2AA00EEF772 /* LearningRecordCell.swift */,
				D03107D22C16F2AA00EEF772 /* LearningRecordCell.xib */,
				D0D6E0E82C1CB38500C1F95E /* ContextLabel.swift */,
				D0D6E0EA2C1DE92C00C1F95E /* ContextStackView.swift */,
				D0A86A672C1B5FA00022DFDD /* ContextCell.swift */,
				D0B2E3FB2C2BB15F0047B2F5 /* CustomTextView.swift */,
			);
			path = Views;
			sourceTree = "<group>";
		};
		D04EB7582BB66ED5009E3A41 /* Models */ = {
			isa = PBXGroup;
			children = (
				D0B2E3F72C2AA53E0047B2F5 /* ClozeWord.swift */,
				D04EB7592BB66EE7009E3A41 /* Vocabulary.swift */,
				D0E8848C2BC93CB800C78B97 /* Deck.swift */,
				D04EB75B2BB66EEF009E3A41 /* Card.swift */,
				D078D0972BC9242900F601B2 /* Note.swift */,
				D0E8848A2BC93C3600C78B97 /* NoteType.swift */,
				D0058CE52BBA6E6D00D2BB25 /* Sentence.swift */,
				D020A4ED2BB9DA3C00CA5CAF /* Word.swift */,
				D020A4EF2BB9DA6000CA5CAF /* Article.swift */,
				2A74CDE32BCA86EC00F2B8AB /* LearningRecord.swift */,
				D09262BB2C097F2A00CA90BA /* CoreData */,
			);
			path = Models;
			sourceTree = "<group>";
		};
		D04EB75F2BB670D3009E3A41 /* Controllers */ = {
			isa = PBXGroup;
			children = (
				2AE025F72BF49C6F006EC021 /* notes.json */,
				D0DA5ACA2BB66A05008644DC /* Main.storyboard */,
				D0DA5AC82BB66A05008644DC /* MainViewController.swift */,
				2A38F8BE2BE48F47003F058F /* ReviewViewController.swift */,
				2A38F8C02BE48F88003F058F /* ExploreViewController.swift */,
				2A38F8C22BE48FB2003F058F /* SearchViewController.swift */,
				2A38F8C42BE48FD4003F058F /* SettingsViewController.swift */,
				2A9AFEAB2BE8AA140085766C /* RevisePresetViewController.swift */,
				2AB8CC022BF5887300BFFD4A /* ShowCardsViewController.swift */,
				2A7B6CCE2C0809FE0017BB5C /* ReviseDeckViewController.swift */,
				2A7B6CD62C081B8E0017BB5C /* ReviseNameViewController.swift */,
				2A5D7B052C0EEBA600B2F021 /* AddClozeViewController.swift */,
				D03107CB2C16EE6200EEF772 /* CardInformationViewController.swift */,
			);
			path = Controllers;
			sourceTree = "<group>";
		};
		D04EB7602BB670DD009E3A41 /* Utils */ = {
			isa = PBXGroup;
			children = (
				D04EB7612BB67116009E3A41 /* SentenceClozeViewController.swift */,
				D0DA5AC42BB66A05008644DC /* AppDelegate.swift */,
				D0DA5AC62BB66A05008644DC /* SceneDelegate.swift */,
				D0DA5ACD2BB66A07008644DC /* Assets.xcassets */,
				D0DA5ACF2BB66A07008644DC /* LaunchScreen.storyboard */,
				D032145A2BD63C2200512263 /* Preferences.swift */,
				D0A064422BFC916C001AFE08 /* NibOwnerLoadable.swift */,
				2A7B6CD02C080A900017BB5C /* StoryboardGenerated.swift */,
				2A7B6CD22C080B440017BB5C /* Constants.swift */,
				2A7B6CD42C0810030017BB5C /* NotificationName+Extension.swift */,
				D0D8D5F52C0F0920001BB415 /* String+Extension.swift */,
				D083CBE62C15A90700BE98DC /* UIResponder+Extension.swift */,
				D02E46F62C272CC500418781 /* UserDefaultsManager.swift */,
			);
			path = Utils;
			sourceTree = "<group>";
		};
		D09262BB2C097F2A00CA90BA /* CoreData */ = {
			isa = PBXGroup;
			children = (
				D09262B92C097ECD00CA90BA /* CoreDataManager.swift */,
				D09262C02C09808400CA90BA /* CDCard+Extension.swift */,
				D09262BE2C097FC600CA90BA /* CDLearningRecord+Extension.swift */,
				D09262BC2C097F3D00CA90BA /* CDNoteType+Extension.swift */,
				D09262C22C098A4400CA90BA /* CDLapses+Extension.swift */,
				2A5EFEF22C09C0450068672B /* CDWord+Extension.swift */,
				D09262B62C097D2400CA90BA /* DataModel.xcdatamodeld */,
			);
			path = CoreData;
			sourceTree = "<group>";
		};
		D0DA5AB82BB66A05008644DC = {
			isa = PBXGroup;
			children = (
				D0DA5AC32BB66A05008644DC /* NewWord */,
				D0DA5AC22BB66A05008644DC /* Products */,
			);
			sourceTree = "<group>";
		};
		D0DA5AC22BB66A05008644DC /* Products */ = {
			isa = PBXGroup;
			children = (
				D0DA5AC12BB66A05008644DC /* NewWord.app */,
			);
			name = Products;
			sourceTree = "<group>";
		};
		D0DA5AC32BB66A05008644DC /* NewWord */ = {
			isa = PBXGroup;
			children = (
				2AA328C02BEDC3ED001D83C2 /* DataManager */,
				D0058CE72BBA713B00D2BB25 /* ViewModels */,
				D04EB75F2BB670D3009E3A41 /* Controllers */,
				D04EB7582BB66ED5009E3A41 /* Models */,
				D020A4EA2BB9D8E700CA5CAF /* Views */,
				D04EB7602BB670DD009E3A41 /* Utils */,
				D0DA5AD22BB66A07008644DC /* Info.plist */,
			);
			path = NewWord;
			sourceTree = "<group>";
		};
/* End PBXGroup section */

/* Begin PBXNativeTarget section */
		D0DA5AC02BB66A05008644DC /* NewWord */ = {
			isa = PBXNativeTarget;
			buildConfigurationList = D0DA5AD52BB66A07008644DC /* Build configuration list for PBXNativeTarget "NewWord" */;
			buildPhases = (
				D0DA5ABD2BB66A05008644DC /* Sources */,
				D0DA5ABE2BB66A05008644DC /* Frameworks */,
				D0DA5ABF2BB66A05008644DC /* Resources */,
			);
			buildRules = (
			);
			dependencies = (
			);
			name = NewWord;
			productName = NewWord;
			productReference = D0DA5AC12BB66A05008644DC /* NewWord.app */;
			productType = "com.apple.product-type.application";
		};
/* End PBXNativeTarget section */

/* Begin PBXProject section */
		D0DA5AB92BB66A05008644DC /* Project object */ = {
			isa = PBXProject;
			attributes = {
				BuildIndependentTargetsInParallel = 1;
				LastSwiftUpdateCheck = 1530;
				LastUpgradeCheck = 1530;
				TargetAttributes = {
					D0DA5AC02BB66A05008644DC = {
						CreatedOnToolsVersion = 15.3;
					};
				};
			};
			buildConfigurationList = D0DA5ABC2BB66A05008644DC /* Build configuration list for PBXProject "NewWord" */;
			compatibilityVersion = "Xcode 14.0";
			developmentRegion = en;
			hasScannedForEncodings = 0;
			knownRegions = (
				en,
				Base,
			);
			mainGroup = D0DA5AB82BB66A05008644DC;
			productRefGroup = D0DA5AC22BB66A05008644DC /* Products */;
			projectDirPath = "";
			projectRoot = "";
			targets = (
				D0DA5AC02BB66A05008644DC /* NewWord */,
			);
		};
/* End PBXProject section */

/* Begin PBXResourcesBuildPhase section */
		D0DA5ABF2BB66A05008644DC /* Resources */ = {
			isa = PBXResourcesBuildPhase;
			buildActionMask = 2147483647;
			files = (
				D0DA5ACE2BB66A07008644DC /* Assets.xcassets in Resources */,
				2A17DAF62C1579D700919642 /* ClozeView.xib in Resources */,
				2A791A6C2C0EF1D100C26FFB /* ContextRevisionInputAccessoryView.xib in Resources */,
				2AB8CC0B2BF5AA1D00BFFD4A /* SentenceClozeView.xib in Resources */,
				D0DA5AD12BB66A07008644DC /* Base in Resources */,
				2AE025F82BF49C6F006EC021 /* notes.json in Resources */,
				2A17DAFC2C158C3B00919642 /* InputAccessoryView.xib in Resources */,
				D0A064412BFC913C001AFE08 /* PronounciationView.xib in Resources */,
				D00A72EF2BFDEC5A0064F325 /* NoCardView.xib in Resources */,
				D03107D32C16F2AA00EEF772 /* LearningRecordCell.xib in Resources */,
				D0DA5ACC2BB66A05008644DC /* Base in Resources */,
			);
			runOnlyForDeploymentPostprocessing = 0;
		};
/* End PBXResourcesBuildPhase section */

/* Begin PBXSourcesBuildPhase section */
		D0DA5ABD2BB66A05008644DC /* Sources */ = {
			isa = PBXSourcesBuildPhase;
			buildActionMask = 2147483647;
			files = (
				D0DA5AC92BB66A05008644DC /* MainViewController.swift in Sources */,
				2A791A702C10D29700C26FFB /* SearchCell.swift in Sources */,
				D0E8848B2BC93C3600C78B97 /* NoteType.swift in Sources */,
				2A7B6CD12C080A900017BB5C /* StoryboardGenerated.swift in Sources */,
				2A38F8C52BE48FD4003F058F /* SettingsViewController.swift in Sources */,
				2A5D7B062C0EEBA600B2F021 /* AddClozeViewController.swift in Sources */,
				2A791A6E2C0EF1FA00C26FFB /* ContextRevisionInputAccessoryView.swift in Sources */,
				D020A4EE2BB9DA3C00CA5CAF /* Word.swift in Sources */,
				D020A4F02BB9DA6000CA5CAF /* Article.swift in Sources */,
				2A7B6CCF2C0809FE0017BB5C /* ReviseDeckViewController.swift in Sources */,
				D04EB75A2BB66EE7009E3A41 /* Vocabulary.swift in Sources */,
				D04EB75C2BB66EEF009E3A41 /* Card.swift in Sources */,
				D0D6E0E92C1CB38500C1F95E /* ContextLabel.swift in Sources */,
				D032145B2BD63C2200512263 /* Preferences.swift in Sources */,
				2A18E7B42BE74008005139C8 /* DeckCell.swift in Sources */,
				D0A064432BFC916C001AFE08 /* NibOwnerLoadable.swift in Sources */,
				D0058CE92BBA714F00D2BB25 /* SentenceClozeViewModel.swift in Sources */,
				D09262BD2C097F3D00CA90BA /* CDNoteType+Extension.swift in Sources */,
				D0D8D5F62C0F0920001BB415 /* String+Extension.swift in Sources */,
				2A38F8BF2BE48F47003F058F /* ReviewViewController.swift in Sources */,
				2AA328C82BEDF509001D83C2 /* DeckManager.swift in Sources */,
				2A9AFEAC2BE8AA140085766C /* RevisePresetViewController.swift in Sources */,
				D04EB7622BB67116009E3A41 /* SentenceClozeViewController.swift in Sources */,
				2A38F8C32BE48FB2003F058F /* SearchViewController.swift in Sources */,
				D0058CE62BBA6E6D00D2BB25 /* Sentence.swift in Sources */,
				2A5EFEF32C09C0450068672B /* CDWord+Extension.swift in Sources */,
				D02E46F72C272CC500418781 /* UserDefaultsManager.swift in Sources */,
				2AE025FA2BF4AB60006EC021 /* DataManager.swift in Sources */,
				2A17DAFA2C157C7F00919642 /* ClozeViewViewModel.swift in Sources */,
				D0DA5AC52BB66A05008644DC /* AppDelegate.swift in Sources */,
				D09262C32C098A4400CA90BA /* CDLapses+Extension.swift in Sources */,
				D078D0982BC9242900F601B2 /* Note.swift in Sources */,
				D020A4F22BB9DE0D00CA5CAF /* WordTextField.swift in Sources */,
				D03107CC2C16EE6200EEF772 /* CardInformationViewController.swift in Sources */,
				2A7B6CD72C081B8E0017BB5C /* ReviseNameViewController.swift in Sources */,
				2A7B6CD52C0810030017BB5C /* NotificationName+Extension.swift in Sources */,
				D0B2E3F82C2AA53E0047B2F5 /* ClozeWord.swift in Sources */,
				2A38F8C12BE48F88003F058F /* ExploreViewController.swift in Sources */,
				2AE025F62BF4983A006EC021 /* NoteManager.swift in Sources */,
				D0D6E0EB2C1DE92C00C1F95E /* ContextStackView.swift in Sources */,
				2AD2D9A92BF5AE1900AB02D0 /* SentenceClozeView.swift in Sources */,
				2AB8CC032BF5887300BFFD4A /* ShowCardsViewController.swift in Sources */,
				D09262B82C097D2400CA90BA /* DataModel.xcdatamodeld in Sources */,
				2A2176852C06AA75002ADE9A /* ShowCardsViewControllerViewModel.swift in Sources */,
				D03107D42C16F2AA00EEF772 /* LearningRecordCell.swift in Sources */,
				D083CBE72C15A90700BE98DC /* UIResponder+Extension.swift in Sources */,
				D0E8848D2BC93CB800C78B97 /* Deck.swift in Sources */,
				D09262C12C09808400CA90BA /* CDCard+Extension.swift in Sources */,
				D020A4EC2BB9D90500CA5CAF /* CustomCell.swift in Sources */,
				2A17DAFE2C158C5A00919642 /* InputAccessoryView.swift in Sources */,
				2A74CDE42BCA86EC00F2B8AB /* LearningRecord.swift in Sources */,
				D0A0643F2BFC8E78001AFE08 /* PronounciationView.swift in Sources */,
				D0B2E3FC2C2BB15F0047B2F5 /* CustomTextView.swift in Sources */,
				D0A86A662C1B55390022DFDD /* ClozeViewControllerViewModel.swift in Sources */,
				D0A86A682C1B5FA00022DFDD /* ContextCell.swift in Sources */,
				D0DA5AC72BB66A05008644DC /* SceneDelegate.swift in Sources */,
				2A17DAF82C1579E400919642 /* ClozeView.swift in Sources */,
				D00A72F12BFDEDA00064F325 /* NoCardView.swift in Sources */,
				2AE025F42BF49686006EC021 /* CardManager.swift in Sources */,
				D09262BA2C097ECD00CA90BA /* CoreDataManager.swift in Sources */,
				D09262BF2C097FC600CA90BA /* CDLearningRecord+Extension.swift in Sources */,
				2A7B6CD32C080B440017BB5C /* Constants.swift in Sources */,
			);
			runOnlyForDeploymentPostprocessing = 0;
		};
/* End PBXSourcesBuildPhase section */

/* Begin PBXVariantGroup section */
		D0DA5ACA2BB66A05008644DC /* Main.storyboard */ = {
			isa = PBXVariantGroup;
			children = (
				D0DA5ACB2BB66A05008644DC /* Base */,
			);
			name = Main.storyboard;
			sourceTree = "<group>";
		};
		D0DA5ACF2BB66A07008644DC /* LaunchScreen.storyboard */ = {
			isa = PBXVariantGroup;
			children = (
				D0DA5AD02BB66A07008644DC /* Base */,
			);
			name = LaunchScreen.storyboard;
			sourceTree = "<group>";
		};
/* End PBXVariantGroup section */

/* Begin XCBuildConfiguration section */
		D0DA5AD32BB66A07008644DC /* Debug */ = {
			isa = XCBuildConfiguration;
			buildSettings = {
				ALWAYS_SEARCH_USER_PATHS = NO;
				ASSETCATALOG_COMPILER_GENERATE_SWIFT_ASSET_SYMBOL_EXTENSIONS = YES;
				CLANG_ANALYZER_NONNULL = YES;
				CLANG_ANALYZER_NUMBER_OBJECT_CONVERSION = YES_AGGRESSIVE;
				CLANG_CXX_LANGUAGE_STANDARD = "gnu++20";
				CLANG_ENABLE_MODULES = YES;
				CLANG_ENABLE_OBJC_ARC = YES;
				CLANG_ENABLE_OBJC_WEAK = YES;
				CLANG_WARN_BLOCK_CAPTURE_AUTORELEASING = YES;
				CLANG_WARN_BOOL_CONVERSION = YES;
				CLANG_WARN_COMMA = YES;
				CLANG_WARN_CONSTANT_CONVERSION = YES;
				CLANG_WARN_DEPRECATED_OBJC_IMPLEMENTATIONS = YES;
				CLANG_WARN_DIRECT_OBJC_ISA_USAGE = YES_ERROR;
				CLANG_WARN_DOCUMENTATION_COMMENTS = YES;
				CLANG_WARN_EMPTY_BODY = YES;
				CLANG_WARN_ENUM_CONVERSION = YES;
				CLANG_WARN_INFINITE_RECURSION = YES;
				CLANG_WARN_INT_CONVERSION = YES;
				CLANG_WARN_NON_LITERAL_NULL_CONVERSION = YES;
				CLANG_WARN_OBJC_IMPLICIT_RETAIN_SELF = YES;
				CLANG_WARN_OBJC_LITERAL_CONVERSION = YES;
				CLANG_WARN_OBJC_ROOT_CLASS = YES_ERROR;
				CLANG_WARN_QUOTED_INCLUDE_IN_FRAMEWORK_HEADER = YES;
				CLANG_WARN_RANGE_LOOP_ANALYSIS = YES;
				CLANG_WARN_STRICT_PROTOTYPES = YES;
				CLANG_WARN_SUSPICIOUS_MOVE = YES;
				CLANG_WARN_UNGUARDED_AVAILABILITY = YES_AGGRESSIVE;
				CLANG_WARN_UNREACHABLE_CODE = YES;
				CLANG_WARN__DUPLICATE_METHOD_MATCH = YES;
				COPY_PHASE_STRIP = NO;
				DEBUG_INFORMATION_FORMAT = dwarf;
				ENABLE_STRICT_OBJC_MSGSEND = YES;
				ENABLE_TESTABILITY = YES;
				ENABLE_USER_SCRIPT_SANDBOXING = YES;
				GCC_C_LANGUAGE_STANDARD = gnu17;
				GCC_DYNAMIC_NO_PIC = NO;
				GCC_NO_COMMON_BLOCKS = YES;
				GCC_OPTIMIZATION_LEVEL = 0;
				GCC_PREPROCESSOR_DEFINITIONS = (
					"DEBUG=1",
					"$(inherited)",
				);
				GCC_WARN_64_TO_32_BIT_CONVERSION = YES;
				GCC_WARN_ABOUT_RETURN_TYPE = YES_ERROR;
				GCC_WARN_UNDECLARED_SELECTOR = YES;
				GCC_WARN_UNINITIALIZED_AUTOS = YES_AGGRESSIVE;
				GCC_WARN_UNUSED_FUNCTION = YES;
				GCC_WARN_UNUSED_VARIABLE = YES;
				IPHONEOS_DEPLOYMENT_TARGET = 17.4;
				LOCALIZATION_PREFERS_STRING_CATALOGS = YES;
				MTL_ENABLE_DEBUG_INFO = INCLUDE_SOURCE;
				MTL_FAST_MATH = YES;
				ONLY_ACTIVE_ARCH = YES;
				SDKROOT = iphoneos;
				SWIFT_ACTIVE_COMPILATION_CONDITIONS = "DEBUG $(inherited)";
				SWIFT_OPTIMIZATION_LEVEL = "-Onone";
			};
			name = Debug;
		};
		D0DA5AD42BB66A07008644DC /* Release */ = {
			isa = XCBuildConfiguration;
			buildSettings = {
				ALWAYS_SEARCH_USER_PATHS = NO;
				ASSETCATALOG_COMPILER_GENERATE_SWIFT_ASSET_SYMBOL_EXTENSIONS = YES;
				CLANG_ANALYZER_NONNULL = YES;
				CLANG_ANALYZER_NUMBER_OBJECT_CONVERSION = YES_AGGRESSIVE;
				CLANG_CXX_LANGUAGE_STANDARD = "gnu++20";
				CLANG_ENABLE_MODULES = YES;
				CLANG_ENABLE_OBJC_ARC = YES;
				CLANG_ENABLE_OBJC_WEAK = YES;
				CLANG_WARN_BLOCK_CAPTURE_AUTORELEASING = YES;
				CLANG_WARN_BOOL_CONVERSION = YES;
				CLANG_WARN_COMMA = YES;
				CLANG_WARN_CONSTANT_CONVERSION = YES;
				CLANG_WARN_DEPRECATED_OBJC_IMPLEMENTATIONS = YES;
				CLANG_WARN_DIRECT_OBJC_ISA_USAGE = YES_ERROR;
				CLANG_WARN_DOCUMENTATION_COMMENTS = YES;
				CLANG_WARN_EMPTY_BODY = YES;
				CLANG_WARN_ENUM_CONVERSION = YES;
				CLANG_WARN_INFINITE_RECURSION = YES;
				CLANG_WARN_INT_CONVERSION = YES;
				CLANG_WARN_NON_LITERAL_NULL_CONVERSION = YES;
				CLANG_WARN_OBJC_IMPLICIT_RETAIN_SELF = YES;
				CLANG_WARN_OBJC_LITERAL_CONVERSION = YES;
				CLANG_WARN_OBJC_ROOT_CLASS = YES_ERROR;
				CLANG_WARN_QUOTED_INCLUDE_IN_FRAMEWORK_HEADER = YES;
				CLANG_WARN_RANGE_LOOP_ANALYSIS = YES;
				CLANG_WARN_STRICT_PROTOTYPES = YES;
				CLANG_WARN_SUSPICIOUS_MOVE = YES;
				CLANG_WARN_UNGUARDED_AVAILABILITY = YES_AGGRESSIVE;
				CLANG_WARN_UNREACHABLE_CODE = YES;
				CLANG_WARN__DUPLICATE_METHOD_MATCH = YES;
				COPY_PHASE_STRIP = NO;
				DEBUG_INFORMATION_FORMAT = "dwarf-with-dsym";
				ENABLE_NS_ASSERTIONS = NO;
				ENABLE_STRICT_OBJC_MSGSEND = YES;
				ENABLE_USER_SCRIPT_SANDBOXING = YES;
				GCC_C_LANGUAGE_STANDARD = gnu17;
				GCC_NO_COMMON_BLOCKS = YES;
				GCC_WARN_64_TO_32_BIT_CONVERSION = YES;
				GCC_WARN_ABOUT_RETURN_TYPE = YES_ERROR;
				GCC_WARN_UNDECLARED_SELECTOR = YES;
				GCC_WARN_UNINITIALIZED_AUTOS = YES_AGGRESSIVE;
				GCC_WARN_UNUSED_FUNCTION = YES;
				GCC_WARN_UNUSED_VARIABLE = YES;
				IPHONEOS_DEPLOYMENT_TARGET = 17.4;
				LOCALIZATION_PREFERS_STRING_CATALOGS = YES;
				MTL_ENABLE_DEBUG_INFO = NO;
				MTL_FAST_MATH = YES;
				SDKROOT = iphoneos;
				SWIFT_COMPILATION_MODE = wholemodule;
				VALIDATE_PRODUCT = YES;
			};
			name = Release;
		};
		D0DA5AD62BB66A07008644DC /* Debug */ = {
			isa = XCBuildConfiguration;
			buildSettings = {
				ASSETCATALOG_COMPILER_APPICON_NAME = AppIcon;
				ASSETCATALOG_COMPILER_GLOBAL_ACCENT_COLOR_NAME = AccentColor;
				CODE_SIGN_STYLE = Automatic;
				CURRENT_PROJECT_VERSION = 1;
				DEVELOPMENT_TEAM = 5H3B76C82P;
				GENERATE_INFOPLIST_FILE = YES;
				INFOPLIST_FILE = NewWord/Info.plist;
				INFOPLIST_KEY_UIApplicationSupportsIndirectInputEvents = YES;
				INFOPLIST_KEY_UILaunchStoryboardName = LaunchScreen;
				INFOPLIST_KEY_UIMainStoryboardFile = Main;
				INFOPLIST_KEY_UISupportedInterfaceOrientations_iPad = "UIInterfaceOrientationPortrait UIInterfaceOrientationPortraitUpsideDown UIInterfaceOrientationLandscapeLeft UIInterfaceOrientationLandscapeRight";
				INFOPLIST_KEY_UISupportedInterfaceOrientations_iPhone = "UIInterfaceOrientationPortrait UIInterfaceOrientationLandscapeLeft UIInterfaceOrientationLandscapeRight";
				IPHONEOS_DEPLOYMENT_TARGET = 17.0;
				LD_RUNPATH_SEARCH_PATHS = (
					"$(inherited)",
					"@executable_path/Frameworks",
				);
				MARKETING_VERSION = 1.0;
				PRODUCT_BUNDLE_IDENTIFIER = com.justin.NewWord1;
				PRODUCT_NAME = "$(TARGET_NAME)";
				SWIFT_EMIT_LOC_STRINGS = YES;
				SWIFT_VERSION = 5.0;
				TARGETED_DEVICE_FAMILY = "1,2";
			};
			name = Debug;
		};
		D0DA5AD72BB66A07008644DC /* Release */ = {
			isa = XCBuildConfiguration;
			buildSettings = {
				ASSETCATALOG_COMPILER_APPICON_NAME = AppIcon;
				ASSETCATALOG_COMPILER_GLOBAL_ACCENT_COLOR_NAME = AccentColor;
				CODE_SIGN_STYLE = Automatic;
				CURRENT_PROJECT_VERSION = 1;
				DEVELOPMENT_TEAM = 5H3B76C82P;
				GENERATE_INFOPLIST_FILE = YES;
				INFOPLIST_FILE = NewWord/Info.plist;
				INFOPLIST_KEY_UIApplicationSupportsIndirectInputEvents = YES;
				INFOPLIST_KEY_UILaunchStoryboardName = LaunchScreen;
				INFOPLIST_KEY_UIMainStoryboardFile = Main;
				INFOPLIST_KEY_UISupportedInterfaceOrientations_iPad = "UIInterfaceOrientationPortrait UIInterfaceOrientationPortraitUpsideDown UIInterfaceOrientationLandscapeLeft UIInterfaceOrientationLandscapeRight";
				INFOPLIST_KEY_UISupportedInterfaceOrientations_iPhone = "UIInterfaceOrientationPortrait UIInterfaceOrientationLandscapeLeft UIInterfaceOrientationLandscapeRight";
				IPHONEOS_DEPLOYMENT_TARGET = 17.0;
				LD_RUNPATH_SEARCH_PATHS = (
					"$(inherited)",
					"@executable_path/Frameworks",
				);
				MARKETING_VERSION = 1.0;
				PRODUCT_BUNDLE_IDENTIFIER = com.justin.NewWord1;
				PRODUCT_NAME = "$(TARGET_NAME)";
				SWIFT_EMIT_LOC_STRINGS = YES;
				SWIFT_VERSION = 5.0;
				TARGETED_DEVICE_FAMILY = "1,2";
			};
			name = Release;
		};
/* End XCBuildConfiguration section */

/* Begin XCConfigurationList section */
		D0DA5ABC2BB66A05008644DC /* Build configuration list for PBXProject "NewWord" */ = {
			isa = XCConfigurationList;
			buildConfigurations = (
				D0DA5AD32BB66A07008644DC /* Debug */,
				D0DA5AD42BB66A07008644DC /* Release */,
			);
			defaultConfigurationIsVisible = 0;
			defaultConfigurationName = Release;
		};
		D0DA5AD52BB66A07008644DC /* Build configuration list for PBXNativeTarget "NewWord" */ = {
			isa = XCConfigurationList;
			buildConfigurations = (
				D0DA5AD62BB66A07008644DC /* Debug */,
				D0DA5AD72BB66A07008644DC /* Release */,
			);
			defaultConfigurationIsVisible = 0;
			defaultConfigurationName = Release;
		};
/* End XCConfigurationList section */

/* Begin XCVersionGroup section */
		D09262B62C097D2400CA90BA /* DataModel.xcdatamodeld */ = {
			isa = XCVersionGroup;
			children = (
				D09262B72C097D2400CA90BA /* CoreData.xcdatamodel */,
			);
			currentVersion = D09262B72C097D2400CA90BA /* CoreData.xcdatamodel */;
			path = DataModel.xcdatamodeld;
			sourceTree = "<group>";
			versionGroupType = wrapper.xcdatamodel;
		};
/* End XCVersionGroup section */
	};
	rootObject = D0DA5AB92BB66A05008644DC /* Project object */;
}
